
Microsoft Visual Studio Solution File, Format Version 9.00
# Visual Studio 2005
Project("{8BC9CEB8-8B4A-11D0-8D11-00A0C91BC942}") = "BunnyBenchmark", "BunnyBenchmark\BunnyBenchmark.vcproj", "{C97F516C-5EFA-479A-A42A-B0AFEAF1E236}"
EndProject
Project("{8BC9CEB8-8B4A-11D0-8D11-00A0C91BC942}") = "HelloCollider", "HelloCollider\HelloCollider.vcproj", "{E2577A53-4812-1091-E37F-794832BA1DFE}"
EndProject
Project("{8BC9CEB8-8B4A-11D0-8D11-00A0C91BC942}") = "HelloMesh", "HelloMesh\HelloMesh.vcproj", "{3E151752-D431-5192-2E7D-4742826B1CDE}"
EndProject
Project("{8BC9CEB8-8B4A-11D0-8D11-00A0C91BC942}") = "HelloStaticSolver", "HelloStaticSolver\HelloStaticSolver.vcproj", "{2E053151-D333-4091-9D6D-54408A6610DD}"
EndProject
Project("{8BC9CEB8-8B4A-11D0-8D11-00A0C91BC942}") = "RealtimeRadiosity", "RealtimeRadiosity\RealtimeRadiosity.vcproj", "{A66C8AE0-F669-45B0-BEC4-0C7B9C0B1EF2}"
EndProject
Project("{8BC9CEB8-8B4A-11D0-8D11-00A0C91BC942}") = "PenumbraShadows", "PenumbraShadows\PenumbraShadows.vcproj", "{E86C82E4-AF66-BC30-0AC4-8B3CB1E9C0F3}"
EndProject
Project("{8BC9CEB8-8B4A-11D0-8D11-00A0C91BC942}") = "Lightmaps", "Lightmaps\Lightmaps.vcproj", "{C61A01E3-A561-65A1-EE22-2C3B4CAB2EFA}"
EndProject
Project("{8BC9CEB8-8B4A-11D0-8D11-00A0C91BC942}") = "Water", "Water\Water.vcproj", "{39E5E68E-2A16-AC52-1AA2-9B1C32E9A022}"
EndProject
Project("{8BC9CEB8-8B4A-11D0-8D11-00A0C91BC942}") = "AmbientOcclusion", "AmbientOcclusion\AmbientOcclusion.vcproj", "{161A11E3-A161-61A1-EE12-2C3B1CAB2E1A}"
EndProject
Project("{8BC9CEB8-8B4A-11D0-8D11-00A0C91BC942}") = "CPULightmaps", "CPULightmaps\CPULightmaps.vcproj", "{396A4522-9173-ABCD-23AA-91827364ABEE}"
EndProject
Global
	GlobalSection(SolutionConfigurationPlatforms) = preSolution
		Debug DLL|Win32 = Debug DLL|Win32
		Release DLL|Win32 = Release DLL|Win32
	EndGlobalSection
	GlobalSection(ProjectConfigurationPlatforms) = postSolution
		{C97F516C-5EFA-479A-A42A-B0AFEAF1E236}.Debug DLL|Win32.ActiveCfg = Debug DLL|Win32
		{C97F516C-5EFA-479A-A42A-B0AFEAF1E236}.Debug DLL|Win32.Build.0 = Debug DLL|Win32
		{C97F516C-5EFA-479A-A42A-B0AFEAF1E236}.Release DLL|Win32.ActiveCfg = Release DLL|Win32
		{C97F516C-5EFA-479A-A42A-B0AFEAF1E236}.Release DLL|Win32.Build.0 = Release DLL|Win32
		{E2577A53-4812-1091-E37F-794832BA1DFE}.Debug DLL|Win32.ActiveCfg = Debug DLL|Win32
		{E2577A53-4812-1091-E37F-794832BA1DFE}.Debug DLL|Win32.Build.0 = Debug DLL|Win32
		{E2577A53-4812-1091-E37F-794832BA1DFE}.Release DLL|Win32.ActiveCfg = Release DLL|Win32
		{E2577A53-4812-1091-E37F-794832BA1DFE}.Release DLL|Win32.Build.0 = Release DLL|Win32
		{3E151752-D431-5192-2E7D-4742826B1CDE}.Debug DLL|Win32.ActiveCfg = Debug DLL|Win32
		{3E151752-D431-5192-2E7D-4742826B1CDE}.Debug DLL|Win32.Build.0 = Debug DLL|Win32
		{3E151752-D431-5192-2E7D-4742826B1CDE}.Release DLL|Win32.ActiveCfg = Release DLL|Win32
		{3E151752-D431-5192-2E7D-4742826B1CDE}.Release DLL|Win32.Build.0 = Release DLL|Win32
		{2E053151-D333-4091-9D6D-54408A6610DD}.Debug DLL|Win32.ActiveCfg = Debug DLL|Win32
		{2E053151-D333-4091-9D6D-54408A6610DD}.Debug DLL|Win32.Build.0 = Debug DLL|Win32
		{2E053151-D333-4091-9D6D-54408A6610DD}.Release DLL|Win32.ActiveCfg = Release DLL|Win32
		{2E053151-D333-4091-9D6D-54408A6610DD}.Release DLL|Win32.Build.0 = Release DLL|Win32
		{A66C8AE0-F669-45B0-BEC4-0C7B9C0B1EF2}.Debug DLL|Win32.ActiveCfg = Debug DLL|Win32
		{A66C8AE0-F669-45B0-BEC4-0C7B9C0B1EF2}.Debug DLL|Win32.Build.0 = Debug DLL|Win32
		{A66C8AE0-F669-45B0-BEC4-0C7B9C0B1EF2}.Release DLL|Win32.ActiveCfg = Release DLL|Win32
		{A66C8AE0-F669-45B0-BEC4-0C7B9C0B1EF2}.Release DLL|Win32.Build.0 = Release DLL|Win32
		{E86C82E4-AF66-BC30-0AC4-8B3CB1E9C0F3}.Debug DLL|Win32.ActiveCfg = Debug DLL|Win32
		{E86C82E4-AF66-BC30-0AC4-8B3CB1E9C0F3}.Debug DLL|Win32.Build.0 = Debug DLL|Win32
		{E86C82E4-AF66-BC30-0AC4-8B3CB1E9C0F3}.Release DLL|Win32.ActiveCfg = Release DLL|Win32
		{E86C82E4-AF66-BC30-0AC4-8B3CB1E9C0F3}.Release DLL|Win32.Build.0 = Release DLL|Win32
		{C61A01E3-A561-65A1-EE22-2C3B4CAB2EFA}.Debug DLL|Win32.ActiveCfg = Debug DLL|Win32
		{C61A01E3-A561-65A1-EE22-2C3B4CAB2EFA}.Debug DLL|Win32.Build.0 = Debug DLL|Win32
		{C61A01E3-A561-65A1-EE22-2C3B4CAB2EFA}.Release DLL|Win32.ActiveCfg = Release DLL|Win32
		{C61A01E3-A561-65A1-EE22-2C3B4CAB2EFA}.Release DLL|Win32.Build.0 = Release DLL|Win32
		{39E5E68E-2A16-AC52-1AA2-9B1C32E9A022}.Debug DLL|Win32.ActiveCfg = Debug DLL|Win32
		{39E5E68E-2A16-AC52-1AA2-9B1C32E9A022}.Debug DLL|Win32.Build.0 = Debug DLL|Win32
		{39E5E68E-2A16-AC52-1AA2-9B1C32E9A022}.Release DLL|Win32.ActiveCfg = Release DLL|Win32
		{39E5E68E-2A16-AC52-1AA2-9B1C32E9A022}.Release DLL|Win32.Build.0 = Release DLL|Win32
		{161A11E3-A161-61A1-EE12-2C3B1CAB2E1A}.Debug DLL|Win32.ActiveCfg = Debug DLL|Win32
		{161A11E3-A161-61A1-EE12-2C3B1CAB2E1A}.Debug DLL|Win32.Build.0 = Debug DLL|Win32
		{161A11E3-A161-61A1-EE12-2C3B1CAB2E1A}.Release DLL|Win32.ActiveCfg = Release DLL|Win32
		{161A11E3-A161-61A1-EE12-2C3B1CAB2E1A}.Release DLL|Win32.Build.0 = Release DLL|Win32
		{396A4522-9173-ABCD-23AA-91827364ABEE}.Debug DLL|Win32.ActiveCfg = Debug DLL|Win32
		{396A4522-9173-ABCD-23AA-91827364ABEE}.Debug DLL|Win32.Build.0 = Debug DLL|Win32
		{396A4522-9173-ABCD-23AA-91827364ABEE}.Release DLL|Win32.ActiveCfg = Release DLL|Win32
		{396A4522-9173-ABCD-23AA-91827364ABEE}.Release DLL|Win32.Build.0 = Release DLL|Win32
	EndGlobalSection
	GlobalSection(SolutionProperties) = preSolution
		HideSolutionNode = FALSE
	EndGlobalSection
EndGlobal
