Microsoft Visual Studio Solution File, Format Version 8.00
Project("{8BC9CEB8-8B4A-11D0-8D11-00A0C91BC942}") = "LightsprintGL.vs2003", "LightsprintGL\LightsprintGL.vs2003.vcproj", "{2D2907C3-3E69-234A-306C-243C989A3411}"
	ProjectSection(ProjectDependencies) = postProject
	EndProjectSection
EndProject
Project("{8BC9CEB8-8B4A-11D0-8D11-00A0C91BC942}") = "PenumbraShadows.vs2003", "..\samples\PenumbraShadows\PenumbraShadows.vs2003.vcproj", "{E86C82E4-AF66-BC30-0AC4-8B3CB1E9C0F3}"
	ProjectSection(ProjectDependencies) = postProject
		{2D2907C3-3E69-234A-306C-243C989A3411} = {2D2907C3-3E69-234A-306C-243C989A3411}
	EndProjectSection
EndProject
Project("{8BC9CEB8-8B4A-11D0-8D11-00A0C91BC942}") = "RealtimeRadiosity.vs2003", "..\samples\RealtimeRadiosity\RealtimeRadiosity.vs2003.vcproj", "{A66C8AE0-F669-45B0-BEC4-0C7B9C0B1EF2}"
	ProjectSection(ProjectDependencies) = postProject
		{2D2907C3-3E69-234A-306C-243C989A3411} = {2D2907C3-3E69-234A-306C-243C989A3411}
	EndProjectSection
EndProject
Project("{8BC9CEB8-8B4A-11D0-8D11-00A0C91BC942}") = "Water.vs2003", "..\samples\Water\Water.vs2003.vcproj", "{39E5E68E-2A16-AC52-1AA2-9B1C32E9A022}"
	ProjectSection(ProjectDependencies) = postProject
		{2D2907C3-3E69-234A-306C-243C989A3411} = {2D2907C3-3E69-234A-306C-243C989A3411}
	EndProjectSection
EndProject
Global
	GlobalSection(SolutionConfiguration) = preSolution
		Debug DLL = Debug DLL
		Release DLL = Release DLL
	EndGlobalSection
	GlobalSection(ProjectConfiguration) = postSolution
		{2D2907C3-3E69-234A-306C-243C989A3411}.Debug DLL.ActiveCfg = Release DLL|Win32
		{2D2907C3-3E69-234A-306C-243C989A3411}.Debug DLL.Build.0 = Release DLL|Win32
		{2D2907C3-3E69-234A-306C-243C989A3411}.Release DLL.ActiveCfg = Release DLL|Win32
		{2D2907C3-3E69-234A-306C-243C989A3411}.Release DLL.Build.0 = Release DLL|Win32
		{E86C82E4-AF66-BC30-0AC4-8B3CB1E9C0F3}.Debug DLL.ActiveCfg = Debug DLL|Win32
		{E86C82E4-AF66-BC30-0AC4-8B3CB1E9C0F3}.Debug DLL.Build.0 = Debug DLL|Win32
		{E86C82E4-AF66-BC30-0AC4-8B3CB1E9C0F3}.Release DLL.ActiveCfg = Release DLL|Win32
		{E86C82E4-AF66-BC30-0AC4-8B3CB1E9C0F3}.Release DLL.Build.0 = Release DLL|Win32
		{A66C8AE0-F669-45B0-BEC4-0C7B9C0B1EF2}.Debug DLL.ActiveCfg = Debug DLL|Win32
		{A66C8AE0-F669-45B0-BEC4-0C7B9C0B1EF2}.Debug DLL.Build.0 = Debug DLL|Win32
		{A66C8AE0-F669-45B0-BEC4-0C7B9C0B1EF2}.Release DLL.ActiveCfg = Release DLL|Win32
		{A66C8AE0-F669-45B0-BEC4-0C7B9C0B1EF2}.Release DLL.Build.0 = Release DLL|Win32
		{39E5E68E-2A16-AC52-1AA2-9B1C32E9A022}.Debug DLL.ActiveCfg = Debug DLL|Win32
		{39E5E68E-2A16-AC52-1AA2-9B1C32E9A022}.Debug DLL.Build.0 = Debug DLL|Win32
		{39E5E68E-2A16-AC52-1AA2-9B1C32E9A022}.Release DLL.ActiveCfg = Release DLL|Win32
		{39E5E68E-2A16-AC52-1AA2-9B1C32E9A022}.Release DLL.Build.0 = Release DLL|Win32
	EndGlobalSection
	GlobalSection(ExtensibilityGlobals) = postSolution
	EndGlobalSection
	GlobalSection(ExtensibilityAddIns) = postSolution
	EndGlobalSection
	GlobalSection(SolutionConfigurationPlatforms) = preSolution
		Debug DLL|Win32 = Debug DLL|Win32
		Release DLL|Win32 = Release DLL|Win32
	EndGlobalSection
	GlobalSection(ProjectConfigurationPlatforms) = postSolution
		{259AA93C-416C-DAC2-3943-B73E93A91A4B}.Debug DLL|Win32.ActiveCfg = Debug DLL|Win32
		{259AA93C-416C-DAC2-3943-B73E93A91A4B}.Debug DLL|Win32.Build.0 = Debug DLL|Win32
		{259AA93C-416C-DAC2-3943-B73E93A91A4B}.Release DLL|Win32.ActiveCfg = Release DLL|Win32
		{259AA93C-416C-DAC2-3943-B73E93A91A4B}.Release DLL|Win32.Build.0 = Release DLL|Win32
		{2D2907C3-3E69-234A-306C-243C989A3411}.Debug DLL|Win32.ActiveCfg = Debug DLL|Win32
		{2D2907C3-3E69-234A-306C-243C989A3411}.Debug DLL|Win32.Build.0 = Debug DLL|Win32
		{2D2907C3-3E69-234A-306C-243C989A3411}.Release DLL|Win32.ActiveCfg = Release DLL|Win32
		{2D2907C3-3E69-234A-306C-243C989A3411}.Release DLL|Win32.Build.0 = Release DLL|Win32
		{E86C82E4-AF66-BC30-0AC4-8B3CB1E9C0F3}.Debug DLL|Win32.ActiveCfg = Debug DLL|Win32
		{E86C82E4-AF66-BC30-0AC4-8B3CB1E9C0F3}.Debug DLL|Win32.Build.0 = Debug DLL|Win32
		{E86C82E4-AF66-BC30-0AC4-8B3CB1E9C0F3}.Release DLL|Win32.ActiveCfg = Release DLL|Win32
		{E86C82E4-AF66-BC30-0AC4-8B3CB1E9C0F3}.Release DLL|Win32.Build.0 = Release DLL|Win32
		{A66C8AE0-F669-45B0-BEC4-0C7B9C0B1EF2}.Debug DLL|Win32.ActiveCfg = Debug DLL|Win32
		{A66C8AE0-F669-45B0-BEC4-0C7B9C0B1EF2}.Debug DLL|Win32.Build.0 = Debug DLL|Win32
		{A66C8AE0-F669-45B0-BEC4-0C7B9C0B1EF2}.Release DLL|Win32.ActiveCfg = Release DLL|Win32
		{A66C8AE0-F669-45B0-BEC4-0C7B9C0B1EF2}.Release DLL|Win32.Build.0 = Release DLL|Win32
		{C61A01E3-A561-65A1-EE22-2C3B4CAB2EFA}.Debug DLL|Win32.ActiveCfg = Debug DLL|Win32
		{C61A01E3-A561-65A1-EE22-2C3B4CAB2EFA}.Debug DLL|Win32.Build.0 = Debug DLL|Win32
		{C61A01E3-A561-65A1-EE22-2C3B4CAB2EFA}.Release DLL|Win32.ActiveCfg = Release DLL|Win32
		{C61A01E3-A561-65A1-EE22-2C3B4CAB2EFA}.Release DLL|Win32.Build.0 = Release DLL|Win32
		{39E5E68E-2A16-AC52-1AA2-9B1C32E9A022}.Debug DLL|Win32.ActiveCfg = Debug DLL|Win32
		{39E5E68E-2A16-AC52-1AA2-9B1C32E9A022}.Debug DLL|Win32.Build.0 = Debug DLL|Win32
		{39E5E68E-2A16-AC52-1AA2-9B1C32E9A022}.Release DLL|Win32.ActiveCfg = Release DLL|Win32
		{39E5E68E-2A16-AC52-1AA2-9B1C32E9A022}.Release DLL|Win32.Build.0 = Release DLL|Win32
		{161A11E3-A161-61A1-EE12-2C3B1CAB2E1A}.Debug DLL|Win32.ActiveCfg = Debug DLL|Win32
		{161A11E3-A161-61A1-EE12-2C3B1CAB2E1A}.Debug DLL|Win32.Build.0 = Debug DLL|Win32
		{161A11E3-A161-61A1-EE12-2C3B1CAB2E1A}.Release DLL|Win32.ActiveCfg = Release DLL|Win32
		{161A11E3-A161-61A1-EE12-2C3B1CAB2E1A}.Release DLL|Win32.Build.0 = Release DLL|Win32
		{396A4522-9173-ABCD-23AA-91827364ABEE}.Debug DLL|Win32.ActiveCfg = Debug DLL|Win32
		{396A4522-9173-ABCD-23AA-91827364ABEE}.Debug DLL|Win32.Build.0 = Debug DLL|Win32
		{396A4522-9173-ABCD-23AA-91827364ABEE}.Release DLL|Win32.ActiveCfg = Release DLL|Win32
		{396A4522-9173-ABCD-23AA-91827364ABEE}.Release DLL|Win32.Build.0 = Release DLL|Win32
	EndGlobalSection
	GlobalSection(SolutionProperties) = preSolution
		HideSolutionNode = FALSE
	EndGlobalSection
EndGlobal
