Microsoft Visual Studio Solution File, Format Version 10.00
# Visual Studio 2008
Project("{2150E333-8FDC-42A3-9474-1A3956D46DE8}") = "LightsprintCore samples", "LightsprintCore samples", "{0835826C-4BA7-43CD-8525-A2553DE5D2C3}"
EndProject
Project("{2150E333-8FDC-42A3-9474-1A3956D46DE8}") = "LightsprintGL samples", "LightsprintGL samples", "{EC64F9B1-68EC-40FB-AE66-CB39A0955585}"
EndProject
Project("{8BC9CEB8-8B4A-11D0-8D11-00A0C91BC942}") = "RSA.vs2008", "..\3rd\RSA\RSA.vs2008.vcproj", "{9AD0AFDC-4269-48F8-A8B1-F5A025FE3226}"
EndProject
Project("{8BC9CEB8-8B4A-11D0-8D11-00A0C91BC942}") = "FCSS.vs2008", "FCSS\FCSS.vs2008.vcproj", "{5A0A9769-EA99-4A20-BC0D-74F39FDCCA88}"
	ProjectSection(ProjectDependencies) = postProject
		{2D2907C3-3E69-234A-306C-243C989A3411} = {2D2907C3-3E69-234A-306C-243C989A3411}
	EndProjectSection
EndProject
Project("{8BC9CEB8-8B4A-11D0-8D11-00A0C91BC942}") = "LightsprintGL.vs2008", "LightsprintGL\LightsprintGL.vs2008.vcproj", "{2D2907C3-3E69-234A-306C-243C989A3411}"
	ProjectSection(ProjectDependencies) = postProject
		{A93C8C21-6C34-4BB2-46B3-7C8D93ED3A4A} = {A93C8C21-6C34-4BB2-46B3-7C8D93ED3A4A}
	EndProjectSection
EndProject
Project("{8BC9CEB8-8B4A-11D0-8D11-00A0C91BC942}") = "PenumbraShadows.vs2008", "..\samples\PenumbraShadows\PenumbraShadows.vs2008.vcproj", "{E86C82E4-AF66-BC30-0AC4-8B3CB1E9C0F3}"
	ProjectSection(ProjectDependencies) = postProject
		{2D2907C3-3E69-234A-306C-243C989A3411} = {2D2907C3-3E69-234A-306C-243C989A3411}
	EndProjectSection
EndProject
Project("{8BC9CEB8-8B4A-11D0-8D11-00A0C91BC942}") = "RealtimeRadiosity.vs2008", "..\samples\RealtimeRadiosity\RealtimeRadiosity.vs2008.vcproj", "{A66C8AE0-F669-45B0-BEC4-0C7B9C0B1EF2}"
	ProjectSection(ProjectDependencies) = postProject
		{2D2907C3-3E69-234A-306C-243C989A3411} = {2D2907C3-3E69-234A-306C-243C989A3411}
	EndProjectSection
EndProject
Project("{8BC9CEB8-8B4A-11D0-8D11-00A0C91BC942}") = "Lightmaps.vs2008", "..\samples\Lightmaps\Lightmaps.vs2008.vcproj", "{C61A01E3-A561-65A1-EE22-2C3B4CAB2EFA}"
	ProjectSection(ProjectDependencies) = postProject
		{2D2907C3-3E69-234A-306C-243C989A3411} = {2D2907C3-3E69-234A-306C-243C989A3411}
	EndProjectSection
EndProject
Project("{8BC9CEB8-8B4A-11D0-8D11-00A0C91BC942}") = "AmbientOcclusion.vs2008", "..\samples\AmbientOcclusion\AmbientOcclusion.vs2008.vcproj", "{161A11E3-A161-61A1-EE12-2C3B1CAB2E1A}"
	ProjectSection(ProjectDependencies) = postProject
		{2D2907C3-3E69-234A-306C-243C989A3411} = {2D2907C3-3E69-234A-306C-243C989A3411}
	EndProjectSection
EndProject
Project("{8BC9CEB8-8B4A-11D0-8D11-00A0C91BC942}") = "CPULightmaps.vs2008", "..\samples\CPULightmaps\CPULightmaps.vs2008.vcproj", "{396A4522-9173-ABCD-23AA-91827364ABEE}"
	ProjectSection(ProjectDependencies) = postProject
		{A93C8C21-6C34-4BB2-46B3-7C8D93ED3A4A} = {A93C8C21-6C34-4BB2-46B3-7C8D93ED3A4A}
	EndProjectSection
EndProject
Project("{8BC9CEB8-8B4A-11D0-8D11-00A0C91BC942}") = "BunnyBenchmark.vs2008", "..\samples\BunnyBenchmark\BunnyBenchmark.vs2008.vcproj", "{C97F516C-5EFA-479A-A42A-B0AFEAF1E236}"
	ProjectSection(ProjectDependencies) = postProject
		{A93C8C21-6C34-4BB2-46B3-7C8D93ED3A4A} = {A93C8C21-6C34-4BB2-46B3-7C8D93ED3A4A}
	EndProjectSection
EndProject
Project("{8BC9CEB8-8B4A-11D0-8D11-00A0C91BC942}") = "LightsprintCore.vs2008", "LightsprintCore\LightsprintCore.vs2008.vcproj", "{A93C8C21-6C34-4BB2-46B3-7C8D93ED3A4A}"
	ProjectSection(ProjectDependencies) = postProject
		{9AD0AFDC-4269-48F8-A8B1-F5A025FE3226} = {9AD0AFDC-4269-48F8-A8B1-F5A025FE3226}
	EndProjectSection
EndProject
Project("{8BC9CEB8-8B4A-11D0-8D11-00A0C91BC942}") = "HelloMesh.vs2008", "..\samples\HelloMesh\HelloMesh.vs2008.vcproj", "{3E151752-D431-5192-2E7D-4742826B1CDE}"
	ProjectSection(ProjectDependencies) = postProject
		{A93C8C21-6C34-4BB2-46B3-7C8D93ED3A4A} = {A93C8C21-6C34-4BB2-46B3-7C8D93ED3A4A}
	EndProjectSection
EndProject
Project("{8BC9CEB8-8B4A-11D0-8D11-00A0C91BC942}") = "HelloCollider.vs2008", "..\samples\HelloCollider\HelloCollider.vs2008.vcproj", "{E2577A53-4812-1091-E37F-794832BA1DFE}"
	ProjectSection(ProjectDependencies) = postProject
		{A93C8C21-6C34-4BB2-46B3-7C8D93ED3A4A} = {A93C8C21-6C34-4BB2-46B3-7C8D93ED3A4A}
	EndProjectSection
EndProject
Project("{8BC9CEB8-8B4A-11D0-8D11-00A0C91BC942}") = "MultiMeshCollider.vs2008", "..\samples\MultiMeshCollider\MultiMeshCollider.vs2008.vcproj", "{A227AA12-51AE-F012-A334-A2690FBC1DFA}"
	ProjectSection(ProjectDependencies) = postProject
		{A93C8C21-6C34-4BB2-46B3-7C8D93ED3A4A} = {A93C8C21-6C34-4BB2-46B3-7C8D93ED3A4A}
	EndProjectSection
EndProject
Project("{8BC9CEB8-8B4A-11D0-8D11-00A0C91BC942}") = "Lightsmark2007", "Lightsmark2007\Lightsmark2007.vcproj", "{3ABC0316-2C40-4CCA-8A70-C7D22CDA33FF}"
	ProjectSection(ProjectDependencies) = postProject
		{5A0A9769-EA99-4A20-BC0D-74F39FDCCA88} = {5A0A9769-EA99-4A20-BC0D-74F39FDCCA88}
	EndProjectSection
EndProject
Project("{8BC9CEB8-8B4A-11D0-8D11-00A0C91BC942}") = "RealtimeLights.vs2008", "..\samples\RealtimeLights\RealtimeLights.vs2008.vcproj", "{AFCEB39A-138F-36C2-60DA-3851702EF5C1}"
	ProjectSection(ProjectDependencies) = postProject
		{2D2907C3-3E69-234A-306C-243C989A3411} = {2D2907C3-3E69-234A-306C-243C989A3411}
	EndProjectSection
EndProject
Project("{8BC9CEB8-8B4A-11D0-8D11-00A0C91BC942}") = "SceneViewer.vs2008", "..\samples\SceneViewer\SceneViewer.vs2008.vcproj", "{2CA3701A-B342-AEF3-3B11-3B42CC2EFAAB}"
	ProjectSection(ProjectDependencies) = postProject
		{2D2907C3-3E69-234A-306C-243C989A3411} = {2D2907C3-3E69-234A-306C-243C989A3411}
	EndProjectSection
EndProject
Project("{8BC9CEB8-8B4A-11D0-8D11-00A0C91BC942}") = "win32dlg", "win32dlg\win32dlg.vcproj", "{69F52EF0-87B8-48C4-8F67-8F075ABA23C6}"
EndProject
Project("{8BC9CEB8-8B4A-11D0-8D11-00A0C91BC942}") = "MovingSun.vs2008", "..\samples\MovingSun\MovingSun.vs2008.vcproj", "{2691A4C3-6413-8964-A425-B51468532572}"
	ProjectSection(ProjectDependencies) = postProject
		{2D2907C3-3E69-234A-306C-243C989A3411} = {2D2907C3-3E69-234A-306C-243C989A3411}
	EndProjectSection
EndProject
Global
	GlobalSection(SolutionConfigurationPlatforms) = preSolution
		Debug DLL|Win32 = Debug DLL|Win32
		Debug DLL|x64 = Debug DLL|x64
		Debug static|Win32 = Debug static|Win32
		Debug static|x64 = Debug static|x64
		Release DLL|Win32 = Release DLL|Win32
		Release DLL|x64 = Release DLL|x64
		Release static|Win32 = Release static|Win32
		Release static|x64 = Release static|x64
	EndGlobalSection
	GlobalSection(ProjectConfigurationPlatforms) = postSolution
		{9AD0AFDC-4269-48F8-A8B1-F5A025FE3226}.Debug DLL|Win32.ActiveCfg = Debug static|Win32
		{9AD0AFDC-4269-48F8-A8B1-F5A025FE3226}.Debug DLL|x64.ActiveCfg = Debug static|x64
		{9AD0AFDC-4269-48F8-A8B1-F5A025FE3226}.Debug DLL|x64.Build.0 = Debug static|x64
		{9AD0AFDC-4269-48F8-A8B1-F5A025FE3226}.Debug static|Win32.ActiveCfg = Debug static|Win32
		{9AD0AFDC-4269-48F8-A8B1-F5A025FE3226}.Debug static|Win32.Build.0 = Debug static|Win32
		{9AD0AFDC-4269-48F8-A8B1-F5A025FE3226}.Debug static|x64.ActiveCfg = Debug static|x64
		{9AD0AFDC-4269-48F8-A8B1-F5A025FE3226}.Debug static|x64.Build.0 = Debug static|x64
		{9AD0AFDC-4269-48F8-A8B1-F5A025FE3226}.Release DLL|Win32.ActiveCfg = Release static|Win32
		{9AD0AFDC-4269-48F8-A8B1-F5A025FE3226}.Release DLL|Win32.Build.0 = Release static|Win32
		{9AD0AFDC-4269-48F8-A8B1-F5A025FE3226}.Release DLL|x64.ActiveCfg = Release static|x64
		{9AD0AFDC-4269-48F8-A8B1-F5A025FE3226}.Release DLL|x64.Build.0 = Release static|x64
		{9AD0AFDC-4269-48F8-A8B1-F5A025FE3226}.Release static|Win32.ActiveCfg = Release static|Win32
		{9AD0AFDC-4269-48F8-A8B1-F5A025FE3226}.Release static|Win32.Build.0 = Release static|Win32
		{9AD0AFDC-4269-48F8-A8B1-F5A025FE3226}.Release static|x64.ActiveCfg = Release static|x64
		{9AD0AFDC-4269-48F8-A8B1-F5A025FE3226}.Release static|x64.Build.0 = Release static|x64
		{5A0A9769-EA99-4A20-BC0D-74F39FDCCA88}.Debug DLL|Win32.ActiveCfg = Debug static|Win32
		{5A0A9769-EA99-4A20-BC0D-74F39FDCCA88}.Debug DLL|x64.ActiveCfg = Debug static|x64
		{5A0A9769-EA99-4A20-BC0D-74F39FDCCA88}.Debug static|Win32.ActiveCfg = Debug static|Win32
		{5A0A9769-EA99-4A20-BC0D-74F39FDCCA88}.Debug static|Win32.Build.0 = Debug static|Win32
		{5A0A9769-EA99-4A20-BC0D-74F39FDCCA88}.Debug static|x64.ActiveCfg = Debug static|x64
		{5A0A9769-EA99-4A20-BC0D-74F39FDCCA88}.Debug static|x64.Build.0 = Debug static|x64
		{5A0A9769-EA99-4A20-BC0D-74F39FDCCA88}.Release DLL|Win32.ActiveCfg = Release DLL|Win32
		{5A0A9769-EA99-4A20-BC0D-74F39FDCCA88}.Release DLL|x64.ActiveCfg = Release DLL|x64
		{5A0A9769-EA99-4A20-BC0D-74F39FDCCA88}.Release static|Win32.ActiveCfg = Release static|Win32
		{5A0A9769-EA99-4A20-BC0D-74F39FDCCA88}.Release static|Win32.Build.0 = Release static|Win32
		{5A0A9769-EA99-4A20-BC0D-74F39FDCCA88}.Release static|x64.ActiveCfg = Release static|x64
		{5A0A9769-EA99-4A20-BC0D-74F39FDCCA88}.Release static|x64.Build.0 = Release static|x64
		{2D2907C3-3E69-234A-306C-243C989A3411}.Debug DLL|Win32.ActiveCfg = Debug DLL|Win32
		{2D2907C3-3E69-234A-306C-243C989A3411}.Debug DLL|Win32.Build.0 = Debug DLL|Win32
		{2D2907C3-3E69-234A-306C-243C989A3411}.Debug DLL|x64.ActiveCfg = Debug DLL|x64
		{2D2907C3-3E69-234A-306C-243C989A3411}.Debug DLL|x64.Build.0 = Debug DLL|x64
		{2D2907C3-3E69-234A-306C-243C989A3411}.Debug static|Win32.ActiveCfg = Debug static|Win32
		{2D2907C3-3E69-234A-306C-243C989A3411}.Debug static|Win32.Build.0 = Debug static|Win32
		{2D2907C3-3E69-234A-306C-243C989A3411}.Debug static|x64.ActiveCfg = Debug static|x64
		{2D2907C3-3E69-234A-306C-243C989A3411}.Debug static|x64.Build.0 = Debug static|x64
		{2D2907C3-3E69-234A-306C-243C989A3411}.Release DLL|Win32.ActiveCfg = Release DLL|Win32
		{2D2907C3-3E69-234A-306C-243C989A3411}.Release DLL|Win32.Build.0 = Release DLL|Win32
		{2D2907C3-3E69-234A-306C-243C989A3411}.Release DLL|x64.ActiveCfg = Release DLL|x64
		{2D2907C3-3E69-234A-306C-243C989A3411}.Release DLL|x64.Build.0 = Release DLL|x64
		{2D2907C3-3E69-234A-306C-243C989A3411}.Release static|Win32.ActiveCfg = Release static|Win32
		{2D2907C3-3E69-234A-306C-243C989A3411}.Release static|Win32.Build.0 = Release static|Win32
		{2D2907C3-3E69-234A-306C-243C989A3411}.Release static|x64.ActiveCfg = Release static|x64
		{2D2907C3-3E69-234A-306C-243C989A3411}.Release static|x64.Build.0 = Release static|x64
		{E86C82E4-AF66-BC30-0AC4-8B3CB1E9C0F3}.Debug DLL|Win32.ActiveCfg = Debug DLL|Win32
		{E86C82E4-AF66-BC30-0AC4-8B3CB1E9C0F3}.Debug DLL|Win32.Build.0 = Debug DLL|Win32
		{E86C82E4-AF66-BC30-0AC4-8B3CB1E9C0F3}.Debug DLL|x64.ActiveCfg = Debug DLL|x64
		{E86C82E4-AF66-BC30-0AC4-8B3CB1E9C0F3}.Debug DLL|x64.Build.0 = Debug DLL|x64
		{E86C82E4-AF66-BC30-0AC4-8B3CB1E9C0F3}.Debug static|Win32.ActiveCfg = Debug static|Win32
		{E86C82E4-AF66-BC30-0AC4-8B3CB1E9C0F3}.Debug static|Win32.Build.0 = Debug static|Win32
		{E86C82E4-AF66-BC30-0AC4-8B3CB1E9C0F3}.Debug static|x64.ActiveCfg = Debug static|x64
		{E86C82E4-AF66-BC30-0AC4-8B3CB1E9C0F3}.Debug static|x64.Build.0 = Debug static|x64
		{E86C82E4-AF66-BC30-0AC4-8B3CB1E9C0F3}.Release DLL|Win32.ActiveCfg = Release DLL|Win32
		{E86C82E4-AF66-BC30-0AC4-8B3CB1E9C0F3}.Release DLL|Win32.Build.0 = Release DLL|Win32
		{E86C82E4-AF66-BC30-0AC4-8B3CB1E9C0F3}.Release DLL|x64.ActiveCfg = Release DLL|x64
		{E86C82E4-AF66-BC30-0AC4-8B3CB1E9C0F3}.Release DLL|x64.Build.0 = Release DLL|x64
		{E86C82E4-AF66-BC30-0AC4-8B3CB1E9C0F3}.Release static|Win32.ActiveCfg = Release static|Win32
		{E86C82E4-AF66-BC30-0AC4-8B3CB1E9C0F3}.Release static|Win32.Build.0 = Release static|Win32
		{E86C82E4-AF66-BC30-0AC4-8B3CB1E9C0F3}.Release static|x64.ActiveCfg = Release static|x64
		{E86C82E4-AF66-BC30-0AC4-8B3CB1E9C0F3}.Release static|x64.Build.0 = Release static|x64
		{A66C8AE0-F669-45B0-BEC4-0C7B9C0B1EF2}.Debug DLL|Win32.ActiveCfg = Debug DLL|Win32
		{A66C8AE0-F669-45B0-BEC4-0C7B9C0B1EF2}.Debug DLL|Win32.Build.0 = Debug DLL|Win32
		{A66C8AE0-F669-45B0-BEC4-0C7B9C0B1EF2}.Debug DLL|x64.ActiveCfg = Debug DLL|x64
		{A66C8AE0-F669-45B0-BEC4-0C7B9C0B1EF2}.Debug DLL|x64.Build.0 = Debug DLL|x64
		{A66C8AE0-F669-45B0-BEC4-0C7B9C0B1EF2}.Debug static|Win32.ActiveCfg = Debug static|Win32
		{A66C8AE0-F669-45B0-BEC4-0C7B9C0B1EF2}.Debug static|Win32.Build.0 = Debug static|Win32
		{A66C8AE0-F669-45B0-BEC4-0C7B9C0B1EF2}.Debug static|x64.ActiveCfg = Debug static|x64
		{A66C8AE0-F669-45B0-BEC4-0C7B9C0B1EF2}.Debug static|x64.Build.0 = Debug static|x64
		{A66C8AE0-F669-45B0-BEC4-0C7B9C0B1EF2}.Release DLL|Win32.ActiveCfg = Release DLL|Win32
		{A66C8AE0-F669-45B0-BEC4-0C7B9C0B1EF2}.Release DLL|Win32.Build.0 = Release DLL|Win32
		{A66C8AE0-F669-45B0-BEC4-0C7B9C0B1EF2}.Release DLL|x64.ActiveCfg = Release DLL|x64
		{A66C8AE0-F669-45B0-BEC4-0C7B9C0B1EF2}.Release DLL|x64.Build.0 = Release DLL|x64
		{A66C8AE0-F669-45B0-BEC4-0C7B9C0B1EF2}.Release static|Win32.ActiveCfg = Release static|Win32
		{A66C8AE0-F669-45B0-BEC4-0C7B9C0B1EF2}.Release static|Win32.Build.0 = Release static|Win32
		{A66C8AE0-F669-45B0-BEC4-0C7B9C0B1EF2}.Release static|x64.ActiveCfg = Release static|x64
		{A66C8AE0-F669-45B0-BEC4-0C7B9C0B1EF2}.Release static|x64.Build.0 = Release static|x64
		{C61A01E3-A561-65A1-EE22-2C3B4CAB2EFA}.Debug DLL|Win32.ActiveCfg = Debug DLL|Win32
		{C61A01E3-A561-65A1-EE22-2C3B4CAB2EFA}.Debug DLL|Win32.Build.0 = Debug DLL|Win32
		{C61A01E3-A561-65A1-EE22-2C3B4CAB2EFA}.Debug DLL|x64.ActiveCfg = Debug DLL|x64
		{C61A01E3-A561-65A1-EE22-2C3B4CAB2EFA}.Debug DLL|x64.Build.0 = Debug DLL|x64
		{C61A01E3-A561-65A1-EE22-2C3B4CAB2EFA}.Debug static|Win32.ActiveCfg = Debug static|Win32
		{C61A01E3-A561-65A1-EE22-2C3B4CAB2EFA}.Debug static|Win32.Build.0 = Debug static|Win32
		{C61A01E3-A561-65A1-EE22-2C3B4CAB2EFA}.Debug static|x64.ActiveCfg = Debug static|x64
		{C61A01E3-A561-65A1-EE22-2C3B4CAB2EFA}.Debug static|x64.Build.0 = Debug static|x64
		{C61A01E3-A561-65A1-EE22-2C3B4CAB2EFA}.Release DLL|Win32.ActiveCfg = Release DLL|Win32
		{C61A01E3-A561-65A1-EE22-2C3B4CAB2EFA}.Release DLL|Win32.Build.0 = Release DLL|Win32
		{C61A01E3-A561-65A1-EE22-2C3B4CAB2EFA}.Release DLL|x64.ActiveCfg = Release DLL|x64
		{C61A01E3-A561-65A1-EE22-2C3B4CAB2EFA}.Release DLL|x64.Build.0 = Release DLL|x64
		{C61A01E3-A561-65A1-EE22-2C3B4CAB2EFA}.Release static|Win32.ActiveCfg = Release static|Win32
		{C61A01E3-A561-65A1-EE22-2C3B4CAB2EFA}.Release static|Win32.Build.0 = Release static|Win32
		{C61A01E3-A561-65A1-EE22-2C3B4CAB2EFA}.Release static|x64.ActiveCfg = Release static|x64
		{C61A01E3-A561-65A1-EE22-2C3B4CAB2EFA}.Release static|x64.Build.0 = Release static|x64
		{161A11E3-A161-61A1-EE12-2C3B1CAB2E1A}.Debug DLL|Win32.ActiveCfg = Debug DLL|Win32
		{161A11E3-A161-61A1-EE12-2C3B1CAB2E1A}.Debug DLL|Win32.Build.0 = Debug DLL|Win32
		{161A11E3-A161-61A1-EE12-2C3B1CAB2E1A}.Debug DLL|x64.ActiveCfg = Debug DLL|x64
		{161A11E3-A161-61A1-EE12-2C3B1CAB2E1A}.Debug DLL|x64.Build.0 = Debug DLL|x64
		{161A11E3-A161-61A1-EE12-2C3B1CAB2E1A}.Debug static|Win32.ActiveCfg = Debug static|Win32
		{161A11E3-A161-61A1-EE12-2C3B1CAB2E1A}.Debug static|Win32.Build.0 = Debug static|Win32
		{161A11E3-A161-61A1-EE12-2C3B1CAB2E1A}.Debug static|x64.ActiveCfg = Debug static|x64
		{161A11E3-A161-61A1-EE12-2C3B1CAB2E1A}.Debug static|x64.Build.0 = Debug static|x64
		{161A11E3-A161-61A1-EE12-2C3B1CAB2E1A}.Release DLL|Win32.ActiveCfg = Release DLL|Win32
		{161A11E3-A161-61A1-EE12-2C3B1CAB2E1A}.Release DLL|Win32.Build.0 = Release DLL|Win32
		{161A11E3-A161-61A1-EE12-2C3B1CAB2E1A}.Release DLL|x64.ActiveCfg = Release DLL|x64
		{161A11E3-A161-61A1-EE12-2C3B1CAB2E1A}.Release DLL|x64.Build.0 = Release DLL|x64
		{161A11E3-A161-61A1-EE12-2C3B1CAB2E1A}.Release static|Win32.ActiveCfg = Release static|Win32
		{161A11E3-A161-61A1-EE12-2C3B1CAB2E1A}.Release static|Win32.Build.0 = Release static|Win32
		{161A11E3-A161-61A1-EE12-2C3B1CAB2E1A}.Release static|x64.ActiveCfg = Release static|x64
		{161A11E3-A161-61A1-EE12-2C3B1CAB2E1A}.Release static|x64.Build.0 = Release static|x64
		{396A4522-9173-ABCD-23AA-91827364ABEE}.Debug DLL|Win32.ActiveCfg = Debug DLL|Win32
		{396A4522-9173-ABCD-23AA-91827364ABEE}.Debug DLL|Win32.Build.0 = Debug DLL|Win32
		{396A4522-9173-ABCD-23AA-91827364ABEE}.Debug DLL|x64.ActiveCfg = Debug DLL|x64
		{396A4522-9173-ABCD-23AA-91827364ABEE}.Debug DLL|x64.Build.0 = Debug DLL|x64
		{396A4522-9173-ABCD-23AA-91827364ABEE}.Debug static|Win32.ActiveCfg = Debug static|Win32
		{396A4522-9173-ABCD-23AA-91827364ABEE}.Debug static|Win32.Build.0 = Debug static|Win32
		{396A4522-9173-ABCD-23AA-91827364ABEE}.Debug static|x64.ActiveCfg = Debug static|x64
		{396A4522-9173-ABCD-23AA-91827364ABEE}.Debug static|x64.Build.0 = Debug static|x64
		{396A4522-9173-ABCD-23AA-91827364ABEE}.Release DLL|Win32.ActiveCfg = Release DLL|Win32
		{396A4522-9173-ABCD-23AA-91827364ABEE}.Release DLL|Win32.Build.0 = Release DLL|Win32
		{396A4522-9173-ABCD-23AA-91827364ABEE}.Release DLL|x64.ActiveCfg = Release DLL|x64
		{396A4522-9173-ABCD-23AA-91827364ABEE}.Release DLL|x64.Build.0 = Release DLL|x64
		{396A4522-9173-ABCD-23AA-91827364ABEE}.Release static|Win32.ActiveCfg = Release static|Win32
		{396A4522-9173-ABCD-23AA-91827364ABEE}.Release static|Win32.Build.0 = Release static|Win32
		{396A4522-9173-ABCD-23AA-91827364ABEE}.Release static|x64.ActiveCfg = Release static|x64
		{396A4522-9173-ABCD-23AA-91827364ABEE}.Release static|x64.Build.0 = Release static|x64
		{C97F516C-5EFA-479A-A42A-B0AFEAF1E236}.Debug DLL|Win32.ActiveCfg = Debug DLL|Win32
		{C97F516C-5EFA-479A-A42A-B0AFEAF1E236}.Debug DLL|Win32.Build.0 = Debug DLL|Win32
		{C97F516C-5EFA-479A-A42A-B0AFEAF1E236}.Debug DLL|x64.ActiveCfg = Debug DLL|x64
		{C97F516C-5EFA-479A-A42A-B0AFEAF1E236}.Debug DLL|x64.Build.0 = Debug DLL|x64
		{C97F516C-5EFA-479A-A42A-B0AFEAF1E236}.Debug static|Win32.ActiveCfg = Debug static|Win32
		{C97F516C-5EFA-479A-A42A-B0AFEAF1E236}.Debug static|Win32.Build.0 = Debug static|Win32
		{C97F516C-5EFA-479A-A42A-B0AFEAF1E236}.Debug static|x64.ActiveCfg = Debug static|x64
		{C97F516C-5EFA-479A-A42A-B0AFEAF1E236}.Debug static|x64.Build.0 = Debug static|x64
		{C97F516C-5EFA-479A-A42A-B0AFEAF1E236}.Release DLL|Win32.ActiveCfg = Release DLL|Win32
		{C97F516C-5EFA-479A-A42A-B0AFEAF1E236}.Release DLL|Win32.Build.0 = Release DLL|Win32
		{C97F516C-5EFA-479A-A42A-B0AFEAF1E236}.Release DLL|x64.ActiveCfg = Release DLL|x64
		{C97F516C-5EFA-479A-A42A-B0AFEAF1E236}.Release DLL|x64.Build.0 = Release DLL|x64
		{C97F516C-5EFA-479A-A42A-B0AFEAF1E236}.Release static|Win32.ActiveCfg = Release static|Win32
		{C97F516C-5EFA-479A-A42A-B0AFEAF1E236}.Release static|Win32.Build.0 = Release static|Win32
		{C97F516C-5EFA-479A-A42A-B0AFEAF1E236}.Release static|x64.ActiveCfg = Release static|x64
		{C97F516C-5EFA-479A-A42A-B0AFEAF1E236}.Release static|x64.Build.0 = Release static|x64
		{A93C8C21-6C34-4BB2-46B3-7C8D93ED3A4A}.Debug DLL|Win32.ActiveCfg = Debug DLL|Win32
		{A93C8C21-6C34-4BB2-46B3-7C8D93ED3A4A}.Debug DLL|Win32.Build.0 = Debug DLL|Win32
		{A93C8C21-6C34-4BB2-46B3-7C8D93ED3A4A}.Debug DLL|x64.ActiveCfg = Debug DLL|x64
		{A93C8C21-6C34-4BB2-46B3-7C8D93ED3A4A}.Debug DLL|x64.Build.0 = Debug DLL|x64
		{A93C8C21-6C34-4BB2-46B3-7C8D93ED3A4A}.Debug static|Win32.ActiveCfg = Debug static|Win32
		{A93C8C21-6C34-4BB2-46B3-7C8D93ED3A4A}.Debug static|Win32.Build.0 = Debug static|Win32
		{A93C8C21-6C34-4BB2-46B3-7C8D93ED3A4A}.Debug static|x64.ActiveCfg = Debug static|x64
		{A93C8C21-6C34-4BB2-46B3-7C8D93ED3A4A}.Debug static|x64.Build.0 = Debug static|x64
		{A93C8C21-6C34-4BB2-46B3-7C8D93ED3A4A}.Release DLL|Win32.ActiveCfg = Release DLL|Win32
		{A93C8C21-6C34-4BB2-46B3-7C8D93ED3A4A}.Release DLL|Win32.Build.0 = Release DLL|Win32
		{A93C8C21-6C34-4BB2-46B3-7C8D93ED3A4A}.Release DLL|x64.ActiveCfg = Release DLL|x64
		{A93C8C21-6C34-4BB2-46B3-7C8D93ED3A4A}.Release DLL|x64.Build.0 = Release DLL|x64
		{A93C8C21-6C34-4BB2-46B3-7C8D93ED3A4A}.Release static|Win32.ActiveCfg = Release static|Win32
		{A93C8C21-6C34-4BB2-46B3-7C8D93ED3A4A}.Release static|Win32.Build.0 = Release static|Win32
		{A93C8C21-6C34-4BB2-46B3-7C8D93ED3A4A}.Release static|x64.ActiveCfg = Release static|x64
		{A93C8C21-6C34-4BB2-46B3-7C8D93ED3A4A}.Release static|x64.Build.0 = Release static|x64
		{3E151752-D431-5192-2E7D-4742826B1CDE}.Debug DLL|Win32.ActiveCfg = Debug DLL|Win32
		{3E151752-D431-5192-2E7D-4742826B1CDE}.Debug DLL|Win32.Build.0 = Debug DLL|Win32
		{3E151752-D431-5192-2E7D-4742826B1CDE}.Debug DLL|x64.ActiveCfg = Debug DLL|x64
		{3E151752-D431-5192-2E7D-4742826B1CDE}.Debug DLL|x64.Build.0 = Debug DLL|x64
		{3E151752-D431-5192-2E7D-4742826B1CDE}.Debug static|Win32.ActiveCfg = Debug DLL|Win32
		{3E151752-D431-5192-2E7D-4742826B1CDE}.Debug static|x64.ActiveCfg = Debug DLL|x64
		{3E151752-D431-5192-2E7D-4742826B1CDE}.Release DLL|Win32.ActiveCfg = Release DLL|Win32
		{3E151752-D431-5192-2E7D-4742826B1CDE}.Release DLL|Win32.Build.0 = Release DLL|Win32
		{3E151752-D431-5192-2E7D-4742826B1CDE}.Release DLL|x64.ActiveCfg = Release DLL|x64
		{3E151752-D431-5192-2E7D-4742826B1CDE}.Release DLL|x64.Build.0 = Release DLL|x64
		{3E151752-D431-5192-2E7D-4742826B1CDE}.Release static|Win32.ActiveCfg = Release DLL|Win32
		{3E151752-D431-5192-2E7D-4742826B1CDE}.Release static|x64.ActiveCfg = Release DLL|x64
		{E2577A53-4812-1091-E37F-794832BA1DFE}.Debug DLL|Win32.ActiveCfg = Debug DLL|Win32
		{E2577A53-4812-1091-E37F-794832BA1DFE}.Debug DLL|Win32.Build.0 = Debug DLL|Win32
		{E2577A53-4812-1091-E37F-794832BA1DFE}.Debug DLL|x64.ActiveCfg = Debug DLL|x64
		{E2577A53-4812-1091-E37F-794832BA1DFE}.Debug DLL|x64.Build.0 = Debug DLL|x64
		{E2577A53-4812-1091-E37F-794832BA1DFE}.Debug static|Win32.ActiveCfg = Debug DLL|Win32
		{E2577A53-4812-1091-E37F-794832BA1DFE}.Debug static|x64.ActiveCfg = Debug DLL|x64
		{E2577A53-4812-1091-E37F-794832BA1DFE}.Release DLL|Win32.ActiveCfg = Release DLL|Win32
		{E2577A53-4812-1091-E37F-794832BA1DFE}.Release DLL|Win32.Build.0 = Release DLL|Win32
		{E2577A53-4812-1091-E37F-794832BA1DFE}.Release DLL|x64.ActiveCfg = Release DLL|x64
		{E2577A53-4812-1091-E37F-794832BA1DFE}.Release DLL|x64.Build.0 = Release DLL|x64
		{E2577A53-4812-1091-E37F-794832BA1DFE}.Release static|Win32.ActiveCfg = Release DLL|Win32
		{E2577A53-4812-1091-E37F-794832BA1DFE}.Release static|x64.ActiveCfg = Release DLL|x64
		{A227AA12-51AE-F012-A334-A2690FBC1DFA}.Debug DLL|Win32.ActiveCfg = Debug DLL|Win32
		{A227AA12-51AE-F012-A334-A2690FBC1DFA}.Debug DLL|Win32.Build.0 = Debug DLL|Win32
		{A227AA12-51AE-F012-A334-A2690FBC1DFA}.Debug DLL|x64.ActiveCfg = Debug DLL|x64
		{A227AA12-51AE-F012-A334-A2690FBC1DFA}.Debug DLL|x64.Build.0 = Debug DLL|x64
		{A227AA12-51AE-F012-A334-A2690FBC1DFA}.Debug static|Win32.ActiveCfg = Debug DLL|Win32
		{A227AA12-51AE-F012-A334-A2690FBC1DFA}.Debug static|x64.ActiveCfg = Debug DLL|x64
		{A227AA12-51AE-F012-A334-A2690FBC1DFA}.Release DLL|Win32.ActiveCfg = Release DLL|Win32
		{A227AA12-51AE-F012-A334-A2690FBC1DFA}.Release DLL|Win32.Build.0 = Release DLL|Win32
		{A227AA12-51AE-F012-A334-A2690FBC1DFA}.Release DLL|x64.ActiveCfg = Release DLL|x64
		{A227AA12-51AE-F012-A334-A2690FBC1DFA}.Release DLL|x64.Build.0 = Release DLL|x64
		{A227AA12-51AE-F012-A334-A2690FBC1DFA}.Release static|Win32.ActiveCfg = Release DLL|Win32
		{A227AA12-51AE-F012-A334-A2690FBC1DFA}.Release static|x64.ActiveCfg = Release DLL|x64
		{3ABC0316-2C40-4CCA-8A70-C7D22CDA33FF}.Debug DLL|Win32.ActiveCfg = Debug static|Win32
		{3ABC0316-2C40-4CCA-8A70-C7D22CDA33FF}.Debug DLL|x64.ActiveCfg = Debug static|Win32
		{3ABC0316-2C40-4CCA-8A70-C7D22CDA33FF}.Debug static|Win32.ActiveCfg = Debug static|Win32
		{3ABC0316-2C40-4CCA-8A70-C7D22CDA33FF}.Debug static|Win32.Build.0 = Debug static|Win32
		{3ABC0316-2C40-4CCA-8A70-C7D22CDA33FF}.Debug static|x64.ActiveCfg = Debug static|Win32
		{3ABC0316-2C40-4CCA-8A70-C7D22CDA33FF}.Release DLL|Win32.ActiveCfg = Release static|Win32
		{3ABC0316-2C40-4CCA-8A70-C7D22CDA33FF}.Release DLL|x64.ActiveCfg = Release static|Win32
		{3ABC0316-2C40-4CCA-8A70-C7D22CDA33FF}.Release static|Win32.ActiveCfg = Release static|Win32
		{3ABC0316-2C40-4CCA-8A70-C7D22CDA33FF}.Release static|Win32.Build.0 = Release static|Win32
		{3ABC0316-2C40-4CCA-8A70-C7D22CDA33FF}.Release static|x64.ActiveCfg = Release static|Win32
		{AFCEB39A-138F-36C2-60DA-3851702EF5C1}.Debug DLL|Win32.ActiveCfg = Debug DLL|Win32
		{AFCEB39A-138F-36C2-60DA-3851702EF5C1}.Debug DLL|Win32.Build.0 = Debug DLL|Win32
		{AFCEB39A-138F-36C2-60DA-3851702EF5C1}.Debug DLL|x64.ActiveCfg = Debug DLL|x64
		{AFCEB39A-138F-36C2-60DA-3851702EF5C1}.Debug DLL|x64.Build.0 = Debug DLL|x64
		{AFCEB39A-138F-36C2-60DA-3851702EF5C1}.Debug static|Win32.ActiveCfg = Debug static|Win32
		{AFCEB39A-138F-36C2-60DA-3851702EF5C1}.Debug static|Win32.Build.0 = Debug static|Win32
		{AFCEB39A-138F-36C2-60DA-3851702EF5C1}.Debug static|x64.ActiveCfg = Debug static|x64
		{AFCEB39A-138F-36C2-60DA-3851702EF5C1}.Debug static|x64.Build.0 = Debug static|x64
		{AFCEB39A-138F-36C2-60DA-3851702EF5C1}.Release DLL|Win32.ActiveCfg = Release DLL|Win32
		{AFCEB39A-138F-36C2-60DA-3851702EF5C1}.Release DLL|Win32.Build.0 = Release DLL|Win32
		{AFCEB39A-138F-36C2-60DA-3851702EF5C1}.Release DLL|x64.ActiveCfg = Release DLL|x64
		{AFCEB39A-138F-36C2-60DA-3851702EF5C1}.Release DLL|x64.Build.0 = Release DLL|x64
		{AFCEB39A-138F-36C2-60DA-3851702EF5C1}.Release static|Win32.ActiveCfg = Release static|Win32
		{AFCEB39A-138F-36C2-60DA-3851702EF5C1}.Release static|Win32.Build.0 = Release static|Win32
		{AFCEB39A-138F-36C2-60DA-3851702EF5C1}.Release static|x64.ActiveCfg = Release static|x64
		{AFCEB39A-138F-36C2-60DA-3851702EF5C1}.Release static|x64.Build.0 = Release static|x64
		{2CA3701A-B342-AEF3-3B11-3B42CC2EFAAB}.Debug DLL|Win32.ActiveCfg = Debug DLL|Win32
		{2CA3701A-B342-AEF3-3B11-3B42CC2EFAAB}.Debug DLL|Win32.Build.0 = Debug DLL|Win32
		{2CA3701A-B342-AEF3-3B11-3B42CC2EFAAB}.Debug DLL|x64.ActiveCfg = Debug DLL|x64
		{2CA3701A-B342-AEF3-3B11-3B42CC2EFAAB}.Debug DLL|x64.Build.0 = Debug DLL|x64
		{2CA3701A-B342-AEF3-3B11-3B42CC2EFAAB}.Debug static|Win32.ActiveCfg = Debug static|Win32
		{2CA3701A-B342-AEF3-3B11-3B42CC2EFAAB}.Debug static|Win32.Build.0 = Debug static|Win32
		{2CA3701A-B342-AEF3-3B11-3B42CC2EFAAB}.Debug static|x64.ActiveCfg = Debug static|x64
		{2CA3701A-B342-AEF3-3B11-3B42CC2EFAAB}.Debug static|x64.Build.0 = Debug static|x64
		{2CA3701A-B342-AEF3-3B11-3B42CC2EFAAB}.Release DLL|Win32.ActiveCfg = Release DLL|Win32
		{2CA3701A-B342-AEF3-3B11-3B42CC2EFAAB}.Release DLL|Win32.Build.0 = Release DLL|Win32
		{2CA3701A-B342-AEF3-3B11-3B42CC2EFAAB}.Release DLL|x64.ActiveCfg = Release DLL|x64
		{2CA3701A-B342-AEF3-3B11-3B42CC2EFAAB}.Release DLL|x64.Build.0 = Release DLL|x64
		{2CA3701A-B342-AEF3-3B11-3B42CC2EFAAB}.Release static|Win32.ActiveCfg = Release static|Win32
		{2CA3701A-B342-AEF3-3B11-3B42CC2EFAAB}.Release static|Win32.Build.0 = Release static|Win32
		{2CA3701A-B342-AEF3-3B11-3B42CC2EFAAB}.Release static|x64.ActiveCfg = Release static|x64
		{2CA3701A-B342-AEF3-3B11-3B42CC2EFAAB}.Release static|x64.Build.0 = Release static|x64
		{69F52EF0-87B8-48C4-8F67-8F075ABA23C6}.Debug DLL|Win32.ActiveCfg = Debug|Win32
		{69F52EF0-87B8-48C4-8F67-8F075ABA23C6}.Debug DLL|Win32.Build.0 = Debug|Win32
		{69F52EF0-87B8-48C4-8F67-8F075ABA23C6}.Debug DLL|x64.ActiveCfg = Debug|Win32
		{69F52EF0-87B8-48C4-8F67-8F075ABA23C6}.Debug static|Win32.ActiveCfg = Debug|Win32
		{69F52EF0-87B8-48C4-8F67-8F075ABA23C6}.Debug static|Win32.Build.0 = Debug|Win32
		{69F52EF0-87B8-48C4-8F67-8F075ABA23C6}.Debug static|x64.ActiveCfg = Debug|Win32
		{69F52EF0-87B8-48C4-8F67-8F075ABA23C6}.Release DLL|Win32.ActiveCfg = Release|Win32
		{69F52EF0-87B8-48C4-8F67-8F075ABA23C6}.Release DLL|Win32.Build.0 = Release|Win32
		{69F52EF0-87B8-48C4-8F67-8F075ABA23C6}.Release DLL|x64.ActiveCfg = Release|Win32
		{69F52EF0-87B8-48C4-8F67-8F075ABA23C6}.Release static|Win32.ActiveCfg = Release|Win32
		{69F52EF0-87B8-48C4-8F67-8F075ABA23C6}.Release static|Win32.Build.0 = Release|Win32
		{69F52EF0-87B8-48C4-8F67-8F075ABA23C6}.Release static|x64.ActiveCfg = Release|Win32
		{2691A4C3-6413-8964-A425-B51468532572}.Debug DLL|Win32.ActiveCfg = Debug DLL|Win32
		{2691A4C3-6413-8964-A425-B51468532572}.Debug DLL|Win32.Build.0 = Debug DLL|Win32
		{2691A4C3-6413-8964-A425-B51468532572}.Debug DLL|x64.ActiveCfg = Debug DLL|x64
		{2691A4C3-6413-8964-A425-B51468532572}.Debug DLL|x64.Build.0 = Debug DLL|x64
		{2691A4C3-6413-8964-A425-B51468532572}.Debug static|Win32.ActiveCfg = Debug static|Win32
		{2691A4C3-6413-8964-A425-B51468532572}.Debug static|Win32.Build.0 = Debug static|Win32
		{2691A4C3-6413-8964-A425-B51468532572}.Debug static|x64.ActiveCfg = Debug static|x64
		{2691A4C3-6413-8964-A425-B51468532572}.Debug static|x64.Build.0 = Debug static|x64
		{2691A4C3-6413-8964-A425-B51468532572}.Release DLL|Win32.ActiveCfg = Release DLL|Win32
		{2691A4C3-6413-8964-A425-B51468532572}.Release DLL|Win32.Build.0 = Release DLL|Win32
		{2691A4C3-6413-8964-A425-B51468532572}.Release DLL|x64.ActiveCfg = Release DLL|x64
		{2691A4C3-6413-8964-A425-B51468532572}.Release DLL|x64.Build.0 = Release DLL|x64
		{2691A4C3-6413-8964-A425-B51468532572}.Release static|Win32.ActiveCfg = Release static|Win32
		{2691A4C3-6413-8964-A425-B51468532572}.Release static|Win32.Build.0 = Release static|Win32
		{2691A4C3-6413-8964-A425-B51468532572}.Release static|x64.ActiveCfg = Release static|x64
		{2691A4C3-6413-8964-A425-B51468532572}.Release static|x64.Build.0 = Release static|x64
	EndGlobalSection
	GlobalSection(SolutionProperties) = preSolution
		HideSolutionNode = FALSE
	EndGlobalSection
	GlobalSection(NestedProjects) = preSolution
		{396A4522-9173-ABCD-23AA-91827364ABEE} = {0835826C-4BA7-43CD-8525-A2553DE5D2C3}
		{C97F516C-5EFA-479A-A42A-B0AFEAF1E236} = {0835826C-4BA7-43CD-8525-A2553DE5D2C3}
		{3E151752-D431-5192-2E7D-4742826B1CDE} = {0835826C-4BA7-43CD-8525-A2553DE5D2C3}
		{E2577A53-4812-1091-E37F-794832BA1DFE} = {0835826C-4BA7-43CD-8525-A2553DE5D2C3}
		{A227AA12-51AE-F012-A334-A2690FBC1DFA} = {0835826C-4BA7-43CD-8525-A2553DE5D2C3}
		{E86C82E4-AF66-BC30-0AC4-8B3CB1E9C0F3} = {EC64F9B1-68EC-40FB-AE66-CB39A0955585}
		{A66C8AE0-F669-45B0-BEC4-0C7B9C0B1EF2} = {EC64F9B1-68EC-40FB-AE66-CB39A0955585}
		{C61A01E3-A561-65A1-EE22-2C3B4CAB2EFA} = {EC64F9B1-68EC-40FB-AE66-CB39A0955585}
		{161A11E3-A161-61A1-EE12-2C3B1CAB2E1A} = {EC64F9B1-68EC-40FB-AE66-CB39A0955585}
		{AFCEB39A-138F-36C2-60DA-3851702EF5C1} = {EC64F9B1-68EC-40FB-AE66-CB39A0955585}
		{2CA3701A-B342-AEF3-3B11-3B42CC2EFAAB} = {EC64F9B1-68EC-40FB-AE66-CB39A0955585}
		{2691A4C3-6413-8964-A425-B51468532572} = {EC64F9B1-68EC-40FB-AE66-CB39A0955585}
	EndGlobalSection
EndGlobal
