Microsoft Visual Studio Solution File, Format Version 9.00
# Visual Studio 2005
Project("{8BC9CEB8-8B4A-11D0-8D11-00A0C91BC942}") = "RSA.vs2005", "..\3rd\RSA\RSA.vs2005.vcproj", "{9AD0AFDC-4269-48F8-A8B1-F5A025FE3226}"
EndProject
Project("{8BC9CEB8-8B4A-11D0-8D11-00A0C91BC942}") = "FCSS.vs2005", "FCSS\FCSS.vs2005.vcproj", "{5A0A9769-EA99-4A20-BC0D-74F39FDCCA88}"
	ProjectSection(ProjectDependencies) = postProject
		{2D2907C3-3E69-234A-306C-243C989A3411} = {2D2907C3-3E69-234A-306C-243C989A3411}
		{43212345-3E69-234A-306C-243C989A3411} = {43212345-3E69-234A-306C-243C989A3411}
	EndProjectSection
EndProject
Project("{8BC9CEB8-8B4A-11D0-8D11-00A0C91BC942}") = "LightsprintGL.vs2005", "LightsprintGL\LightsprintGL.vs2005.vcproj", "{2D2907C3-3E69-234A-306C-243C989A3411}"
	ProjectSection(ProjectDependencies) = postProject
		{A93C8C21-6C34-4BB2-46B3-7C8D93ED3A4A} = {A93C8C21-6C34-4BB2-46B3-7C8D93ED3A4A}
	EndProjectSection
EndProject
Project("{8BC9CEB8-8B4A-11D0-8D11-00A0C91BC942}") = "PenumbraShadows.vs2005", "..\samples\PenumbraShadows\PenumbraShadows.vs2005.vcproj", "{E86C82E4-AF66-BC30-0AC4-8B3CB1E9C0F3}"
	ProjectSection(ProjectDependencies) = postProject
		{2D2907C3-3E69-234A-306C-243C989A3411} = {2D2907C3-3E69-234A-306C-243C989A3411}
		{43212345-3E69-234A-306C-243C989A3411} = {43212345-3E69-234A-306C-243C989A3411}
	EndProjectSection
EndProject
Project("{8BC9CEB8-8B4A-11D0-8D11-00A0C91BC942}") = "RealtimeRadiosity.vs2005", "..\samples\RealtimeRadiosity\RealtimeRadiosity.vs2005.vcproj", "{A66C8AE0-F669-45B0-BEC4-0C7B9C0B1EF2}"
	ProjectSection(ProjectDependencies) = postProject
		{2D2907C3-3E69-234A-306C-243C989A3411} = {2D2907C3-3E69-234A-306C-243C989A3411}
		{43212345-3E69-234A-306C-243C989A3411} = {43212345-3E69-234A-306C-243C989A3411}
	EndProjectSection
EndProject
Project("{8BC9CEB8-8B4A-11D0-8D11-00A0C91BC942}") = "Lightmaps.vs2005", "..\samples\Lightmaps\Lightmaps.vs2005.vcproj", "{C61A01E3-A561-65A1-EE22-2C3B4CAB2EFA}"
	ProjectSection(ProjectDependencies) = postProject
		{2D2907C3-3E69-234A-306C-243C989A3411} = {2D2907C3-3E69-234A-306C-243C989A3411}
		{43212345-3E69-234A-306C-243C989A3411} = {43212345-3E69-234A-306C-243C989A3411}
	EndProjectSection
EndProject
Project("{8BC9CEB8-8B4A-11D0-8D11-00A0C91BC942}") = "BuildLightmaps.vs2005", "..\samples\BuildLightmaps\BuildLightmaps.vs2005.vcproj", "{161A11E3-A161-61A1-EE12-2C3B1CAB2E1A}"
	ProjectSection(ProjectDependencies) = postProject
		{43212345-3E69-234A-306C-243C989A3411} = {43212345-3E69-234A-306C-243C989A3411}
		{2D2907C3-3E69-234A-306C-243C989A3411} = {2D2907C3-3E69-234A-306C-243C989A3411}
	EndProjectSection
EndProject
Project("{8BC9CEB8-8B4A-11D0-8D11-00A0C91BC942}") = "CPULightmaps.vs2005", "..\samples\CPULightmaps\CPULightmaps.vs2005.vcproj", "{396A4522-9173-ABCD-23AA-91827364ABEE}"
	ProjectSection(ProjectDependencies) = postProject
		{43212345-3E69-234A-306C-243C989A3411} = {43212345-3E69-234A-306C-243C989A3411}
		{2D2907C3-3E69-234A-306C-243C989A3411} = {2D2907C3-3E69-234A-306C-243C989A3411}
	EndProjectSection
EndProject
Project("{8BC9CEB8-8B4A-11D0-8D11-00A0C91BC942}") = "BunnyBenchmark.vs2005", "..\samples\BunnyBenchmark\BunnyBenchmark.vs2005.vcproj", "{C97F516C-5EFA-479A-A42A-B0AFEAF1E236}"
	ProjectSection(ProjectDependencies) = postProject
		{A93C8C21-6C34-4BB2-46B3-7C8D93ED3A4A} = {A93C8C21-6C34-4BB2-46B3-7C8D93ED3A4A}
	EndProjectSection
EndProject
Project("{8BC9CEB8-8B4A-11D0-8D11-00A0C91BC942}") = "LightsprintCore.vs2005", "LightsprintCore\LightsprintCore.vs2005.vcproj", "{A93C8C21-6C34-4BB2-46B3-7C8D93ED3A4A}"
	ProjectSection(ProjectDependencies) = postProject
		{9AD0AFDC-4269-48F8-A8B1-F5A025FE3226} = {9AD0AFDC-4269-48F8-A8B1-F5A025FE3226}
	EndProjectSection
EndProject
Project("{8BC9CEB8-8B4A-11D0-8D11-00A0C91BC942}") = "HelloMesh.vs2005", "..\samples\HelloMesh\HelloMesh.vs2005.vcproj", "{3E151752-D431-5192-2E7D-4742826B1CDE}"
	ProjectSection(ProjectDependencies) = postProject
		{A93C8C21-6C34-4BB2-46B3-7C8D93ED3A4A} = {A93C8C21-6C34-4BB2-46B3-7C8D93ED3A4A}
	EndProjectSection
EndProject
Project("{8BC9CEB8-8B4A-11D0-8D11-00A0C91BC942}") = "HelloCollider.vs2005", "..\samples\HelloCollider\HelloCollider.vs2005.vcproj", "{E2577A53-4812-1091-E37F-794832BA1DFE}"
	ProjectSection(ProjectDependencies) = postProject
		{A93C8C21-6C34-4BB2-46B3-7C8D93ED3A4A} = {A93C8C21-6C34-4BB2-46B3-7C8D93ED3A4A}
	EndProjectSection
EndProject
Project("{8BC9CEB8-8B4A-11D0-8D11-00A0C91BC942}") = "MultiMeshCollider.vs2005", "..\samples\MultiMeshCollider\MultiMeshCollider.vs2005.vcproj", "{A227AA12-51AE-F012-A334-A2690FBC1DFA}"
	ProjectSection(ProjectDependencies) = postProject
		{43212345-3E69-234A-306C-243C989A3411} = {43212345-3E69-234A-306C-243C989A3411}
		{A93C8C21-6C34-4BB2-46B3-7C8D93ED3A4A} = {A93C8C21-6C34-4BB2-46B3-7C8D93ED3A4A}
	EndProjectSection
EndProject
Project("{2150E333-8FDC-42A3-9474-1A3956D46DE8}") = "LightsprintCore samples", "LightsprintCore samples", "{0835826C-4BA7-43CD-8525-A2553DE5D2C3}"
EndProject
Project("{2150E333-8FDC-42A3-9474-1A3956D46DE8}") = "LightsprintGL samples", "LightsprintGL samples", "{EC64F9B1-68EC-40FB-AE66-CB39A0955585}"
EndProject
Project("{8BC9CEB8-8B4A-11D0-8D11-00A0C91BC942}") = "RealtimeLights.vs2005", "..\samples\RealtimeLights\RealtimeLights.vs2005.vcproj", "{AFCEB39A-138F-36C2-60DA-3851702EF5C1}"
	ProjectSection(ProjectDependencies) = postProject
		{43212345-3E69-234A-306C-243C989A3411} = {43212345-3E69-234A-306C-243C989A3411}
		{2D2907C3-3E69-234A-306C-243C989A3411} = {2D2907C3-3E69-234A-306C-243C989A3411}
	EndProjectSection
EndProject
Project("{8BC9CEB8-8B4A-11D0-8D11-00A0C91BC942}") = "SceneViewer.vs2005", "..\samples\SceneViewer\SceneViewer.vs2005.vcproj", "{2CA3701A-B342-AEF3-3B11-3B42CC2EFAAB}"
	ProjectSection(ProjectDependencies) = postProject
		{43212345-3E69-234A-306C-243C989A3411} = {43212345-3E69-234A-306C-243C989A3411}
		{2D2907C3-3E69-234A-306C-243C989A3411} = {2D2907C3-3E69-234A-306C-243C989A3411}
	EndProjectSection
EndProject
Project("{8BC9CEB8-8B4A-11D0-8D11-00A0C91BC942}") = "MovingSun.vs2005", "..\samples\MovingSun\MovingSun.vs2005.vcproj", "{2691A4C3-6413-8964-A425-B51468532572}"
	ProjectSection(ProjectDependencies) = postProject
		{43212345-3E69-234A-306C-243C989A3411} = {43212345-3E69-234A-306C-243C989A3411}
		{2D2907C3-3E69-234A-306C-243C989A3411} = {2D2907C3-3E69-234A-306C-243C989A3411}
	EndProjectSection
EndProject
Project("{8BC9CEB8-8B4A-11D0-8D11-00A0C91BC942}") = "LightsprintIO.vs2005", "LightsprintIO\LightsprintIO.vs2005.vcproj", "{43212345-3E69-234A-306C-243C989A3411}"
	ProjectSection(ProjectDependencies) = postProject
		{A93C8C21-6C34-4BB2-46B3-7C8D93ED3A4A} = {A93C8C21-6C34-4BB2-46B3-7C8D93ED3A4A}
	EndProjectSection
EndProject
Project("{8BC9CEB8-8B4A-11D0-8D11-00A0C91BC942}") = "LightsprintGamebryoTool.vs2005", "LightsprintGamebryo\LightsprintGamebryoTool.vs2005.vcproj", "{59A31B52-A312-EE31-2345-1BAAC2EFA300}"
	ProjectSection(ProjectDependencies) = postProject
		{43212345-3E69-234A-306C-243C989A3411} = {43212345-3E69-234A-306C-243C989A3411}
		{2D2907C3-3E69-234A-306C-243C989A3411} = {2D2907C3-3E69-234A-306C-243C989A3411}
	EndProjectSection
EndProject
Project("{8BC9CEB8-8B4A-11D0-8D11-00A0C91BC942}") = "NiLightMapMaterial", "..\..\..\..\..\..\Emergent\Integrations\Gamebryo_GlobalIllumination_1.0.0\NiLightMapMaterial\Win32\VC80\NiLightMapMaterial.vcproj", "{A758C0CF-7E2B-4651-91D6-E3D1AD3922CE}"
EndProject
Project("{2150E333-8FDC-42A3-9474-1A3956D46DE8}") = "Gamebryo", "Gamebryo", "{F7CA7C3F-D07E-4EB7-AAFD-5C9E0ADD3887}"
EndProject
Project("{8BC9CEB8-8B4A-11D0-8D11-00A0C91BC942}") = "NiLightMapUtility", "..\..\..\..\..\..\Emergent\Integrations\Gamebryo_GlobalIllumination_1.0.0\NiLightMapUtility\Win32\VC80\NiLightMapUtility.vcproj", "{E379E4A4-2190-4DD7-BF66-E388B5AD921E}"
EndProject
Global
	GlobalSection(SolutionConfigurationPlatforms) = preSolution
		Debug DLL|Win32 = Debug DLL|Win32
		Debug static|Win32 = Debug static|Win32
		Debug|Win32 = Debug|Win32
		DebugDLL|Win32 = DebugDLL|Win32
		Release DLL|Win32 = Release DLL|Win32
		Release static|Win32 = Release static|Win32
		Release|Win32 = Release|Win32
		ReleaseDLL|Win32 = ReleaseDLL|Win32
		ShippingDLL|Win32 = ShippingDLL|Win32
	EndGlobalSection
	GlobalSection(ProjectConfigurationPlatforms) = postSolution
		{9AD0AFDC-4269-48F8-A8B1-F5A025FE3226}.Debug DLL|Win32.ActiveCfg = Debug static|Win32
		{9AD0AFDC-4269-48F8-A8B1-F5A025FE3226}.Debug static|Win32.ActiveCfg = Debug static|Win32
		{9AD0AFDC-4269-48F8-A8B1-F5A025FE3226}.Debug static|Win32.Build.0 = Debug static|Win32
		{9AD0AFDC-4269-48F8-A8B1-F5A025FE3226}.Debug|Win32.ActiveCfg = Debug static|Win32
		{9AD0AFDC-4269-48F8-A8B1-F5A025FE3226}.Debug|Win32.Build.0 = Debug static|Win32
		{9AD0AFDC-4269-48F8-A8B1-F5A025FE3226}.DebugDLL|Win32.ActiveCfg = Debug static|Win32
		{9AD0AFDC-4269-48F8-A8B1-F5A025FE3226}.DebugDLL|Win32.Build.0 = Debug static|Win32
		{9AD0AFDC-4269-48F8-A8B1-F5A025FE3226}.Release DLL|Win32.ActiveCfg = Release static|Win32
		{9AD0AFDC-4269-48F8-A8B1-F5A025FE3226}.Release DLL|Win32.Build.0 = Release static|Win32
		{9AD0AFDC-4269-48F8-A8B1-F5A025FE3226}.Release static|Win32.ActiveCfg = Release static|Win32
		{9AD0AFDC-4269-48F8-A8B1-F5A025FE3226}.Release static|Win32.Build.0 = Release static|Win32
		{9AD0AFDC-4269-48F8-A8B1-F5A025FE3226}.Release|Win32.ActiveCfg = Release static|Win32
		{9AD0AFDC-4269-48F8-A8B1-F5A025FE3226}.Release|Win32.Build.0 = Release static|Win32
		{9AD0AFDC-4269-48F8-A8B1-F5A025FE3226}.ReleaseDLL|Win32.ActiveCfg = Release static|Win32
		{9AD0AFDC-4269-48F8-A8B1-F5A025FE3226}.ReleaseDLL|Win32.Build.0 = Release static|Win32
		{9AD0AFDC-4269-48F8-A8B1-F5A025FE3226}.ShippingDLL|Win32.ActiveCfg = Release static|Win32
		{9AD0AFDC-4269-48F8-A8B1-F5A025FE3226}.ShippingDLL|Win32.Build.0 = Release static|Win32
		{5A0A9769-EA99-4A20-BC0D-74F39FDCCA88}.Debug DLL|Win32.ActiveCfg = Debug static|Win32
		{5A0A9769-EA99-4A20-BC0D-74F39FDCCA88}.Debug static|Win32.ActiveCfg = Debug static|Win32
		{5A0A9769-EA99-4A20-BC0D-74F39FDCCA88}.Debug static|Win32.Build.0 = Debug static|Win32
		{5A0A9769-EA99-4A20-BC0D-74F39FDCCA88}.Debug|Win32.ActiveCfg = Debug static|Win32
		{5A0A9769-EA99-4A20-BC0D-74F39FDCCA88}.Debug|Win32.Build.0 = Debug static|Win32
		{5A0A9769-EA99-4A20-BC0D-74F39FDCCA88}.DebugDLL|Win32.ActiveCfg = Debug static|Win32
		{5A0A9769-EA99-4A20-BC0D-74F39FDCCA88}.DebugDLL|Win32.Build.0 = Debug static|Win32
		{5A0A9769-EA99-4A20-BC0D-74F39FDCCA88}.Release DLL|Win32.ActiveCfg = Release DLL|Win32
		{5A0A9769-EA99-4A20-BC0D-74F39FDCCA88}.Release static|Win32.ActiveCfg = Release static|Win32
		{5A0A9769-EA99-4A20-BC0D-74F39FDCCA88}.Release static|Win32.Build.0 = Release static|Win32
		{5A0A9769-EA99-4A20-BC0D-74F39FDCCA88}.Release|Win32.ActiveCfg = Release DLL|Win32
		{5A0A9769-EA99-4A20-BC0D-74F39FDCCA88}.Release|Win32.Build.0 = Release DLL|Win32
		{5A0A9769-EA99-4A20-BC0D-74F39FDCCA88}.ReleaseDLL|Win32.ActiveCfg = Release DLL|Win32
		{5A0A9769-EA99-4A20-BC0D-74F39FDCCA88}.ReleaseDLL|Win32.Build.0 = Release DLL|Win32
		{5A0A9769-EA99-4A20-BC0D-74F39FDCCA88}.ShippingDLL|Win32.ActiveCfg = Release DLL|Win32
		{5A0A9769-EA99-4A20-BC0D-74F39FDCCA88}.ShippingDLL|Win32.Build.0 = Release DLL|Win32
		{2D2907C3-3E69-234A-306C-243C989A3411}.Debug DLL|Win32.ActiveCfg = Debug DLL|Win32
		{2D2907C3-3E69-234A-306C-243C989A3411}.Debug DLL|Win32.Build.0 = Debug DLL|Win32
		{2D2907C3-3E69-234A-306C-243C989A3411}.Debug static|Win32.ActiveCfg = Debug static|Win32
		{2D2907C3-3E69-234A-306C-243C989A3411}.Debug static|Win32.Build.0 = Debug static|Win32
		{2D2907C3-3E69-234A-306C-243C989A3411}.Debug|Win32.ActiveCfg = Debug DLL|Win32
		{2D2907C3-3E69-234A-306C-243C989A3411}.Debug|Win32.Build.0 = Debug DLL|Win32
		{2D2907C3-3E69-234A-306C-243C989A3411}.DebugDLL|Win32.ActiveCfg = Debug DLL|Win32
		{2D2907C3-3E69-234A-306C-243C989A3411}.DebugDLL|Win32.Build.0 = Debug DLL|Win32
		{2D2907C3-3E69-234A-306C-243C989A3411}.Release DLL|Win32.ActiveCfg = Release DLL|Win32
		{2D2907C3-3E69-234A-306C-243C989A3411}.Release DLL|Win32.Build.0 = Release DLL|Win32
		{2D2907C3-3E69-234A-306C-243C989A3411}.Release static|Win32.ActiveCfg = Release static|Win32
		{2D2907C3-3E69-234A-306C-243C989A3411}.Release static|Win32.Build.0 = Release static|Win32
		{2D2907C3-3E69-234A-306C-243C989A3411}.Release|Win32.ActiveCfg = Release DLL|Win32
		{2D2907C3-3E69-234A-306C-243C989A3411}.Release|Win32.Build.0 = Release DLL|Win32
		{2D2907C3-3E69-234A-306C-243C989A3411}.ReleaseDLL|Win32.ActiveCfg = Release DLL|Win32
		{2D2907C3-3E69-234A-306C-243C989A3411}.ReleaseDLL|Win32.Build.0 = Release DLL|Win32
		{2D2907C3-3E69-234A-306C-243C989A3411}.ShippingDLL|Win32.ActiveCfg = Debug DLL|Win32
		{2D2907C3-3E69-234A-306C-243C989A3411}.ShippingDLL|Win32.Build.0 = Debug DLL|Win32
		{E86C82E4-AF66-BC30-0AC4-8B3CB1E9C0F3}.Debug DLL|Win32.ActiveCfg = Debug DLL|Win32
		{E86C82E4-AF66-BC30-0AC4-8B3CB1E9C0F3}.Debug DLL|Win32.Build.0 = Debug DLL|Win32
		{E86C82E4-AF66-BC30-0AC4-8B3CB1E9C0F3}.Debug static|Win32.ActiveCfg = Debug static|Win32
		{E86C82E4-AF66-BC30-0AC4-8B3CB1E9C0F3}.Debug static|Win32.Build.0 = Debug static|Win32
		{E86C82E4-AF66-BC30-0AC4-8B3CB1E9C0F3}.Debug|Win32.ActiveCfg = Debug DLL|Win32
		{E86C82E4-AF66-BC30-0AC4-8B3CB1E9C0F3}.Debug|Win32.Build.0 = Debug DLL|Win32
		{E86C82E4-AF66-BC30-0AC4-8B3CB1E9C0F3}.DebugDLL|Win32.ActiveCfg = Debug DLL|Win32
		{E86C82E4-AF66-BC30-0AC4-8B3CB1E9C0F3}.DebugDLL|Win32.Build.0 = Debug DLL|Win32
		{E86C82E4-AF66-BC30-0AC4-8B3CB1E9C0F3}.Release DLL|Win32.ActiveCfg = Release DLL|Win32
		{E86C82E4-AF66-BC30-0AC4-8B3CB1E9C0F3}.Release DLL|Win32.Build.0 = Release DLL|Win32
		{E86C82E4-AF66-BC30-0AC4-8B3CB1E9C0F3}.Release static|Win32.ActiveCfg = Release static|Win32
		{E86C82E4-AF66-BC30-0AC4-8B3CB1E9C0F3}.Release static|Win32.Build.0 = Release static|Win32
		{E86C82E4-AF66-BC30-0AC4-8B3CB1E9C0F3}.Release|Win32.ActiveCfg = Release DLL|Win32
		{E86C82E4-AF66-BC30-0AC4-8B3CB1E9C0F3}.Release|Win32.Build.0 = Release DLL|Win32
		{E86C82E4-AF66-BC30-0AC4-8B3CB1E9C0F3}.ReleaseDLL|Win32.ActiveCfg = Release DLL|Win32
		{E86C82E4-AF66-BC30-0AC4-8B3CB1E9C0F3}.ReleaseDLL|Win32.Build.0 = Release DLL|Win32
		{E86C82E4-AF66-BC30-0AC4-8B3CB1E9C0F3}.ShippingDLL|Win32.ActiveCfg = Debug DLL|Win32
		{E86C82E4-AF66-BC30-0AC4-8B3CB1E9C0F3}.ShippingDLL|Win32.Build.0 = Debug DLL|Win32
		{A66C8AE0-F669-45B0-BEC4-0C7B9C0B1EF2}.Debug DLL|Win32.ActiveCfg = Debug DLL|Win32
		{A66C8AE0-F669-45B0-BEC4-0C7B9C0B1EF2}.Debug DLL|Win32.Build.0 = Debug DLL|Win32
		{A66C8AE0-F669-45B0-BEC4-0C7B9C0B1EF2}.Debug static|Win32.ActiveCfg = Debug static|Win32
		{A66C8AE0-F669-45B0-BEC4-0C7B9C0B1EF2}.Debug static|Win32.Build.0 = Debug static|Win32
		{A66C8AE0-F669-45B0-BEC4-0C7B9C0B1EF2}.Debug|Win32.ActiveCfg = Debug DLL|Win32
		{A66C8AE0-F669-45B0-BEC4-0C7B9C0B1EF2}.Debug|Win32.Build.0 = Debug DLL|Win32
		{A66C8AE0-F669-45B0-BEC4-0C7B9C0B1EF2}.DebugDLL|Win32.ActiveCfg = Debug DLL|Win32
		{A66C8AE0-F669-45B0-BEC4-0C7B9C0B1EF2}.DebugDLL|Win32.Build.0 = Debug DLL|Win32
		{A66C8AE0-F669-45B0-BEC4-0C7B9C0B1EF2}.Release DLL|Win32.ActiveCfg = Release DLL|Win32
		{A66C8AE0-F669-45B0-BEC4-0C7B9C0B1EF2}.Release DLL|Win32.Build.0 = Release DLL|Win32
		{A66C8AE0-F669-45B0-BEC4-0C7B9C0B1EF2}.Release static|Win32.ActiveCfg = Release static|Win32
		{A66C8AE0-F669-45B0-BEC4-0C7B9C0B1EF2}.Release static|Win32.Build.0 = Release static|Win32
		{A66C8AE0-F669-45B0-BEC4-0C7B9C0B1EF2}.Release|Win32.ActiveCfg = Release DLL|Win32
		{A66C8AE0-F669-45B0-BEC4-0C7B9C0B1EF2}.Release|Win32.Build.0 = Release DLL|Win32
		{A66C8AE0-F669-45B0-BEC4-0C7B9C0B1EF2}.ReleaseDLL|Win32.ActiveCfg = Release DLL|Win32
		{A66C8AE0-F669-45B0-BEC4-0C7B9C0B1EF2}.ReleaseDLL|Win32.Build.0 = Release DLL|Win32
		{A66C8AE0-F669-45B0-BEC4-0C7B9C0B1EF2}.ShippingDLL|Win32.ActiveCfg = Debug DLL|Win32
		{A66C8AE0-F669-45B0-BEC4-0C7B9C0B1EF2}.ShippingDLL|Win32.Build.0 = Debug DLL|Win32
		{C61A01E3-A561-65A1-EE22-2C3B4CAB2EFA}.Debug DLL|Win32.ActiveCfg = Debug DLL|Win32
		{C61A01E3-A561-65A1-EE22-2C3B4CAB2EFA}.Debug DLL|Win32.Build.0 = Debug DLL|Win32
		{C61A01E3-A561-65A1-EE22-2C3B4CAB2EFA}.Debug static|Win32.ActiveCfg = Debug static|Win32
		{C61A01E3-A561-65A1-EE22-2C3B4CAB2EFA}.Debug static|Win32.Build.0 = Debug static|Win32
		{C61A01E3-A561-65A1-EE22-2C3B4CAB2EFA}.Debug|Win32.ActiveCfg = Debug DLL|Win32
		{C61A01E3-A561-65A1-EE22-2C3B4CAB2EFA}.Debug|Win32.Build.0 = Debug DLL|Win32
		{C61A01E3-A561-65A1-EE22-2C3B4CAB2EFA}.DebugDLL|Win32.ActiveCfg = Debug DLL|Win32
		{C61A01E3-A561-65A1-EE22-2C3B4CAB2EFA}.DebugDLL|Win32.Build.0 = Debug DLL|Win32
		{C61A01E3-A561-65A1-EE22-2C3B4CAB2EFA}.Release DLL|Win32.ActiveCfg = Release DLL|Win32
		{C61A01E3-A561-65A1-EE22-2C3B4CAB2EFA}.Release DLL|Win32.Build.0 = Release DLL|Win32
		{C61A01E3-A561-65A1-EE22-2C3B4CAB2EFA}.Release static|Win32.ActiveCfg = Release static|Win32
		{C61A01E3-A561-65A1-EE22-2C3B4CAB2EFA}.Release static|Win32.Build.0 = Release static|Win32
		{C61A01E3-A561-65A1-EE22-2C3B4CAB2EFA}.Release|Win32.ActiveCfg = Release DLL|Win32
		{C61A01E3-A561-65A1-EE22-2C3B4CAB2EFA}.Release|Win32.Build.0 = Release DLL|Win32
		{C61A01E3-A561-65A1-EE22-2C3B4CAB2EFA}.ReleaseDLL|Win32.ActiveCfg = Release DLL|Win32
		{C61A01E3-A561-65A1-EE22-2C3B4CAB2EFA}.ReleaseDLL|Win32.Build.0 = Release DLL|Win32
		{C61A01E3-A561-65A1-EE22-2C3B4CAB2EFA}.ShippingDLL|Win32.ActiveCfg = Debug DLL|Win32
		{C61A01E3-A561-65A1-EE22-2C3B4CAB2EFA}.ShippingDLL|Win32.Build.0 = Debug DLL|Win32
		{161A11E3-A161-61A1-EE12-2C3B1CAB2E1A}.Debug DLL|Win32.ActiveCfg = Debug DLL|Win32
		{161A11E3-A161-61A1-EE12-2C3B1CAB2E1A}.Debug DLL|Win32.Build.0 = Debug DLL|Win32
		{161A11E3-A161-61A1-EE12-2C3B1CAB2E1A}.Debug static|Win32.ActiveCfg = Debug static|Win32
		{161A11E3-A161-61A1-EE12-2C3B1CAB2E1A}.Debug static|Win32.Build.0 = Debug static|Win32
		{161A11E3-A161-61A1-EE12-2C3B1CAB2E1A}.Debug|Win32.ActiveCfg = Debug DLL|Win32
		{161A11E3-A161-61A1-EE12-2C3B1CAB2E1A}.Debug|Win32.Build.0 = Debug DLL|Win32
		{161A11E3-A161-61A1-EE12-2C3B1CAB2E1A}.DebugDLL|Win32.ActiveCfg = Debug DLL|Win32
		{161A11E3-A161-61A1-EE12-2C3B1CAB2E1A}.DebugDLL|Win32.Build.0 = Debug DLL|Win32
		{161A11E3-A161-61A1-EE12-2C3B1CAB2E1A}.Release DLL|Win32.ActiveCfg = Release DLL|Win32
		{161A11E3-A161-61A1-EE12-2C3B1CAB2E1A}.Release DLL|Win32.Build.0 = Release DLL|Win32
		{161A11E3-A161-61A1-EE12-2C3B1CAB2E1A}.Release static|Win32.ActiveCfg = Release static|Win32
		{161A11E3-A161-61A1-EE12-2C3B1CAB2E1A}.Release static|Win32.Build.0 = Release static|Win32
		{161A11E3-A161-61A1-EE12-2C3B1CAB2E1A}.Release|Win32.ActiveCfg = Release DLL|Win32
		{161A11E3-A161-61A1-EE12-2C3B1CAB2E1A}.Release|Win32.Build.0 = Release DLL|Win32
		{161A11E3-A161-61A1-EE12-2C3B1CAB2E1A}.ReleaseDLL|Win32.ActiveCfg = Release DLL|Win32
		{161A11E3-A161-61A1-EE12-2C3B1CAB2E1A}.ReleaseDLL|Win32.Build.0 = Release DLL|Win32
		{161A11E3-A161-61A1-EE12-2C3B1CAB2E1A}.ShippingDLL|Win32.ActiveCfg = Debug DLL|Win32
		{161A11E3-A161-61A1-EE12-2C3B1CAB2E1A}.ShippingDLL|Win32.Build.0 = Debug DLL|Win32
		{396A4522-9173-ABCD-23AA-91827364ABEE}.Debug DLL|Win32.ActiveCfg = Debug DLL|Win32
		{396A4522-9173-ABCD-23AA-91827364ABEE}.Debug DLL|Win32.Build.0 = Debug DLL|Win32
		{396A4522-9173-ABCD-23AA-91827364ABEE}.Debug static|Win32.ActiveCfg = Debug static|Win32
		{396A4522-9173-ABCD-23AA-91827364ABEE}.Debug static|Win32.Build.0 = Debug static|Win32
		{396A4522-9173-ABCD-23AA-91827364ABEE}.Debug|Win32.ActiveCfg = Debug DLL|Win32
		{396A4522-9173-ABCD-23AA-91827364ABEE}.Debug|Win32.Build.0 = Debug DLL|Win32
		{396A4522-9173-ABCD-23AA-91827364ABEE}.DebugDLL|Win32.ActiveCfg = Debug DLL|Win32
		{396A4522-9173-ABCD-23AA-91827364ABEE}.DebugDLL|Win32.Build.0 = Debug DLL|Win32
		{396A4522-9173-ABCD-23AA-91827364ABEE}.Release DLL|Win32.ActiveCfg = Release DLL|Win32
		{396A4522-9173-ABCD-23AA-91827364ABEE}.Release DLL|Win32.Build.0 = Release DLL|Win32
		{396A4522-9173-ABCD-23AA-91827364ABEE}.Release static|Win32.ActiveCfg = Release static|Win32
		{396A4522-9173-ABCD-23AA-91827364ABEE}.Release static|Win32.Build.0 = Release static|Win32
		{396A4522-9173-ABCD-23AA-91827364ABEE}.Release|Win32.ActiveCfg = Release DLL|Win32
		{396A4522-9173-ABCD-23AA-91827364ABEE}.Release|Win32.Build.0 = Release DLL|Win32
		{396A4522-9173-ABCD-23AA-91827364ABEE}.ReleaseDLL|Win32.ActiveCfg = Release DLL|Win32
		{396A4522-9173-ABCD-23AA-91827364ABEE}.ReleaseDLL|Win32.Build.0 = Release DLL|Win32
		{396A4522-9173-ABCD-23AA-91827364ABEE}.ShippingDLL|Win32.ActiveCfg = Debug DLL|Win32
		{396A4522-9173-ABCD-23AA-91827364ABEE}.ShippingDLL|Win32.Build.0 = Debug DLL|Win32
		{C97F516C-5EFA-479A-A42A-B0AFEAF1E236}.Debug DLL|Win32.ActiveCfg = Debug DLL|Win32
		{C97F516C-5EFA-479A-A42A-B0AFEAF1E236}.Debug DLL|Win32.Build.0 = Debug DLL|Win32
		{C97F516C-5EFA-479A-A42A-B0AFEAF1E236}.Debug static|Win32.ActiveCfg = Debug static|Win32
		{C97F516C-5EFA-479A-A42A-B0AFEAF1E236}.Debug static|Win32.Build.0 = Debug static|Win32
		{C97F516C-5EFA-479A-A42A-B0AFEAF1E236}.Debug|Win32.ActiveCfg = Debug DLL|Win32
		{C97F516C-5EFA-479A-A42A-B0AFEAF1E236}.Debug|Win32.Build.0 = Debug DLL|Win32
		{C97F516C-5EFA-479A-A42A-B0AFEAF1E236}.DebugDLL|Win32.ActiveCfg = Debug DLL|Win32
		{C97F516C-5EFA-479A-A42A-B0AFEAF1E236}.DebugDLL|Win32.Build.0 = Debug DLL|Win32
		{C97F516C-5EFA-479A-A42A-B0AFEAF1E236}.Release DLL|Win32.ActiveCfg = Release DLL|Win32
		{C97F516C-5EFA-479A-A42A-B0AFEAF1E236}.Release DLL|Win32.Build.0 = Release DLL|Win32
		{C97F516C-5EFA-479A-A42A-B0AFEAF1E236}.Release static|Win32.ActiveCfg = Release static|Win32
		{C97F516C-5EFA-479A-A42A-B0AFEAF1E236}.Release static|Win32.Build.0 = Release static|Win32
		{C97F516C-5EFA-479A-A42A-B0AFEAF1E236}.Release|Win32.ActiveCfg = Release DLL|Win32
		{C97F516C-5EFA-479A-A42A-B0AFEAF1E236}.Release|Win32.Build.0 = Release DLL|Win32
		{C97F516C-5EFA-479A-A42A-B0AFEAF1E236}.ReleaseDLL|Win32.ActiveCfg = Release DLL|Win32
		{C97F516C-5EFA-479A-A42A-B0AFEAF1E236}.ReleaseDLL|Win32.Build.0 = Release DLL|Win32
		{C97F516C-5EFA-479A-A42A-B0AFEAF1E236}.ShippingDLL|Win32.ActiveCfg = Debug DLL|Win32
		{C97F516C-5EFA-479A-A42A-B0AFEAF1E236}.ShippingDLL|Win32.Build.0 = Debug DLL|Win32
		{A93C8C21-6C34-4BB2-46B3-7C8D93ED3A4A}.Debug DLL|Win32.ActiveCfg = Debug DLL|Win32
		{A93C8C21-6C34-4BB2-46B3-7C8D93ED3A4A}.Debug DLL|Win32.Build.0 = Debug DLL|Win32
		{A93C8C21-6C34-4BB2-46B3-7C8D93ED3A4A}.Debug static|Win32.ActiveCfg = Debug static|Win32
		{A93C8C21-6C34-4BB2-46B3-7C8D93ED3A4A}.Debug static|Win32.Build.0 = Debug static|Win32
		{A93C8C21-6C34-4BB2-46B3-7C8D93ED3A4A}.Debug|Win32.ActiveCfg = Debug DLL|Win32
		{A93C8C21-6C34-4BB2-46B3-7C8D93ED3A4A}.Debug|Win32.Build.0 = Debug DLL|Win32
		{A93C8C21-6C34-4BB2-46B3-7C8D93ED3A4A}.DebugDLL|Win32.ActiveCfg = Debug DLL|Win32
		{A93C8C21-6C34-4BB2-46B3-7C8D93ED3A4A}.DebugDLL|Win32.Build.0 = Debug DLL|Win32
		{A93C8C21-6C34-4BB2-46B3-7C8D93ED3A4A}.Release DLL|Win32.ActiveCfg = Release DLL|Win32
		{A93C8C21-6C34-4BB2-46B3-7C8D93ED3A4A}.Release DLL|Win32.Build.0 = Release DLL|Win32
		{A93C8C21-6C34-4BB2-46B3-7C8D93ED3A4A}.Release static|Win32.ActiveCfg = Release static|Win32
		{A93C8C21-6C34-4BB2-46B3-7C8D93ED3A4A}.Release static|Win32.Build.0 = Release static|Win32
		{A93C8C21-6C34-4BB2-46B3-7C8D93ED3A4A}.Release|Win32.ActiveCfg = Release DLL|Win32
		{A93C8C21-6C34-4BB2-46B3-7C8D93ED3A4A}.Release|Win32.Build.0 = Release DLL|Win32
		{A93C8C21-6C34-4BB2-46B3-7C8D93ED3A4A}.ReleaseDLL|Win32.ActiveCfg = Release DLL|Win32
		{A93C8C21-6C34-4BB2-46B3-7C8D93ED3A4A}.ReleaseDLL|Win32.Build.0 = Release DLL|Win32
		{A93C8C21-6C34-4BB2-46B3-7C8D93ED3A4A}.ShippingDLL|Win32.ActiveCfg = Debug DLL|Win32
		{A93C8C21-6C34-4BB2-46B3-7C8D93ED3A4A}.ShippingDLL|Win32.Build.0 = Debug DLL|Win32
		{3E151752-D431-5192-2E7D-4742826B1CDE}.Debug DLL|Win32.ActiveCfg = Debug DLL|Win32
		{3E151752-D431-5192-2E7D-4742826B1CDE}.Debug DLL|Win32.Build.0 = Debug DLL|Win32
		{3E151752-D431-5192-2E7D-4742826B1CDE}.Debug static|Win32.ActiveCfg = Debug DLL|Win32
		{3E151752-D431-5192-2E7D-4742826B1CDE}.Debug|Win32.ActiveCfg = Debug DLL|Win32
		{3E151752-D431-5192-2E7D-4742826B1CDE}.Debug|Win32.Build.0 = Debug DLL|Win32
		{3E151752-D431-5192-2E7D-4742826B1CDE}.DebugDLL|Win32.ActiveCfg = Debug DLL|Win32
		{3E151752-D431-5192-2E7D-4742826B1CDE}.DebugDLL|Win32.Build.0 = Debug DLL|Win32
		{3E151752-D431-5192-2E7D-4742826B1CDE}.Release DLL|Win32.ActiveCfg = Release DLL|Win32
		{3E151752-D431-5192-2E7D-4742826B1CDE}.Release DLL|Win32.Build.0 = Release DLL|Win32
		{3E151752-D431-5192-2E7D-4742826B1CDE}.Release static|Win32.ActiveCfg = Release DLL|Win32
		{3E151752-D431-5192-2E7D-4742826B1CDE}.Release|Win32.ActiveCfg = Release DLL|Win32
		{3E151752-D431-5192-2E7D-4742826B1CDE}.Release|Win32.Build.0 = Release DLL|Win32
		{3E151752-D431-5192-2E7D-4742826B1CDE}.ReleaseDLL|Win32.ActiveCfg = Release DLL|Win32
		{3E151752-D431-5192-2E7D-4742826B1CDE}.ReleaseDLL|Win32.Build.0 = Release DLL|Win32
		{3E151752-D431-5192-2E7D-4742826B1CDE}.ShippingDLL|Win32.ActiveCfg = Release DLL|Win32
		{3E151752-D431-5192-2E7D-4742826B1CDE}.ShippingDLL|Win32.Build.0 = Release DLL|Win32
		{E2577A53-4812-1091-E37F-794832BA1DFE}.Debug DLL|Win32.ActiveCfg = Debug DLL|Win32
		{E2577A53-4812-1091-E37F-794832BA1DFE}.Debug DLL|Win32.Build.0 = Debug DLL|Win32
		{E2577A53-4812-1091-E37F-794832BA1DFE}.Debug static|Win32.ActiveCfg = Debug DLL|Win32
		{E2577A53-4812-1091-E37F-794832BA1DFE}.Debug|Win32.ActiveCfg = Debug DLL|Win32
		{E2577A53-4812-1091-E37F-794832BA1DFE}.Debug|Win32.Build.0 = Debug DLL|Win32
		{E2577A53-4812-1091-E37F-794832BA1DFE}.DebugDLL|Win32.ActiveCfg = Debug DLL|Win32
		{E2577A53-4812-1091-E37F-794832BA1DFE}.DebugDLL|Win32.Build.0 = Debug DLL|Win32
		{E2577A53-4812-1091-E37F-794832BA1DFE}.Release DLL|Win32.ActiveCfg = Release DLL|Win32
		{E2577A53-4812-1091-E37F-794832BA1DFE}.Release DLL|Win32.Build.0 = Release DLL|Win32
		{E2577A53-4812-1091-E37F-794832BA1DFE}.Release static|Win32.ActiveCfg = Release DLL|Win32
		{E2577A53-4812-1091-E37F-794832BA1DFE}.Release|Win32.ActiveCfg = Release DLL|Win32
		{E2577A53-4812-1091-E37F-794832BA1DFE}.Release|Win32.Build.0 = Release DLL|Win32
		{E2577A53-4812-1091-E37F-794832BA1DFE}.ReleaseDLL|Win32.ActiveCfg = Release DLL|Win32
		{E2577A53-4812-1091-E37F-794832BA1DFE}.ReleaseDLL|Win32.Build.0 = Release DLL|Win32
		{E2577A53-4812-1091-E37F-794832BA1DFE}.ShippingDLL|Win32.ActiveCfg = Release DLL|Win32
		{E2577A53-4812-1091-E37F-794832BA1DFE}.ShippingDLL|Win32.Build.0 = Release DLL|Win32
		{A227AA12-51AE-F012-A334-A2690FBC1DFA}.Debug DLL|Win32.ActiveCfg = Debug DLL|Win32
		{A227AA12-51AE-F012-A334-A2690FBC1DFA}.Debug DLL|Win32.Build.0 = Debug DLL|Win32
		{A227AA12-51AE-F012-A334-A2690FBC1DFA}.Debug static|Win32.ActiveCfg = Debug DLL|Win32
		{A227AA12-51AE-F012-A334-A2690FBC1DFA}.Debug|Win32.ActiveCfg = Debug DLL|Win32
		{A227AA12-51AE-F012-A334-A2690FBC1DFA}.Debug|Win32.Build.0 = Debug DLL|Win32
		{A227AA12-51AE-F012-A334-A2690FBC1DFA}.DebugDLL|Win32.ActiveCfg = Debug DLL|Win32
		{A227AA12-51AE-F012-A334-A2690FBC1DFA}.DebugDLL|Win32.Build.0 = Debug DLL|Win32
		{A227AA12-51AE-F012-A334-A2690FBC1DFA}.Release DLL|Win32.ActiveCfg = Release DLL|Win32
		{A227AA12-51AE-F012-A334-A2690FBC1DFA}.Release DLL|Win32.Build.0 = Release DLL|Win32
		{A227AA12-51AE-F012-A334-A2690FBC1DFA}.Release static|Win32.ActiveCfg = Release DLL|Win32
		{A227AA12-51AE-F012-A334-A2690FBC1DFA}.Release|Win32.ActiveCfg = Release DLL|Win32
		{A227AA12-51AE-F012-A334-A2690FBC1DFA}.Release|Win32.Build.0 = Release DLL|Win32
		{A227AA12-51AE-F012-A334-A2690FBC1DFA}.ReleaseDLL|Win32.ActiveCfg = Release DLL|Win32
		{A227AA12-51AE-F012-A334-A2690FBC1DFA}.ReleaseDLL|Win32.Build.0 = Release DLL|Win32
		{A227AA12-51AE-F012-A334-A2690FBC1DFA}.ShippingDLL|Win32.ActiveCfg = Release DLL|Win32
		{A227AA12-51AE-F012-A334-A2690FBC1DFA}.ShippingDLL|Win32.Build.0 = Release DLL|Win32
		{AFCEB39A-138F-36C2-60DA-3851702EF5C1}.Debug DLL|Win32.ActiveCfg = Debug DLL|Win32
		{AFCEB39A-138F-36C2-60DA-3851702EF5C1}.Debug DLL|Win32.Build.0 = Debug DLL|Win32
		{AFCEB39A-138F-36C2-60DA-3851702EF5C1}.Debug static|Win32.ActiveCfg = Debug static|Win32
		{AFCEB39A-138F-36C2-60DA-3851702EF5C1}.Debug static|Win32.Build.0 = Debug static|Win32
		{AFCEB39A-138F-36C2-60DA-3851702EF5C1}.Debug|Win32.ActiveCfg = Debug DLL|Win32
		{AFCEB39A-138F-36C2-60DA-3851702EF5C1}.Debug|Win32.Build.0 = Debug DLL|Win32
		{AFCEB39A-138F-36C2-60DA-3851702EF5C1}.DebugDLL|Win32.ActiveCfg = Debug DLL|Win32
		{AFCEB39A-138F-36C2-60DA-3851702EF5C1}.DebugDLL|Win32.Build.0 = Debug DLL|Win32
		{AFCEB39A-138F-36C2-60DA-3851702EF5C1}.Release DLL|Win32.ActiveCfg = Release DLL|Win32
		{AFCEB39A-138F-36C2-60DA-3851702EF5C1}.Release DLL|Win32.Build.0 = Release DLL|Win32
		{AFCEB39A-138F-36C2-60DA-3851702EF5C1}.Release static|Win32.ActiveCfg = Release static|Win32
		{AFCEB39A-138F-36C2-60DA-3851702EF5C1}.Release static|Win32.Build.0 = Release static|Win32
		{AFCEB39A-138F-36C2-60DA-3851702EF5C1}.Release|Win32.ActiveCfg = Release DLL|Win32
		{AFCEB39A-138F-36C2-60DA-3851702EF5C1}.Release|Win32.Build.0 = Release DLL|Win32
		{AFCEB39A-138F-36C2-60DA-3851702EF5C1}.ReleaseDLL|Win32.ActiveCfg = Release DLL|Win32
		{AFCEB39A-138F-36C2-60DA-3851702EF5C1}.ReleaseDLL|Win32.Build.0 = Release DLL|Win32
		{AFCEB39A-138F-36C2-60DA-3851702EF5C1}.ShippingDLL|Win32.ActiveCfg = Debug DLL|Win32
		{AFCEB39A-138F-36C2-60DA-3851702EF5C1}.ShippingDLL|Win32.Build.0 = Debug DLL|Win32
		{2CA3701A-B342-AEF3-3B11-3B42CC2EFAAB}.Debug DLL|Win32.ActiveCfg = Debug DLL|Win32
		{2CA3701A-B342-AEF3-3B11-3B42CC2EFAAB}.Debug DLL|Win32.Build.0 = Debug DLL|Win32
		{2CA3701A-B342-AEF3-3B11-3B42CC2EFAAB}.Debug static|Win32.ActiveCfg = Debug static|Win32
		{2CA3701A-B342-AEF3-3B11-3B42CC2EFAAB}.Debug static|Win32.Build.0 = Debug static|Win32
		{2CA3701A-B342-AEF3-3B11-3B42CC2EFAAB}.Debug|Win32.ActiveCfg = Debug DLL|Win32
		{2CA3701A-B342-AEF3-3B11-3B42CC2EFAAB}.Debug|Win32.Build.0 = Debug DLL|Win32
		{2CA3701A-B342-AEF3-3B11-3B42CC2EFAAB}.DebugDLL|Win32.ActiveCfg = Debug DLL|Win32
		{2CA3701A-B342-AEF3-3B11-3B42CC2EFAAB}.DebugDLL|Win32.Build.0 = Debug DLL|Win32
		{2CA3701A-B342-AEF3-3B11-3B42CC2EFAAB}.Release DLL|Win32.ActiveCfg = Release DLL|Win32
		{2CA3701A-B342-AEF3-3B11-3B42CC2EFAAB}.Release DLL|Win32.Build.0 = Release DLL|Win32
		{2CA3701A-B342-AEF3-3B11-3B42CC2EFAAB}.Release static|Win32.ActiveCfg = Release static|Win32
		{2CA3701A-B342-AEF3-3B11-3B42CC2EFAAB}.Release static|Win32.Build.0 = Release static|Win32
		{2CA3701A-B342-AEF3-3B11-3B42CC2EFAAB}.Release|Win32.ActiveCfg = Release DLL|Win32
		{2CA3701A-B342-AEF3-3B11-3B42CC2EFAAB}.Release|Win32.Build.0 = Release DLL|Win32
		{2CA3701A-B342-AEF3-3B11-3B42CC2EFAAB}.ReleaseDLL|Win32.ActiveCfg = Release DLL|Win32
		{2CA3701A-B342-AEF3-3B11-3B42CC2EFAAB}.ReleaseDLL|Win32.Build.0 = Release DLL|Win32
		{2CA3701A-B342-AEF3-3B11-3B42CC2EFAAB}.ShippingDLL|Win32.ActiveCfg = Debug DLL|Win32
		{2CA3701A-B342-AEF3-3B11-3B42CC2EFAAB}.ShippingDLL|Win32.Build.0 = Debug DLL|Win32
		{2691A4C3-6413-8964-A425-B51468532572}.Debug DLL|Win32.ActiveCfg = Debug DLL|Win32
		{2691A4C3-6413-8964-A425-B51468532572}.Debug DLL|Win32.Build.0 = Debug DLL|Win32
		{2691A4C3-6413-8964-A425-B51468532572}.Debug static|Win32.ActiveCfg = Debug static|Win32
		{2691A4C3-6413-8964-A425-B51468532572}.Debug static|Win32.Build.0 = Debug static|Win32
		{2691A4C3-6413-8964-A425-B51468532572}.Debug|Win32.ActiveCfg = Debug DLL|Win32
		{2691A4C3-6413-8964-A425-B51468532572}.Debug|Win32.Build.0 = Debug DLL|Win32
		{2691A4C3-6413-8964-A425-B51468532572}.DebugDLL|Win32.ActiveCfg = Debug DLL|Win32
		{2691A4C3-6413-8964-A425-B51468532572}.DebugDLL|Win32.Build.0 = Debug DLL|Win32
		{2691A4C3-6413-8964-A425-B51468532572}.Release DLL|Win32.ActiveCfg = Release DLL|Win32
		{2691A4C3-6413-8964-A425-B51468532572}.Release DLL|Win32.Build.0 = Release DLL|Win32
		{2691A4C3-6413-8964-A425-B51468532572}.Release static|Win32.ActiveCfg = Release static|Win32
		{2691A4C3-6413-8964-A425-B51468532572}.Release static|Win32.Build.0 = Release static|Win32
		{2691A4C3-6413-8964-A425-B51468532572}.Release|Win32.ActiveCfg = Release DLL|Win32
		{2691A4C3-6413-8964-A425-B51468532572}.Release|Win32.Build.0 = Release DLL|Win32
		{2691A4C3-6413-8964-A425-B51468532572}.ReleaseDLL|Win32.ActiveCfg = Release DLL|Win32
		{2691A4C3-6413-8964-A425-B51468532572}.ReleaseDLL|Win32.Build.0 = Release DLL|Win32
		{2691A4C3-6413-8964-A425-B51468532572}.ShippingDLL|Win32.ActiveCfg = Debug DLL|Win32
		{2691A4C3-6413-8964-A425-B51468532572}.ShippingDLL|Win32.Build.0 = Debug DLL|Win32
		{43212345-3E69-234A-306C-243C989A3411}.Debug DLL|Win32.ActiveCfg = Debug DLL|Win32
		{43212345-3E69-234A-306C-243C989A3411}.Debug DLL|Win32.Build.0 = Debug DLL|Win32
		{43212345-3E69-234A-306C-243C989A3411}.Debug static|Win32.ActiveCfg = Debug static|Win32
		{43212345-3E69-234A-306C-243C989A3411}.Debug static|Win32.Build.0 = Debug static|Win32
		{43212345-3E69-234A-306C-243C989A3411}.Debug|Win32.ActiveCfg = Debug DLL|Win32
		{43212345-3E69-234A-306C-243C989A3411}.Debug|Win32.Build.0 = Debug DLL|Win32
		{43212345-3E69-234A-306C-243C989A3411}.DebugDLL|Win32.ActiveCfg = Debug DLL|Win32
		{43212345-3E69-234A-306C-243C989A3411}.DebugDLL|Win32.Build.0 = Debug DLL|Win32
		{43212345-3E69-234A-306C-243C989A3411}.Release DLL|Win32.ActiveCfg = Release DLL|Win32
		{43212345-3E69-234A-306C-243C989A3411}.Release DLL|Win32.Build.0 = Release DLL|Win32
		{43212345-3E69-234A-306C-243C989A3411}.Release static|Win32.ActiveCfg = Release static|Win32
		{43212345-3E69-234A-306C-243C989A3411}.Release static|Win32.Build.0 = Release static|Win32
		{43212345-3E69-234A-306C-243C989A3411}.Release|Win32.ActiveCfg = Release DLL|Win32
		{43212345-3E69-234A-306C-243C989A3411}.Release|Win32.Build.0 = Release DLL|Win32
		{43212345-3E69-234A-306C-243C989A3411}.ReleaseDLL|Win32.ActiveCfg = Release DLL|Win32
		{43212345-3E69-234A-306C-243C989A3411}.ReleaseDLL|Win32.Build.0 = Release DLL|Win32
		{43212345-3E69-234A-306C-243C989A3411}.ShippingDLL|Win32.ActiveCfg = Debug DLL|Win32
		{43212345-3E69-234A-306C-243C989A3411}.ShippingDLL|Win32.Build.0 = Debug DLL|Win32
		{59A31B52-A312-EE31-2345-1BAAC2EFA300}.Debug DLL|Win32.ActiveCfg = Debug DLL|Win32
		{59A31B52-A312-EE31-2345-1BAAC2EFA300}.Debug DLL|Win32.Build.0 = Debug DLL|Win32
		{59A31B52-A312-EE31-2345-1BAAC2EFA300}.Debug static|Win32.ActiveCfg = Debug static|Win32
		{59A31B52-A312-EE31-2345-1BAAC2EFA300}.Debug static|Win32.Build.0 = Debug static|Win32
		{59A31B52-A312-EE31-2345-1BAAC2EFA300}.Debug|Win32.ActiveCfg = Debug DLL|Win32
		{59A31B52-A312-EE31-2345-1BAAC2EFA300}.Debug|Win32.Build.0 = Debug DLL|Win32
		{59A31B52-A312-EE31-2345-1BAAC2EFA300}.DebugDLL|Win32.ActiveCfg = Debug DLL|Win32
		{59A31B52-A312-EE31-2345-1BAAC2EFA300}.DebugDLL|Win32.Build.0 = Debug DLL|Win32
		{59A31B52-A312-EE31-2345-1BAAC2EFA300}.Release DLL|Win32.ActiveCfg = Release DLL|Win32
		{59A31B52-A312-EE31-2345-1BAAC2EFA300}.Release DLL|Win32.Build.0 = Release DLL|Win32
		{59A31B52-A312-EE31-2345-1BAAC2EFA300}.Release static|Win32.ActiveCfg = Release static|Win32
		{59A31B52-A312-EE31-2345-1BAAC2EFA300}.Release static|Win32.Build.0 = Release static|Win32
		{59A31B52-A312-EE31-2345-1BAAC2EFA300}.Release|Win32.ActiveCfg = Release DLL|Win32
		{59A31B52-A312-EE31-2345-1BAAC2EFA300}.Release|Win32.Build.0 = Release DLL|Win32
		{59A31B52-A312-EE31-2345-1BAAC2EFA300}.ReleaseDLL|Win32.ActiveCfg = Release DLL|Win32
		{59A31B52-A312-EE31-2345-1BAAC2EFA300}.ReleaseDLL|Win32.Build.0 = Release DLL|Win32
		{59A31B52-A312-EE31-2345-1BAAC2EFA300}.ShippingDLL|Win32.ActiveCfg = Debug DLL|Win32
		{59A31B52-A312-EE31-2345-1BAAC2EFA300}.ShippingDLL|Win32.Build.0 = Debug DLL|Win32
		{A758C0CF-7E2B-4651-91D6-E3D1AD3922CE}.Debug DLL|Win32.ActiveCfg = Debug|Win32
		{A758C0CF-7E2B-4651-91D6-E3D1AD3922CE}.Debug DLL|Win32.Build.0 = Debug|Win32
		{A758C0CF-7E2B-4651-91D6-E3D1AD3922CE}.Debug static|Win32.ActiveCfg = Debug|Win32
		{A758C0CF-7E2B-4651-91D6-E3D1AD3922CE}.Debug static|Win32.Build.0 = Debug|Win32
		{A758C0CF-7E2B-4651-91D6-E3D1AD3922CE}.Debug|Win32.ActiveCfg = Debug|Win32
		{A758C0CF-7E2B-4651-91D6-E3D1AD3922CE}.Debug|Win32.Build.0 = Debug|Win32
		{A758C0CF-7E2B-4651-91D6-E3D1AD3922CE}.DebugDLL|Win32.ActiveCfg = DebugDLL|Win32
		{A758C0CF-7E2B-4651-91D6-E3D1AD3922CE}.DebugDLL|Win32.Build.0 = DebugDLL|Win32
		{A758C0CF-7E2B-4651-91D6-E3D1AD3922CE}.Release DLL|Win32.ActiveCfg = Release|Win32
		{A758C0CF-7E2B-4651-91D6-E3D1AD3922CE}.Release DLL|Win32.Build.0 = Release|Win32
		{A758C0CF-7E2B-4651-91D6-E3D1AD3922CE}.Release static|Win32.ActiveCfg = Release|Win32
		{A758C0CF-7E2B-4651-91D6-E3D1AD3922CE}.Release static|Win32.Build.0 = Release|Win32
		{A758C0CF-7E2B-4651-91D6-E3D1AD3922CE}.Release|Win32.ActiveCfg = Release|Win32
		{A758C0CF-7E2B-4651-91D6-E3D1AD3922CE}.Release|Win32.Build.0 = Release|Win32
		{A758C0CF-7E2B-4651-91D6-E3D1AD3922CE}.ReleaseDLL|Win32.ActiveCfg = ReleaseDLL|Win32
		{A758C0CF-7E2B-4651-91D6-E3D1AD3922CE}.ReleaseDLL|Win32.Build.0 = ReleaseDLL|Win32
		{A758C0CF-7E2B-4651-91D6-E3D1AD3922CE}.ShippingDLL|Win32.ActiveCfg = ShippingDLL|Win32
		{A758C0CF-7E2B-4651-91D6-E3D1AD3922CE}.ShippingDLL|Win32.Build.0 = ShippingDLL|Win32
		{E379E4A4-2190-4DD7-BF66-E388B5AD921E}.Debug DLL|Win32.ActiveCfg = Debug|Win32
		{E379E4A4-2190-4DD7-BF66-E388B5AD921E}.Debug DLL|Win32.Build.0 = Debug|Win32
		{E379E4A4-2190-4DD7-BF66-E388B5AD921E}.Debug static|Win32.ActiveCfg = Debug|Win32
		{E379E4A4-2190-4DD7-BF66-E388B5AD921E}.Debug static|Win32.Build.0 = Debug|Win32
		{E379E4A4-2190-4DD7-BF66-E388B5AD921E}.Debug|Win32.ActiveCfg = Debug|Win32
		{E379E4A4-2190-4DD7-BF66-E388B5AD921E}.Debug|Win32.Build.0 = Debug|Win32
		{E379E4A4-2190-4DD7-BF66-E388B5AD921E}.DebugDLL|Win32.ActiveCfg = Debug|Win32
		{E379E4A4-2190-4DD7-BF66-E388B5AD921E}.DebugDLL|Win32.Build.0 = Debug|Win32
		{E379E4A4-2190-4DD7-BF66-E388B5AD921E}.Release DLL|Win32.ActiveCfg = Release|Win32
		{E379E4A4-2190-4DD7-BF66-E388B5AD921E}.Release DLL|Win32.Build.0 = Release|Win32
		{E379E4A4-2190-4DD7-BF66-E388B5AD921E}.Release static|Win32.ActiveCfg = Release|Win32
		{E379E4A4-2190-4DD7-BF66-E388B5AD921E}.Release static|Win32.Build.0 = Release|Win32
		{E379E4A4-2190-4DD7-BF66-E388B5AD921E}.Release|Win32.ActiveCfg = Release|Win32
		{E379E4A4-2190-4DD7-BF66-E388B5AD921E}.Release|Win32.Build.0 = Release|Win32
		{E379E4A4-2190-4DD7-BF66-E388B5AD921E}.ReleaseDLL|Win32.ActiveCfg = Release|Win32
		{E379E4A4-2190-4DD7-BF66-E388B5AD921E}.ReleaseDLL|Win32.Build.0 = Release|Win32
		{E379E4A4-2190-4DD7-BF66-E388B5AD921E}.ShippingDLL|Win32.ActiveCfg = Debug|Win32
		{E379E4A4-2190-4DD7-BF66-E388B5AD921E}.ShippingDLL|Win32.Build.0 = Debug|Win32
	EndGlobalSection
	GlobalSection(SolutionProperties) = preSolution
		HideSolutionNode = FALSE
	EndGlobalSection
	GlobalSection(NestedProjects) = preSolution
		{A66C8AE0-F669-45B0-BEC4-0C7B9C0B1EF2} = {EC64F9B1-68EC-40FB-AE66-CB39A0955585}
		{C61A01E3-A561-65A1-EE22-2C3B4CAB2EFA} = {EC64F9B1-68EC-40FB-AE66-CB39A0955585}
		{161A11E3-A161-61A1-EE12-2C3B1CAB2E1A} = {EC64F9B1-68EC-40FB-AE66-CB39A0955585}
		{E86C82E4-AF66-BC30-0AC4-8B3CB1E9C0F3} = {EC64F9B1-68EC-40FB-AE66-CB39A0955585}
		{AFCEB39A-138F-36C2-60DA-3851702EF5C1} = {EC64F9B1-68EC-40FB-AE66-CB39A0955585}
		{2CA3701A-B342-AEF3-3B11-3B42CC2EFAAB} = {EC64F9B1-68EC-40FB-AE66-CB39A0955585}
		{2691A4C3-6413-8964-A425-B51468532572} = {EC64F9B1-68EC-40FB-AE66-CB39A0955585}
		{C97F516C-5EFA-479A-A42A-B0AFEAF1E236} = {0835826C-4BA7-43CD-8525-A2553DE5D2C3}
		{3E151752-D431-5192-2E7D-4742826B1CDE} = {0835826C-4BA7-43CD-8525-A2553DE5D2C3}
		{E2577A53-4812-1091-E37F-794832BA1DFE} = {0835826C-4BA7-43CD-8525-A2553DE5D2C3}
		{A227AA12-51AE-F012-A334-A2690FBC1DFA} = {0835826C-4BA7-43CD-8525-A2553DE5D2C3}
		{396A4522-9173-ABCD-23AA-91827364ABEE} = {0835826C-4BA7-43CD-8525-A2553DE5D2C3}
		{A758C0CF-7E2B-4651-91D6-E3D1AD3922CE} = {F7CA7C3F-D07E-4EB7-AAFD-5C9E0ADD3887}
		{59A31B52-A312-EE31-2345-1BAAC2EFA300} = {F7CA7C3F-D07E-4EB7-AAFD-5C9E0ADD3887}
		{E379E4A4-2190-4DD7-BF66-E388B5AD921E} = {F7CA7C3F-D07E-4EB7-AAFD-5C9E0ADD3887}
	EndGlobalSection
EndGlobal
