Microsoft Visual Studio Solution File, Format Version 9.00
# Visual Studio 2005
Project("{8BC9CEB8-8B4A-11D0-8D11-00A0C91BC942}") = "RR", "RR\vs\RR8.vcproj", "{4B85364D-0156-4489-B606-55894A1B1813}"
	ProjectSection(ProjectDependencies) = postProject
		{A93C8C21-6C34-4BB2-46B3-7C8D93ED3A4A} = {A93C8C21-6C34-4BB2-46B3-7C8D93ED3A4A}
		{AC8C9321-346C-42BB-4B36-D93E7C8D3A4A} = {AC8C9321-346C-42BB-4B36-D93E7C8D3A4A}
		{24A70CDD-FF75-4686-B09E-F939F744F94B} = {24A70CDD-FF75-4686-B09E-F939F744F94B}
	EndProjectSection
EndProject
Project("{8BC9CEB8-8B4A-11D0-8D11-00A0C91BC942}") = "cnv2bsp", "cnv2bsp\vs\cnv2bsp8.vcproj", "{A57BDEBD-5E2A-41DF-B204-357C62E18B09}"
	ProjectSection(ProjectDependencies) = postProject
		{24A70CDD-FF75-4686-B09E-F939F744F94B} = {24A70CDD-FF75-4686-B09E-F939F744F94B}
	EndProjectSection
EndProject
Project("{8BC9CEB8-8B4A-11D0-8D11-00A0C91BC942}") = "World", "World\vs\World8.vcproj", "{AC8C9321-346C-42BB-4B36-D93E7C8D3A4A}"
EndProject
Project("{8BC9CEB8-8B4A-11D0-8D11-00A0C91BC942}") = "LicGen", "LicGen\vs\LicGen8.vcproj", "{CC592789-E5B9-4302-943E-E11BA53E0C5F}"
	ProjectSection(ProjectDependencies) = postProject
		{9AD0AFDC-4269-48F8-A8B1-F5A025FE3226} = {9AD0AFDC-4269-48F8-A8B1-F5A025FE3226}
	EndProjectSection
EndProject
Project("{8BC9CEB8-8B4A-11D0-8D11-00A0C91BC942}") = "RSA", "..\3rd\RSA\RSA8.vcproj", "{9AD0AFDC-4269-48F8-A8B1-F5A025FE3226}"
EndProject
Project("{8BC9CEB8-8B4A-11D0-8D11-00A0C91BC942}") = "bench", "bench\bench8.vcproj", "{9B667646-EFF4-42C2-94DA-8F8388A03C47}"
EndProject
Project("{8BC9CEB8-8B4A-11D0-8D11-00A0C91BC942}") = "FCSS", "FCSS\FCSS8.vcproj", "{5A0A9769-EA99-4A20-BC0D-74F39FDCCA88}"
	ProjectSection(ProjectDependencies) = postProject
		{2D2907C3-3E69-234A-306C-243C989A3411} = {2D2907C3-3E69-234A-306C-243C989A3411}
	EndProjectSection
EndProject
Project("{8BC9CEB8-8B4A-11D0-8D11-00A0C91BC942}") = "mgflib", "..\3rd\mgflib\vs\mgflib8.vcproj", "{24A70CDD-FF75-4686-B09E-F939F744F94B}"
EndProject
Project("{8BC9CEB8-8B4A-11D0-8D11-00A0C91BC942}") = "LightsprintGL", "LightsprintGL\LightsprintGL.vcproj", "{2D2907C3-3E69-234A-306C-243C989A3411}"
	ProjectSection(ProjectDependencies) = postProject
		{A93C8C21-6C34-4BB2-46B3-7C8D93ED3A4A} = {A93C8C21-6C34-4BB2-46B3-7C8D93ED3A4A}
	EndProjectSection
EndProject
Project("{8BC9CEB8-8B4A-11D0-8D11-00A0C91BC942}") = "PenumbraShadows", "..\samples\PenumbraShadows\PenumbraShadows.vcproj", "{E86C82E4-AF66-BC30-0AC4-8B3CB1E9C0F3}"
	ProjectSection(ProjectDependencies) = postProject
		{2D2907C3-3E69-234A-306C-243C989A3411} = {2D2907C3-3E69-234A-306C-243C989A3411}
	EndProjectSection
EndProject
Project("{8BC9CEB8-8B4A-11D0-8D11-00A0C91BC942}") = "RealtimeRadiosity", "..\samples\RealtimeRadiosity\RealtimeRadiosity.vcproj", "{A66C8AE0-F669-45B0-BEC4-0C7B9C0B1EF2}"
	ProjectSection(ProjectDependencies) = postProject
		{2D2907C3-3E69-234A-306C-243C989A3411} = {2D2907C3-3E69-234A-306C-243C989A3411}
	EndProjectSection
EndProject
Project("{8BC9CEB8-8B4A-11D0-8D11-00A0C91BC942}") = "Lightmaps", "..\samples\Lightmaps\Lightmaps.vcproj", "{C61A01E3-A561-65A1-EE22-2C3B4CAB2EFA}"
	ProjectSection(ProjectDependencies) = postProject
		{2D2907C3-3E69-234A-306C-243C989A3411} = {2D2907C3-3E69-234A-306C-243C989A3411}
	EndProjectSection
EndProject
Project("{8BC9CEB8-8B4A-11D0-8D11-00A0C91BC942}") = "Water", "..\samples\Water\Water.vcproj", "{39E5E68E-2A16-AC52-1AA2-9B1C32E9A022}"
	ProjectSection(ProjectDependencies) = postProject
		{2D2907C3-3E69-234A-306C-243C989A3411} = {2D2907C3-3E69-234A-306C-243C989A3411}
	EndProjectSection
EndProject
Project("{8BC9CEB8-8B4A-11D0-8D11-00A0C91BC942}") = "AmbientOcclusion", "..\samples\AmbientOcclusion\AmbientOcclusion.vcproj", "{161A11E3-A161-61A1-EE12-2C3B1CAB2E1A}"
	ProjectSection(ProjectDependencies) = postProject
		{2D2907C3-3E69-234A-306C-243C989A3411} = {2D2907C3-3E69-234A-306C-243C989A3411}
	EndProjectSection
EndProject
Project("{8BC9CEB8-8B4A-11D0-8D11-00A0C91BC942}") = "CPULightmaps", "..\samples\CPULightmaps\CPULightmaps.vcproj", "{396A4522-9173-ABCD-23AA-91827364ABEE}"
	ProjectSection(ProjectDependencies) = postProject
		{2D2907C3-3E69-234A-306C-243C989A3411} = {2D2907C3-3E69-234A-306C-243C989A3411}
	EndProjectSection
EndProject
Project("{8BC9CEB8-8B4A-11D0-8D11-00A0C91BC942}") = "BunnyBenchmark", "..\samples\BunnyBenchmark\BunnyBenchmark.vcproj", "{C97F516C-5EFA-479A-A42A-B0AFEAF1E236}"
	ProjectSection(ProjectDependencies) = postProject
		{A93C8C21-6C34-4BB2-46B3-7C8D93ED3A4A} = {A93C8C21-6C34-4BB2-46B3-7C8D93ED3A4A}
	EndProjectSection
EndProject
Project("{8BC9CEB8-8B4A-11D0-8D11-00A0C91BC942}") = "LightsprintCore", "LightsprintCore\LightsprintCore.vcproj", "{A93C8C21-6C34-4BB2-46B3-7C8D93ED3A4A}"
	ProjectSection(ProjectDependencies) = postProject
		{9AD0AFDC-4269-48F8-A8B1-F5A025FE3226} = {9AD0AFDC-4269-48F8-A8B1-F5A025FE3226}
	EndProjectSection
EndProject
Project("{8BC9CEB8-8B4A-11D0-8D11-00A0C91BC942}") = "HelloStaticSolver", "..\samples\HelloStaticSolver\HelloStaticSolver.vcproj", "{2E053151-D333-4091-9D6D-54408A6610DD}"
	ProjectSection(ProjectDependencies) = postProject
		{A93C8C21-6C34-4BB2-46B3-7C8D93ED3A4A} = {A93C8C21-6C34-4BB2-46B3-7C8D93ED3A4A}
	EndProjectSection
EndProject
Project("{8BC9CEB8-8B4A-11D0-8D11-00A0C91BC942}") = "HelloMesh", "..\samples\HelloMesh\HelloMesh.vcproj", "{3E151752-D431-5192-2E7D-4742826B1CDE}"
	ProjectSection(ProjectDependencies) = postProject
		{A93C8C21-6C34-4BB2-46B3-7C8D93ED3A4A} = {A93C8C21-6C34-4BB2-46B3-7C8D93ED3A4A}
	EndProjectSection
EndProject
Project("{8BC9CEB8-8B4A-11D0-8D11-00A0C91BC942}") = "HelloCollider", "..\samples\HelloCollider\HelloCollider.vcproj", "{E2577A53-4812-1091-E37F-794832BA1DFE}"
	ProjectSection(ProjectDependencies) = postProject
		{A93C8C21-6C34-4BB2-46B3-7C8D93ED3A4A} = {A93C8C21-6C34-4BB2-46B3-7C8D93ED3A4A}
	EndProjectSection
EndProject
Project("{8BC9CEB8-8B4A-11D0-8D11-00A0C91BC942}") = "MultiMeshCollider", "..\samples\MultiMeshCollider\MultiMeshCollider.vcproj", "{A227AA12-51AE-F012-A334-A2690FBC1DFA}"
	ProjectSection(ProjectDependencies) = postProject
		{A93C8C21-6C34-4BB2-46B3-7C8D93ED3A4A} = {A93C8C21-6C34-4BB2-46B3-7C8D93ED3A4A}
	EndProjectSection
EndProject
Project("{8BC9CEB8-8B4A-11D0-8D11-00A0C91BC942}") = "Lightsmark2007", "Lightsmark2007\Lightsmark2007.vcproj", "{3ABC0316-2C40-4CCA-8A70-C7D22CDA33FF}"
	ProjectSection(ProjectDependencies) = postProject
		{5A0A9769-EA99-4A20-BC0D-74F39FDCCA88} = {5A0A9769-EA99-4A20-BC0D-74F39FDCCA88}
	EndProjectSection
EndProject
Project("{54435603-DBB4-11D2-8724-00A0C9A8B90C}") = "Lightsmark2007Setup", "Lightsmark2007Setup\Lightsmark2007Setup.vdproj", "{2B5DC58A-8E74-4868-B66F-D7A4CC8C72CE}"
	ProjectSection(ProjectDependencies) = postProject
		{3ABC0316-2C40-4CCA-8A70-C7D22CDA33FF} = {3ABC0316-2C40-4CCA-8A70-C7D22CDA33FF}
	EndProjectSection
EndProject
Project("{2150E333-8FDC-42A3-9474-1A3956D46DE8}") = "LightsprintCore samples", "LightsprintCore samples", "{0835826C-4BA7-43CD-8525-A2553DE5D2C3}"
EndProject
Project("{2150E333-8FDC-42A3-9474-1A3956D46DE8}") = "LightsprintGL samples", "LightsprintGL samples", "{EC64F9B1-68EC-40FB-AE66-CB39A0955585}"
EndProject
Project("{2150E333-8FDC-42A3-9474-1A3956D46DE8}") = "old RR", "old RR", "{6D3AC815-5EAE-4547-BF40-D8EF926EFB0D}"
EndProject
Global
	GlobalSection(SolutionConfigurationPlatforms) = preSolution
		Debug DLL|Win32 = Debug DLL|Win32
		Debug DLL|Xbox 360 = Debug DLL|Xbox 360
		Debug static|Win32 = Debug static|Win32
		Debug static|Xbox 360 = Debug static|Xbox 360
		Debug with Release DLL|Win32 = Debug with Release DLL|Win32
		Debug with Release DLL|Xbox 360 = Debug with Release DLL|Xbox 360
		GL Debug|Win32 = GL Debug|Win32
		GL Debug|Xbox 360 = GL Debug|Xbox 360
		Release DLL|Win32 = Release DLL|Win32
		Release DLL|Xbox 360 = Release DLL|Xbox 360
		Release static|Win32 = Release static|Win32
		Release static|Xbox 360 = Release static|Xbox 360
	EndGlobalSection
	GlobalSection(ProjectConfigurationPlatforms) = postSolution
		{4B85364D-0156-4489-B606-55894A1B1813}.Debug DLL|Win32.ActiveCfg = Debug static|Win32
		{4B85364D-0156-4489-B606-55894A1B1813}.Debug DLL|Xbox 360.ActiveCfg = Debug static|Win32
		{4B85364D-0156-4489-B606-55894A1B1813}.Debug static|Win32.ActiveCfg = Debug static|Win32
		{4B85364D-0156-4489-B606-55894A1B1813}.Debug static|Win32.Build.0 = Debug static|Win32
		{4B85364D-0156-4489-B606-55894A1B1813}.Debug static|Xbox 360.ActiveCfg = Debug static|Win32
		{4B85364D-0156-4489-B606-55894A1B1813}.Debug with Release DLL|Win32.ActiveCfg = Debug static|Win32
		{4B85364D-0156-4489-B606-55894A1B1813}.Debug with Release DLL|Xbox 360.ActiveCfg = Debug static|Win32
		{4B85364D-0156-4489-B606-55894A1B1813}.GL Debug|Win32.ActiveCfg = GL Debug|Win32
		{4B85364D-0156-4489-B606-55894A1B1813}.GL Debug|Win32.Build.0 = GL Debug|Win32
		{4B85364D-0156-4489-B606-55894A1B1813}.GL Debug|Xbox 360.ActiveCfg = GL Debug|Win32
		{4B85364D-0156-4489-B606-55894A1B1813}.Release DLL|Win32.ActiveCfg = Release static|Win32
		{4B85364D-0156-4489-B606-55894A1B1813}.Release DLL|Xbox 360.ActiveCfg = Release static|Win32
		{4B85364D-0156-4489-B606-55894A1B1813}.Release static|Win32.ActiveCfg = Release static|Win32
		{4B85364D-0156-4489-B606-55894A1B1813}.Release static|Win32.Build.0 = Release static|Win32
		{4B85364D-0156-4489-B606-55894A1B1813}.Release static|Xbox 360.ActiveCfg = Release static|Win32
		{A57BDEBD-5E2A-41DF-B204-357C62E18B09}.Debug DLL|Win32.ActiveCfg = Debug static|Win32
		{A57BDEBD-5E2A-41DF-B204-357C62E18B09}.Debug DLL|Win32.Build.0 = Debug static|Win32
		{A57BDEBD-5E2A-41DF-B204-357C62E18B09}.Debug DLL|Xbox 360.ActiveCfg = Debug static|Win32
		{A57BDEBD-5E2A-41DF-B204-357C62E18B09}.Debug DLL|Xbox 360.Build.0 = Debug static|Win32
		{A57BDEBD-5E2A-41DF-B204-357C62E18B09}.Debug static|Win32.ActiveCfg = Debug static|Win32
		{A57BDEBD-5E2A-41DF-B204-357C62E18B09}.Debug static|Win32.Build.0 = Debug static|Win32
		{A57BDEBD-5E2A-41DF-B204-357C62E18B09}.Debug static|Xbox 360.ActiveCfg = Debug static|Win32
		{A57BDEBD-5E2A-41DF-B204-357C62E18B09}.Debug static|Xbox 360.Build.0 = Debug static|Win32
		{A57BDEBD-5E2A-41DF-B204-357C62E18B09}.Debug with Release DLL|Win32.ActiveCfg = Debug static|Win32
		{A57BDEBD-5E2A-41DF-B204-357C62E18B09}.Debug with Release DLL|Win32.Build.0 = Debug static|Win32
		{A57BDEBD-5E2A-41DF-B204-357C62E18B09}.Debug with Release DLL|Xbox 360.ActiveCfg = Debug static|Win32
		{A57BDEBD-5E2A-41DF-B204-357C62E18B09}.Debug with Release DLL|Xbox 360.Build.0 = Debug static|Win32
		{A57BDEBD-5E2A-41DF-B204-357C62E18B09}.GL Debug|Win32.ActiveCfg = Release static|Win32
		{A57BDEBD-5E2A-41DF-B204-357C62E18B09}.GL Debug|Xbox 360.ActiveCfg = Release static|Win32
		{A57BDEBD-5E2A-41DF-B204-357C62E18B09}.Release DLL|Win32.ActiveCfg = Release static|Win32
		{A57BDEBD-5E2A-41DF-B204-357C62E18B09}.Release DLL|Win32.Build.0 = Release static|Win32
		{A57BDEBD-5E2A-41DF-B204-357C62E18B09}.Release DLL|Xbox 360.ActiveCfg = Release static|Win32
		{A57BDEBD-5E2A-41DF-B204-357C62E18B09}.Release DLL|Xbox 360.Build.0 = Release static|Win32
		{A57BDEBD-5E2A-41DF-B204-357C62E18B09}.Release static|Win32.ActiveCfg = Release static|Win32
		{A57BDEBD-5E2A-41DF-B204-357C62E18B09}.Release static|Win32.Build.0 = Release static|Win32
		{A57BDEBD-5E2A-41DF-B204-357C62E18B09}.Release static|Xbox 360.ActiveCfg = Release static|Win32
		{A57BDEBD-5E2A-41DF-B204-357C62E18B09}.Release static|Xbox 360.Build.0 = Release static|Win32
		{AC8C9321-346C-42BB-4B36-D93E7C8D3A4A}.Debug DLL|Win32.ActiveCfg = Debug static|Win32
		{AC8C9321-346C-42BB-4B36-D93E7C8D3A4A}.Debug DLL|Xbox 360.ActiveCfg = Debug static|Win32
		{AC8C9321-346C-42BB-4B36-D93E7C8D3A4A}.Debug static|Win32.ActiveCfg = Debug static|Win32
		{AC8C9321-346C-42BB-4B36-D93E7C8D3A4A}.Debug static|Win32.Build.0 = Debug static|Win32
		{AC8C9321-346C-42BB-4B36-D93E7C8D3A4A}.Debug static|Xbox 360.ActiveCfg = Debug static|Win32
		{AC8C9321-346C-42BB-4B36-D93E7C8D3A4A}.Debug with Release DLL|Win32.ActiveCfg = Debug static|Win32
		{AC8C9321-346C-42BB-4B36-D93E7C8D3A4A}.Debug with Release DLL|Xbox 360.ActiveCfg = Debug static|Win32
		{AC8C9321-346C-42BB-4B36-D93E7C8D3A4A}.GL Debug|Win32.ActiveCfg = Debug static|Win32
		{AC8C9321-346C-42BB-4B36-D93E7C8D3A4A}.GL Debug|Win32.Build.0 = Debug static|Win32
		{AC8C9321-346C-42BB-4B36-D93E7C8D3A4A}.GL Debug|Xbox 360.ActiveCfg = Debug static|Win32
		{AC8C9321-346C-42BB-4B36-D93E7C8D3A4A}.Release DLL|Win32.ActiveCfg = Release static|Win32
		{AC8C9321-346C-42BB-4B36-D93E7C8D3A4A}.Release DLL|Xbox 360.ActiveCfg = Release static|Win32
		{AC8C9321-346C-42BB-4B36-D93E7C8D3A4A}.Release static|Win32.ActiveCfg = Release static|Win32
		{AC8C9321-346C-42BB-4B36-D93E7C8D3A4A}.Release static|Win32.Build.0 = Release static|Win32
		{AC8C9321-346C-42BB-4B36-D93E7C8D3A4A}.Release static|Xbox 360.ActiveCfg = Release static|Win32
		{CC592789-E5B9-4302-943E-E11BA53E0C5F}.Debug DLL|Win32.ActiveCfg = Debug static|Win32
		{CC592789-E5B9-4302-943E-E11BA53E0C5F}.Debug DLL|Xbox 360.ActiveCfg = Debug static|Win32
		{CC592789-E5B9-4302-943E-E11BA53E0C5F}.Debug static|Win32.ActiveCfg = Debug static|Win32
		{CC592789-E5B9-4302-943E-E11BA53E0C5F}.Debug static|Win32.Build.0 = Debug static|Win32
		{CC592789-E5B9-4302-943E-E11BA53E0C5F}.Debug static|Xbox 360.ActiveCfg = Debug static|Win32
		{CC592789-E5B9-4302-943E-E11BA53E0C5F}.Debug with Release DLL|Win32.ActiveCfg = Debug static|Win32
		{CC592789-E5B9-4302-943E-E11BA53E0C5F}.Debug with Release DLL|Xbox 360.ActiveCfg = Debug static|Win32
		{CC592789-E5B9-4302-943E-E11BA53E0C5F}.GL Debug|Win32.ActiveCfg = Release static|Win32
		{CC592789-E5B9-4302-943E-E11BA53E0C5F}.GL Debug|Win32.Build.0 = Release static|Win32
		{CC592789-E5B9-4302-943E-E11BA53E0C5F}.GL Debug|Xbox 360.ActiveCfg = Release static|Win32
		{CC592789-E5B9-4302-943E-E11BA53E0C5F}.Release DLL|Win32.ActiveCfg = Release static|Win32
		{CC592789-E5B9-4302-943E-E11BA53E0C5F}.Release DLL|Xbox 360.ActiveCfg = Release static|Win32
		{CC592789-E5B9-4302-943E-E11BA53E0C5F}.Release static|Win32.ActiveCfg = Release static|Win32
		{CC592789-E5B9-4302-943E-E11BA53E0C5F}.Release static|Win32.Build.0 = Release static|Win32
		{CC592789-E5B9-4302-943E-E11BA53E0C5F}.Release static|Xbox 360.ActiveCfg = Release static|Win32
		{9AD0AFDC-4269-48F8-A8B1-F5A025FE3226}.Debug DLL|Win32.ActiveCfg = Debug static|Win32
		{9AD0AFDC-4269-48F8-A8B1-F5A025FE3226}.Debug DLL|Xbox 360.ActiveCfg = Debug static|Win32
		{9AD0AFDC-4269-48F8-A8B1-F5A025FE3226}.Debug static|Win32.ActiveCfg = Debug static|Win32
		{9AD0AFDC-4269-48F8-A8B1-F5A025FE3226}.Debug static|Win32.Build.0 = Debug static|Win32
		{9AD0AFDC-4269-48F8-A8B1-F5A025FE3226}.Debug static|Xbox 360.ActiveCfg = Debug static|Win32
		{9AD0AFDC-4269-48F8-A8B1-F5A025FE3226}.Debug with Release DLL|Win32.ActiveCfg = Release static|Win32
		{9AD0AFDC-4269-48F8-A8B1-F5A025FE3226}.Debug with Release DLL|Win32.Build.0 = Release static|Win32
		{9AD0AFDC-4269-48F8-A8B1-F5A025FE3226}.Debug with Release DLL|Xbox 360.ActiveCfg = Release static|Win32
		{9AD0AFDC-4269-48F8-A8B1-F5A025FE3226}.GL Debug|Win32.ActiveCfg = Release static|Win32
		{9AD0AFDC-4269-48F8-A8B1-F5A025FE3226}.GL Debug|Win32.Build.0 = Release static|Win32
		{9AD0AFDC-4269-48F8-A8B1-F5A025FE3226}.GL Debug|Xbox 360.ActiveCfg = Release static|Win32
		{9AD0AFDC-4269-48F8-A8B1-F5A025FE3226}.Release DLL|Win32.ActiveCfg = Release static|Win32
		{9AD0AFDC-4269-48F8-A8B1-F5A025FE3226}.Release DLL|Win32.Build.0 = Release static|Win32
		{9AD0AFDC-4269-48F8-A8B1-F5A025FE3226}.Release DLL|Xbox 360.ActiveCfg = Release static|Win32
		{9AD0AFDC-4269-48F8-A8B1-F5A025FE3226}.Release static|Win32.ActiveCfg = Release static|Win32
		{9AD0AFDC-4269-48F8-A8B1-F5A025FE3226}.Release static|Win32.Build.0 = Release static|Win32
		{9AD0AFDC-4269-48F8-A8B1-F5A025FE3226}.Release static|Xbox 360.ActiveCfg = Release static|Win32
		{9B667646-EFF4-42C2-94DA-8F8388A03C47}.Debug DLL|Win32.ActiveCfg = Debug static|Win32
		{9B667646-EFF4-42C2-94DA-8F8388A03C47}.Debug DLL|Win32.Build.0 = Debug static|Win32
		{9B667646-EFF4-42C2-94DA-8F8388A03C47}.Debug DLL|Xbox 360.ActiveCfg = Debug static|Win32
		{9B667646-EFF4-42C2-94DA-8F8388A03C47}.Debug DLL|Xbox 360.Build.0 = Debug static|Win32
		{9B667646-EFF4-42C2-94DA-8F8388A03C47}.Debug static|Win32.ActiveCfg = Debug static|Win32
		{9B667646-EFF4-42C2-94DA-8F8388A03C47}.Debug static|Win32.Build.0 = Debug static|Win32
		{9B667646-EFF4-42C2-94DA-8F8388A03C47}.Debug static|Xbox 360.ActiveCfg = Debug static|Win32
		{9B667646-EFF4-42C2-94DA-8F8388A03C47}.Debug static|Xbox 360.Build.0 = Debug static|Win32
		{9B667646-EFF4-42C2-94DA-8F8388A03C47}.Debug with Release DLL|Win32.ActiveCfg = Debug static|Win32
		{9B667646-EFF4-42C2-94DA-8F8388A03C47}.Debug with Release DLL|Win32.Build.0 = Debug static|Win32
		{9B667646-EFF4-42C2-94DA-8F8388A03C47}.Debug with Release DLL|Xbox 360.ActiveCfg = Debug static|Win32
		{9B667646-EFF4-42C2-94DA-8F8388A03C47}.Debug with Release DLL|Xbox 360.Build.0 = Debug static|Win32
		{9B667646-EFF4-42C2-94DA-8F8388A03C47}.GL Debug|Win32.ActiveCfg = Release static|Win32
		{9B667646-EFF4-42C2-94DA-8F8388A03C47}.GL Debug|Xbox 360.ActiveCfg = Release static|Win32
		{9B667646-EFF4-42C2-94DA-8F8388A03C47}.Release DLL|Win32.ActiveCfg = Release static|Win32
		{9B667646-EFF4-42C2-94DA-8F8388A03C47}.Release DLL|Win32.Build.0 = Release static|Win32
		{9B667646-EFF4-42C2-94DA-8F8388A03C47}.Release DLL|Xbox 360.ActiveCfg = Release static|Win32
		{9B667646-EFF4-42C2-94DA-8F8388A03C47}.Release DLL|Xbox 360.Build.0 = Release static|Win32
		{9B667646-EFF4-42C2-94DA-8F8388A03C47}.Release static|Win32.ActiveCfg = Release static|Win32
		{9B667646-EFF4-42C2-94DA-8F8388A03C47}.Release static|Win32.Build.0 = Release static|Win32
		{9B667646-EFF4-42C2-94DA-8F8388A03C47}.Release static|Xbox 360.ActiveCfg = Release static|Win32
		{9B667646-EFF4-42C2-94DA-8F8388A03C47}.Release static|Xbox 360.Build.0 = Release static|Win32
		{5A0A9769-EA99-4A20-BC0D-74F39FDCCA88}.Debug DLL|Win32.ActiveCfg = Debug static|Win32
		{5A0A9769-EA99-4A20-BC0D-74F39FDCCA88}.Debug DLL|Xbox 360.ActiveCfg = Debug static|Win32
		{5A0A9769-EA99-4A20-BC0D-74F39FDCCA88}.Debug static|Win32.ActiveCfg = Debug static|Win32
		{5A0A9769-EA99-4A20-BC0D-74F39FDCCA88}.Debug static|Win32.Build.0 = Debug static|Win32
		{5A0A9769-EA99-4A20-BC0D-74F39FDCCA88}.Debug static|Xbox 360.ActiveCfg = Debug static|Win32
		{5A0A9769-EA99-4A20-BC0D-74F39FDCCA88}.Debug with Release DLL|Win32.ActiveCfg = Debug static|Win32
		{5A0A9769-EA99-4A20-BC0D-74F39FDCCA88}.Debug with Release DLL|Xbox 360.ActiveCfg = Debug static|Win32
		{5A0A9769-EA99-4A20-BC0D-74F39FDCCA88}.GL Debug|Win32.ActiveCfg = Release DLL|Win32
		{5A0A9769-EA99-4A20-BC0D-74F39FDCCA88}.GL Debug|Win32.Build.0 = Release DLL|Win32
		{5A0A9769-EA99-4A20-BC0D-74F39FDCCA88}.GL Debug|Xbox 360.ActiveCfg = Release DLL|Win32
		{5A0A9769-EA99-4A20-BC0D-74F39FDCCA88}.Release DLL|Win32.ActiveCfg = Release DLL|Win32
		{5A0A9769-EA99-4A20-BC0D-74F39FDCCA88}.Release DLL|Xbox 360.ActiveCfg = Release DLL|Win32
		{5A0A9769-EA99-4A20-BC0D-74F39FDCCA88}.Release static|Win32.ActiveCfg = Release static|Win32
		{5A0A9769-EA99-4A20-BC0D-74F39FDCCA88}.Release static|Win32.Build.0 = Release static|Win32
		{5A0A9769-EA99-4A20-BC0D-74F39FDCCA88}.Release static|Xbox 360.ActiveCfg = Release static|Win32
		{24A70CDD-FF75-4686-B09E-F939F744F94B}.Debug DLL|Win32.ActiveCfg = Debug static|Win32
		{24A70CDD-FF75-4686-B09E-F939F744F94B}.Debug DLL|Xbox 360.ActiveCfg = Debug static|Win32
		{24A70CDD-FF75-4686-B09E-F939F744F94B}.Debug static|Win32.ActiveCfg = Debug static|Win32
		{24A70CDD-FF75-4686-B09E-F939F744F94B}.Debug static|Win32.Build.0 = Debug static|Win32
		{24A70CDD-FF75-4686-B09E-F939F744F94B}.Debug static|Xbox 360.ActiveCfg = Debug static|Win32
		{24A70CDD-FF75-4686-B09E-F939F744F94B}.Debug with Release DLL|Win32.ActiveCfg = Debug static|Win32
		{24A70CDD-FF75-4686-B09E-F939F744F94B}.Debug with Release DLL|Xbox 360.ActiveCfg = Debug static|Win32
		{24A70CDD-FF75-4686-B09E-F939F744F94B}.GL Debug|Win32.ActiveCfg = Release static|Win32
		{24A70CDD-FF75-4686-B09E-F939F744F94B}.GL Debug|Win32.Build.0 = Release static|Win32
		{24A70CDD-FF75-4686-B09E-F939F744F94B}.GL Debug|Xbox 360.ActiveCfg = Release static|Win32
		{24A70CDD-FF75-4686-B09E-F939F744F94B}.Release DLL|Win32.ActiveCfg = Release static|Win32
		{24A70CDD-FF75-4686-B09E-F939F744F94B}.Release DLL|Xbox 360.ActiveCfg = Release static|Win32
		{24A70CDD-FF75-4686-B09E-F939F744F94B}.Release static|Win32.ActiveCfg = Release static|Win32
		{24A70CDD-FF75-4686-B09E-F939F744F94B}.Release static|Win32.Build.0 = Release static|Win32
		{24A70CDD-FF75-4686-B09E-F939F744F94B}.Release static|Xbox 360.ActiveCfg = Release static|Win32
		{2D2907C3-3E69-234A-306C-243C989A3411}.Debug DLL|Win32.ActiveCfg = Debug DLL|Win32
		{2D2907C3-3E69-234A-306C-243C989A3411}.Debug DLL|Win32.Build.0 = Debug DLL|Win32
		{2D2907C3-3E69-234A-306C-243C989A3411}.Debug DLL|Xbox 360.ActiveCfg = Debug DLL|Win32
		{2D2907C3-3E69-234A-306C-243C989A3411}.Debug static|Win32.ActiveCfg = Debug static|Win32
		{2D2907C3-3E69-234A-306C-243C989A3411}.Debug static|Win32.Build.0 = Debug static|Win32
		{2D2907C3-3E69-234A-306C-243C989A3411}.Debug static|Xbox 360.ActiveCfg = Debug static|Win32
		{2D2907C3-3E69-234A-306C-243C989A3411}.Debug with Release DLL|Win32.ActiveCfg = Release DLL|Win32
		{2D2907C3-3E69-234A-306C-243C989A3411}.Debug with Release DLL|Win32.Build.0 = Release DLL|Win32
		{2D2907C3-3E69-234A-306C-243C989A3411}.Debug with Release DLL|Xbox 360.ActiveCfg = Release DLL|Win32
		{2D2907C3-3E69-234A-306C-243C989A3411}.GL Debug|Win32.ActiveCfg = Debug DLL|Win32
		{2D2907C3-3E69-234A-306C-243C989A3411}.GL Debug|Win32.Build.0 = Debug DLL|Win32
		{2D2907C3-3E69-234A-306C-243C989A3411}.GL Debug|Xbox 360.ActiveCfg = Debug DLL|Win32
		{2D2907C3-3E69-234A-306C-243C989A3411}.Release DLL|Win32.ActiveCfg = Release DLL|Win32
		{2D2907C3-3E69-234A-306C-243C989A3411}.Release DLL|Win32.Build.0 = Release DLL|Win32
		{2D2907C3-3E69-234A-306C-243C989A3411}.Release DLL|Xbox 360.ActiveCfg = Release DLL|Win32
		{2D2907C3-3E69-234A-306C-243C989A3411}.Release static|Win32.ActiveCfg = Release static|Win32
		{2D2907C3-3E69-234A-306C-243C989A3411}.Release static|Win32.Build.0 = Release static|Win32
		{2D2907C3-3E69-234A-306C-243C989A3411}.Release static|Xbox 360.ActiveCfg = Release static|Win32
		{E86C82E4-AF66-BC30-0AC4-8B3CB1E9C0F3}.Debug DLL|Win32.ActiveCfg = Debug DLL|Win32
		{E86C82E4-AF66-BC30-0AC4-8B3CB1E9C0F3}.Debug DLL|Win32.Build.0 = Debug DLL|Win32
		{E86C82E4-AF66-BC30-0AC4-8B3CB1E9C0F3}.Debug DLL|Xbox 360.ActiveCfg = Debug DLL|Win32
		{E86C82E4-AF66-BC30-0AC4-8B3CB1E9C0F3}.Debug static|Win32.ActiveCfg = Debug static|Win32
		{E86C82E4-AF66-BC30-0AC4-8B3CB1E9C0F3}.Debug static|Win32.Build.0 = Debug static|Win32
		{E86C82E4-AF66-BC30-0AC4-8B3CB1E9C0F3}.Debug static|Xbox 360.ActiveCfg = Debug static|Win32
		{E86C82E4-AF66-BC30-0AC4-8B3CB1E9C0F3}.Debug with Release DLL|Win32.ActiveCfg = Debug DLL|Win32
		{E86C82E4-AF66-BC30-0AC4-8B3CB1E9C0F3}.Debug with Release DLL|Win32.Build.0 = Debug DLL|Win32
		{E86C82E4-AF66-BC30-0AC4-8B3CB1E9C0F3}.Debug with Release DLL|Xbox 360.ActiveCfg = Debug DLL|Win32
		{E86C82E4-AF66-BC30-0AC4-8B3CB1E9C0F3}.GL Debug|Win32.ActiveCfg = Debug DLL|Win32
		{E86C82E4-AF66-BC30-0AC4-8B3CB1E9C0F3}.GL Debug|Win32.Build.0 = Debug DLL|Win32
		{E86C82E4-AF66-BC30-0AC4-8B3CB1E9C0F3}.GL Debug|Xbox 360.ActiveCfg = Debug DLL|Win32
		{E86C82E4-AF66-BC30-0AC4-8B3CB1E9C0F3}.Release DLL|Win32.ActiveCfg = Release DLL|Win32
		{E86C82E4-AF66-BC30-0AC4-8B3CB1E9C0F3}.Release DLL|Win32.Build.0 = Release DLL|Win32
		{E86C82E4-AF66-BC30-0AC4-8B3CB1E9C0F3}.Release DLL|Xbox 360.ActiveCfg = Release DLL|Win32
		{E86C82E4-AF66-BC30-0AC4-8B3CB1E9C0F3}.Release static|Win32.ActiveCfg = Release static|Win32
		{E86C82E4-AF66-BC30-0AC4-8B3CB1E9C0F3}.Release static|Win32.Build.0 = Release static|Win32
		{E86C82E4-AF66-BC30-0AC4-8B3CB1E9C0F3}.Release static|Xbox 360.ActiveCfg = Release static|Win32
		{A66C8AE0-F669-45B0-BEC4-0C7B9C0B1EF2}.Debug DLL|Win32.ActiveCfg = Debug DLL|Win32
		{A66C8AE0-F669-45B0-BEC4-0C7B9C0B1EF2}.Debug DLL|Win32.Build.0 = Debug DLL|Win32
		{A66C8AE0-F669-45B0-BEC4-0C7B9C0B1EF2}.Debug DLL|Xbox 360.ActiveCfg = Debug DLL|Win32
		{A66C8AE0-F669-45B0-BEC4-0C7B9C0B1EF2}.Debug static|Win32.ActiveCfg = Debug static|Win32
		{A66C8AE0-F669-45B0-BEC4-0C7B9C0B1EF2}.Debug static|Win32.Build.0 = Debug static|Win32
		{A66C8AE0-F669-45B0-BEC4-0C7B9C0B1EF2}.Debug static|Xbox 360.ActiveCfg = Debug static|Win32
		{A66C8AE0-F669-45B0-BEC4-0C7B9C0B1EF2}.Debug with Release DLL|Win32.ActiveCfg = Debug DLL|Win32
		{A66C8AE0-F669-45B0-BEC4-0C7B9C0B1EF2}.Debug with Release DLL|Win32.Build.0 = Debug DLL|Win32
		{A66C8AE0-F669-45B0-BEC4-0C7B9C0B1EF2}.Debug with Release DLL|Xbox 360.ActiveCfg = Debug DLL|Win32
		{A66C8AE0-F669-45B0-BEC4-0C7B9C0B1EF2}.GL Debug|Win32.ActiveCfg = Debug DLL|Win32
		{A66C8AE0-F669-45B0-BEC4-0C7B9C0B1EF2}.GL Debug|Win32.Build.0 = Debug DLL|Win32
		{A66C8AE0-F669-45B0-BEC4-0C7B9C0B1EF2}.GL Debug|Xbox 360.ActiveCfg = Debug DLL|Win32
		{A66C8AE0-F669-45B0-BEC4-0C7B9C0B1EF2}.Release DLL|Win32.ActiveCfg = Release DLL|Win32
		{A66C8AE0-F669-45B0-BEC4-0C7B9C0B1EF2}.Release DLL|Win32.Build.0 = Release DLL|Win32
		{A66C8AE0-F669-45B0-BEC4-0C7B9C0B1EF2}.Release DLL|Xbox 360.ActiveCfg = Release DLL|Win32
		{A66C8AE0-F669-45B0-BEC4-0C7B9C0B1EF2}.Release static|Win32.ActiveCfg = Release static|Win32
		{A66C8AE0-F669-45B0-BEC4-0C7B9C0B1EF2}.Release static|Win32.Build.0 = Release static|Win32
		{A66C8AE0-F669-45B0-BEC4-0C7B9C0B1EF2}.Release static|Xbox 360.ActiveCfg = Release static|Win32
		{C61A01E3-A561-65A1-EE22-2C3B4CAB2EFA}.Debug DLL|Win32.ActiveCfg = Debug DLL|Win32
		{C61A01E3-A561-65A1-EE22-2C3B4CAB2EFA}.Debug DLL|Win32.Build.0 = Debug DLL|Win32
		{C61A01E3-A561-65A1-EE22-2C3B4CAB2EFA}.Debug DLL|Xbox 360.ActiveCfg = Debug DLL|Win32
		{C61A01E3-A561-65A1-EE22-2C3B4CAB2EFA}.Debug static|Win32.ActiveCfg = Debug static|Win32
		{C61A01E3-A561-65A1-EE22-2C3B4CAB2EFA}.Debug static|Win32.Build.0 = Debug static|Win32
		{C61A01E3-A561-65A1-EE22-2C3B4CAB2EFA}.Debug static|Xbox 360.ActiveCfg = Debug static|Win32
		{C61A01E3-A561-65A1-EE22-2C3B4CAB2EFA}.Debug with Release DLL|Win32.ActiveCfg = Debug DLL|Win32
		{C61A01E3-A561-65A1-EE22-2C3B4CAB2EFA}.Debug with Release DLL|Win32.Build.0 = Debug DLL|Win32
		{C61A01E3-A561-65A1-EE22-2C3B4CAB2EFA}.Debug with Release DLL|Xbox 360.ActiveCfg = Debug DLL|Win32
		{C61A01E3-A561-65A1-EE22-2C3B4CAB2EFA}.GL Debug|Win32.ActiveCfg = Debug DLL|Win32
		{C61A01E3-A561-65A1-EE22-2C3B4CAB2EFA}.GL Debug|Win32.Build.0 = Debug DLL|Win32
		{C61A01E3-A561-65A1-EE22-2C3B4CAB2EFA}.GL Debug|Xbox 360.ActiveCfg = Debug DLL|Win32
		{C61A01E3-A561-65A1-EE22-2C3B4CAB2EFA}.Release DLL|Win32.ActiveCfg = Release DLL|Win32
		{C61A01E3-A561-65A1-EE22-2C3B4CAB2EFA}.Release DLL|Win32.Build.0 = Release DLL|Win32
		{C61A01E3-A561-65A1-EE22-2C3B4CAB2EFA}.Release DLL|Xbox 360.ActiveCfg = Release DLL|Win32
		{C61A01E3-A561-65A1-EE22-2C3B4CAB2EFA}.Release static|Win32.ActiveCfg = Release static|Win32
		{C61A01E3-A561-65A1-EE22-2C3B4CAB2EFA}.Release static|Win32.Build.0 = Release static|Win32
		{C61A01E3-A561-65A1-EE22-2C3B4CAB2EFA}.Release static|Xbox 360.ActiveCfg = Release static|Win32
		{39E5E68E-2A16-AC52-1AA2-9B1C32E9A022}.Debug DLL|Win32.ActiveCfg = Debug DLL|Win32
		{39E5E68E-2A16-AC52-1AA2-9B1C32E9A022}.Debug DLL|Win32.Build.0 = Debug DLL|Win32
		{39E5E68E-2A16-AC52-1AA2-9B1C32E9A022}.Debug DLL|Xbox 360.ActiveCfg = Debug DLL|Win32
		{39E5E68E-2A16-AC52-1AA2-9B1C32E9A022}.Debug static|Win32.ActiveCfg = Debug static|Win32
		{39E5E68E-2A16-AC52-1AA2-9B1C32E9A022}.Debug static|Win32.Build.0 = Debug static|Win32
		{39E5E68E-2A16-AC52-1AA2-9B1C32E9A022}.Debug static|Xbox 360.ActiveCfg = Debug static|Win32
		{39E5E68E-2A16-AC52-1AA2-9B1C32E9A022}.Debug with Release DLL|Win32.ActiveCfg = Debug DLL|Win32
		{39E5E68E-2A16-AC52-1AA2-9B1C32E9A022}.Debug with Release DLL|Win32.Build.0 = Debug DLL|Win32
		{39E5E68E-2A16-AC52-1AA2-9B1C32E9A022}.Debug with Release DLL|Xbox 360.ActiveCfg = Debug DLL|Win32
		{39E5E68E-2A16-AC52-1AA2-9B1C32E9A022}.GL Debug|Win32.ActiveCfg = Debug DLL|Win32
		{39E5E68E-2A16-AC52-1AA2-9B1C32E9A022}.GL Debug|Win32.Build.0 = Debug DLL|Win32
		{39E5E68E-2A16-AC52-1AA2-9B1C32E9A022}.GL Debug|Xbox 360.ActiveCfg = Debug DLL|Win32
		{39E5E68E-2A16-AC52-1AA2-9B1C32E9A022}.Release DLL|Win32.ActiveCfg = Release DLL|Win32
		{39E5E68E-2A16-AC52-1AA2-9B1C32E9A022}.Release DLL|Win32.Build.0 = Release DLL|Win32
		{39E5E68E-2A16-AC52-1AA2-9B1C32E9A022}.Release DLL|Xbox 360.ActiveCfg = Release DLL|Win32
		{39E5E68E-2A16-AC52-1AA2-9B1C32E9A022}.Release static|Win32.ActiveCfg = Release static|Win32
		{39E5E68E-2A16-AC52-1AA2-9B1C32E9A022}.Release static|Win32.Build.0 = Release static|Win32
		{39E5E68E-2A16-AC52-1AA2-9B1C32E9A022}.Release static|Xbox 360.ActiveCfg = Release static|Win32
		{161A11E3-A161-61A1-EE12-2C3B1CAB2E1A}.Debug DLL|Win32.ActiveCfg = Debug DLL|Win32
		{161A11E3-A161-61A1-EE12-2C3B1CAB2E1A}.Debug DLL|Win32.Build.0 = Debug DLL|Win32
		{161A11E3-A161-61A1-EE12-2C3B1CAB2E1A}.Debug DLL|Xbox 360.ActiveCfg = Debug DLL|Win32
		{161A11E3-A161-61A1-EE12-2C3B1CAB2E1A}.Debug static|Win32.ActiveCfg = Debug static|Win32
		{161A11E3-A161-61A1-EE12-2C3B1CAB2E1A}.Debug static|Win32.Build.0 = Debug static|Win32
		{161A11E3-A161-61A1-EE12-2C3B1CAB2E1A}.Debug static|Xbox 360.ActiveCfg = Debug static|Win32
		{161A11E3-A161-61A1-EE12-2C3B1CAB2E1A}.Debug with Release DLL|Win32.ActiveCfg = Debug DLL|Win32
		{161A11E3-A161-61A1-EE12-2C3B1CAB2E1A}.Debug with Release DLL|Win32.Build.0 = Debug DLL|Win32
		{161A11E3-A161-61A1-EE12-2C3B1CAB2E1A}.Debug with Release DLL|Xbox 360.ActiveCfg = Debug DLL|Win32
		{161A11E3-A161-61A1-EE12-2C3B1CAB2E1A}.GL Debug|Win32.ActiveCfg = Debug DLL|Win32
		{161A11E3-A161-61A1-EE12-2C3B1CAB2E1A}.GL Debug|Win32.Build.0 = Debug DLL|Win32
		{161A11E3-A161-61A1-EE12-2C3B1CAB2E1A}.GL Debug|Xbox 360.ActiveCfg = Debug DLL|Win32
		{161A11E3-A161-61A1-EE12-2C3B1CAB2E1A}.Release DLL|Win32.ActiveCfg = Release DLL|Win32
		{161A11E3-A161-61A1-EE12-2C3B1CAB2E1A}.Release DLL|Win32.Build.0 = Release DLL|Win32
		{161A11E3-A161-61A1-EE12-2C3B1CAB2E1A}.Release DLL|Xbox 360.ActiveCfg = Release DLL|Win32
		{161A11E3-A161-61A1-EE12-2C3B1CAB2E1A}.Release static|Win32.ActiveCfg = Release static|Win32
		{161A11E3-A161-61A1-EE12-2C3B1CAB2E1A}.Release static|Win32.Build.0 = Release static|Win32
		{161A11E3-A161-61A1-EE12-2C3B1CAB2E1A}.Release static|Xbox 360.ActiveCfg = Release static|Win32
		{396A4522-9173-ABCD-23AA-91827364ABEE}.Debug DLL|Win32.ActiveCfg = Debug DLL|Win32
		{396A4522-9173-ABCD-23AA-91827364ABEE}.Debug DLL|Win32.Build.0 = Debug DLL|Win32
		{396A4522-9173-ABCD-23AA-91827364ABEE}.Debug DLL|Xbox 360.ActiveCfg = Debug DLL|Win32
		{396A4522-9173-ABCD-23AA-91827364ABEE}.Debug static|Win32.ActiveCfg = Debug static|Win32
		{396A4522-9173-ABCD-23AA-91827364ABEE}.Debug static|Win32.Build.0 = Debug static|Win32
		{396A4522-9173-ABCD-23AA-91827364ABEE}.Debug static|Xbox 360.ActiveCfg = Debug static|Win32
		{396A4522-9173-ABCD-23AA-91827364ABEE}.Debug with Release DLL|Win32.ActiveCfg = Debug DLL|Win32
		{396A4522-9173-ABCD-23AA-91827364ABEE}.Debug with Release DLL|Win32.Build.0 = Debug DLL|Win32
		{396A4522-9173-ABCD-23AA-91827364ABEE}.Debug with Release DLL|Xbox 360.ActiveCfg = Debug DLL|Win32
		{396A4522-9173-ABCD-23AA-91827364ABEE}.GL Debug|Win32.ActiveCfg = Debug DLL|Win32
		{396A4522-9173-ABCD-23AA-91827364ABEE}.GL Debug|Win32.Build.0 = Debug DLL|Win32
		{396A4522-9173-ABCD-23AA-91827364ABEE}.GL Debug|Xbox 360.ActiveCfg = Debug DLL|Win32
		{396A4522-9173-ABCD-23AA-91827364ABEE}.Release DLL|Win32.ActiveCfg = Release DLL|Win32
		{396A4522-9173-ABCD-23AA-91827364ABEE}.Release DLL|Win32.Build.0 = Release DLL|Win32
		{396A4522-9173-ABCD-23AA-91827364ABEE}.Release DLL|Xbox 360.ActiveCfg = Release DLL|Win32
		{396A4522-9173-ABCD-23AA-91827364ABEE}.Release static|Win32.ActiveCfg = Release static|Win32
		{396A4522-9173-ABCD-23AA-91827364ABEE}.Release static|Win32.Build.0 = Release static|Win32
		{396A4522-9173-ABCD-23AA-91827364ABEE}.Release static|Xbox 360.ActiveCfg = Release static|Win32
		{C97F516C-5EFA-479A-A42A-B0AFEAF1E236}.Debug DLL|Win32.ActiveCfg = Debug DLL|Win32
		{C97F516C-5EFA-479A-A42A-B0AFEAF1E236}.Debug DLL|Win32.Build.0 = Debug DLL|Win32
		{C97F516C-5EFA-479A-A42A-B0AFEAF1E236}.Debug DLL|Xbox 360.ActiveCfg = Debug DLL|Xbox 360
		{C97F516C-5EFA-479A-A42A-B0AFEAF1E236}.Debug DLL|Xbox 360.Build.0 = Debug DLL|Xbox 360
		{C97F516C-5EFA-479A-A42A-B0AFEAF1E236}.Debug static|Win32.ActiveCfg = Debug static|Win32
		{C97F516C-5EFA-479A-A42A-B0AFEAF1E236}.Debug static|Win32.Build.0 = Debug static|Win32
		{C97F516C-5EFA-479A-A42A-B0AFEAF1E236}.Debug static|Xbox 360.ActiveCfg = Debug static|Xbox 360
		{C97F516C-5EFA-479A-A42A-B0AFEAF1E236}.Debug static|Xbox 360.Build.0 = Debug static|Xbox 360
		{C97F516C-5EFA-479A-A42A-B0AFEAF1E236}.Debug with Release DLL|Win32.ActiveCfg = Debug DLL|Win32
		{C97F516C-5EFA-479A-A42A-B0AFEAF1E236}.Debug with Release DLL|Win32.Build.0 = Debug DLL|Win32
		{C97F516C-5EFA-479A-A42A-B0AFEAF1E236}.Debug with Release DLL|Xbox 360.ActiveCfg = Debug DLL|Xbox 360
		{C97F516C-5EFA-479A-A42A-B0AFEAF1E236}.Debug with Release DLL|Xbox 360.Build.0 = Debug DLL|Xbox 360
		{C97F516C-5EFA-479A-A42A-B0AFEAF1E236}.GL Debug|Win32.ActiveCfg = Debug DLL|Xbox 360
		{C97F516C-5EFA-479A-A42A-B0AFEAF1E236}.GL Debug|Xbox 360.ActiveCfg = Debug DLL|Xbox 360
		{C97F516C-5EFA-479A-A42A-B0AFEAF1E236}.GL Debug|Xbox 360.Build.0 = Debug DLL|Xbox 360
		{C97F516C-5EFA-479A-A42A-B0AFEAF1E236}.Release DLL|Win32.ActiveCfg = Release DLL|Win32
		{C97F516C-5EFA-479A-A42A-B0AFEAF1E236}.Release DLL|Win32.Build.0 = Release DLL|Win32
		{C97F516C-5EFA-479A-A42A-B0AFEAF1E236}.Release DLL|Xbox 360.ActiveCfg = Release DLL|Xbox 360
		{C97F516C-5EFA-479A-A42A-B0AFEAF1E236}.Release DLL|Xbox 360.Build.0 = Release DLL|Xbox 360
		{C97F516C-5EFA-479A-A42A-B0AFEAF1E236}.Release static|Win32.ActiveCfg = Release static|Win32
		{C97F516C-5EFA-479A-A42A-B0AFEAF1E236}.Release static|Win32.Build.0 = Release static|Win32
		{C97F516C-5EFA-479A-A42A-B0AFEAF1E236}.Release static|Xbox 360.ActiveCfg = Release static|Xbox 360
		{C97F516C-5EFA-479A-A42A-B0AFEAF1E236}.Release static|Xbox 360.Build.0 = Release static|Xbox 360
		{A93C8C21-6C34-4BB2-46B3-7C8D93ED3A4A}.Debug DLL|Win32.ActiveCfg = Debug DLL|Win32
		{A93C8C21-6C34-4BB2-46B3-7C8D93ED3A4A}.Debug DLL|Win32.Build.0 = Debug DLL|Win32
		{A93C8C21-6C34-4BB2-46B3-7C8D93ED3A4A}.Debug DLL|Xbox 360.ActiveCfg = Debug DLL|Xbox 360
		{A93C8C21-6C34-4BB2-46B3-7C8D93ED3A4A}.Debug DLL|Xbox 360.Build.0 = Debug DLL|Xbox 360
		{A93C8C21-6C34-4BB2-46B3-7C8D93ED3A4A}.Debug static|Win32.ActiveCfg = Debug static|Win32
		{A93C8C21-6C34-4BB2-46B3-7C8D93ED3A4A}.Debug static|Win32.Build.0 = Debug static|Win32
		{A93C8C21-6C34-4BB2-46B3-7C8D93ED3A4A}.Debug static|Xbox 360.ActiveCfg = Debug static|Xbox 360
		{A93C8C21-6C34-4BB2-46B3-7C8D93ED3A4A}.Debug static|Xbox 360.Build.0 = Debug static|Xbox 360
		{A93C8C21-6C34-4BB2-46B3-7C8D93ED3A4A}.Debug with Release DLL|Win32.ActiveCfg = Release DLL|Win32
		{A93C8C21-6C34-4BB2-46B3-7C8D93ED3A4A}.Debug with Release DLL|Win32.Build.0 = Release DLL|Win32
		{A93C8C21-6C34-4BB2-46B3-7C8D93ED3A4A}.Debug with Release DLL|Xbox 360.ActiveCfg = Release DLL|Xbox 360
		{A93C8C21-6C34-4BB2-46B3-7C8D93ED3A4A}.Debug with Release DLL|Xbox 360.Build.0 = Release DLL|Xbox 360
		{A93C8C21-6C34-4BB2-46B3-7C8D93ED3A4A}.GL Debug|Win32.ActiveCfg = Debug DLL|Xbox 360
		{A93C8C21-6C34-4BB2-46B3-7C8D93ED3A4A}.GL Debug|Xbox 360.ActiveCfg = Debug DLL|Xbox 360
		{A93C8C21-6C34-4BB2-46B3-7C8D93ED3A4A}.GL Debug|Xbox 360.Build.0 = Debug DLL|Xbox 360
		{A93C8C21-6C34-4BB2-46B3-7C8D93ED3A4A}.Release DLL|Win32.ActiveCfg = Release DLL|Win32
		{A93C8C21-6C34-4BB2-46B3-7C8D93ED3A4A}.Release DLL|Win32.Build.0 = Release DLL|Win32
		{A93C8C21-6C34-4BB2-46B3-7C8D93ED3A4A}.Release DLL|Xbox 360.ActiveCfg = Release DLL|Xbox 360
		{A93C8C21-6C34-4BB2-46B3-7C8D93ED3A4A}.Release DLL|Xbox 360.Build.0 = Release DLL|Xbox 360
		{A93C8C21-6C34-4BB2-46B3-7C8D93ED3A4A}.Release static|Win32.ActiveCfg = Release static|Win32
		{A93C8C21-6C34-4BB2-46B3-7C8D93ED3A4A}.Release static|Win32.Build.0 = Release static|Win32
		{A93C8C21-6C34-4BB2-46B3-7C8D93ED3A4A}.Release static|Xbox 360.ActiveCfg = Release static|Xbox 360
		{A93C8C21-6C34-4BB2-46B3-7C8D93ED3A4A}.Release static|Xbox 360.Build.0 = Release static|Xbox 360
		{2E053151-D333-4091-9D6D-54408A6610DD}.Debug DLL|Win32.ActiveCfg = Debug DLL|Win32
		{2E053151-D333-4091-9D6D-54408A6610DD}.Debug DLL|Win32.Build.0 = Debug DLL|Win32
		{2E053151-D333-4091-9D6D-54408A6610DD}.Debug DLL|Xbox 360.ActiveCfg = Debug DLL|Win32
		{2E053151-D333-4091-9D6D-54408A6610DD}.Debug static|Win32.ActiveCfg = Debug DLL|Win32
		{2E053151-D333-4091-9D6D-54408A6610DD}.Debug static|Xbox 360.ActiveCfg = Debug DLL|Win32
		{2E053151-D333-4091-9D6D-54408A6610DD}.Debug with Release DLL|Win32.ActiveCfg = Debug DLL|Win32
		{2E053151-D333-4091-9D6D-54408A6610DD}.Debug with Release DLL|Win32.Build.0 = Debug DLL|Win32
		{2E053151-D333-4091-9D6D-54408A6610DD}.Debug with Release DLL|Xbox 360.ActiveCfg = Debug DLL|Win32
		{2E053151-D333-4091-9D6D-54408A6610DD}.GL Debug|Win32.ActiveCfg = Release DLL|Win32
		{2E053151-D333-4091-9D6D-54408A6610DD}.GL Debug|Win32.Build.0 = Release DLL|Win32
		{2E053151-D333-4091-9D6D-54408A6610DD}.GL Debug|Xbox 360.ActiveCfg = Release DLL|Win32
		{2E053151-D333-4091-9D6D-54408A6610DD}.Release DLL|Win32.ActiveCfg = Release DLL|Win32
		{2E053151-D333-4091-9D6D-54408A6610DD}.Release DLL|Win32.Build.0 = Release DLL|Win32
		{2E053151-D333-4091-9D6D-54408A6610DD}.Release DLL|Xbox 360.ActiveCfg = Release DLL|Win32
		{2E053151-D333-4091-9D6D-54408A6610DD}.Release static|Win32.ActiveCfg = Release DLL|Win32
		{2E053151-D333-4091-9D6D-54408A6610DD}.Release static|Xbox 360.ActiveCfg = Release DLL|Win32
		{3E151752-D431-5192-2E7D-4742826B1CDE}.Debug DLL|Win32.ActiveCfg = Debug DLL|Win32
		{3E151752-D431-5192-2E7D-4742826B1CDE}.Debug DLL|Win32.Build.0 = Debug DLL|Win32
		{3E151752-D431-5192-2E7D-4742826B1CDE}.Debug DLL|Xbox 360.ActiveCfg = Debug DLL|Win32
		{3E151752-D431-5192-2E7D-4742826B1CDE}.Debug static|Win32.ActiveCfg = Debug DLL|Win32
		{3E151752-D431-5192-2E7D-4742826B1CDE}.Debug static|Xbox 360.ActiveCfg = Debug DLL|Win32
		{3E151752-D431-5192-2E7D-4742826B1CDE}.Debug with Release DLL|Win32.ActiveCfg = Debug DLL|Win32
		{3E151752-D431-5192-2E7D-4742826B1CDE}.Debug with Release DLL|Win32.Build.0 = Debug DLL|Win32
		{3E151752-D431-5192-2E7D-4742826B1CDE}.Debug with Release DLL|Xbox 360.ActiveCfg = Debug DLL|Win32
		{3E151752-D431-5192-2E7D-4742826B1CDE}.GL Debug|Win32.ActiveCfg = Release DLL|Win32
		{3E151752-D431-5192-2E7D-4742826B1CDE}.GL Debug|Win32.Build.0 = Release DLL|Win32
		{3E151752-D431-5192-2E7D-4742826B1CDE}.GL Debug|Xbox 360.ActiveCfg = Release DLL|Win32
		{3E151752-D431-5192-2E7D-4742826B1CDE}.Release DLL|Win32.ActiveCfg = Release DLL|Win32
		{3E151752-D431-5192-2E7D-4742826B1CDE}.Release DLL|Win32.Build.0 = Release DLL|Win32
		{3E151752-D431-5192-2E7D-4742826B1CDE}.Release DLL|Xbox 360.ActiveCfg = Release DLL|Win32
		{3E151752-D431-5192-2E7D-4742826B1CDE}.Release static|Win32.ActiveCfg = Release DLL|Win32
		{3E151752-D431-5192-2E7D-4742826B1CDE}.Release static|Xbox 360.ActiveCfg = Release DLL|Win32
		{E2577A53-4812-1091-E37F-794832BA1DFE}.Debug DLL|Win32.ActiveCfg = Debug DLL|Win32
		{E2577A53-4812-1091-E37F-794832BA1DFE}.Debug DLL|Win32.Build.0 = Debug DLL|Win32
		{E2577A53-4812-1091-E37F-794832BA1DFE}.Debug DLL|Xbox 360.ActiveCfg = Debug DLL|Win32
		{E2577A53-4812-1091-E37F-794832BA1DFE}.Debug static|Win32.ActiveCfg = Debug DLL|Win32
		{E2577A53-4812-1091-E37F-794832BA1DFE}.Debug static|Xbox 360.ActiveCfg = Debug DLL|Win32
		{E2577A53-4812-1091-E37F-794832BA1DFE}.Debug with Release DLL|Win32.ActiveCfg = Debug DLL|Win32
		{E2577A53-4812-1091-E37F-794832BA1DFE}.Debug with Release DLL|Win32.Build.0 = Debug DLL|Win32
		{E2577A53-4812-1091-E37F-794832BA1DFE}.Debug with Release DLL|Xbox 360.ActiveCfg = Debug DLL|Win32
		{E2577A53-4812-1091-E37F-794832BA1DFE}.GL Debug|Win32.ActiveCfg = Release DLL|Win32
		{E2577A53-4812-1091-E37F-794832BA1DFE}.GL Debug|Win32.Build.0 = Release DLL|Win32
		{E2577A53-4812-1091-E37F-794832BA1DFE}.GL Debug|Xbox 360.ActiveCfg = Release DLL|Win32
		{E2577A53-4812-1091-E37F-794832BA1DFE}.Release DLL|Win32.ActiveCfg = Release DLL|Win32
		{E2577A53-4812-1091-E37F-794832BA1DFE}.Release DLL|Win32.Build.0 = Release DLL|Win32
		{E2577A53-4812-1091-E37F-794832BA1DFE}.Release DLL|Xbox 360.ActiveCfg = Release DLL|Win32
		{E2577A53-4812-1091-E37F-794832BA1DFE}.Release static|Win32.ActiveCfg = Release DLL|Win32
		{E2577A53-4812-1091-E37F-794832BA1DFE}.Release static|Xbox 360.ActiveCfg = Release DLL|Win32
		{A227AA12-51AE-F012-A334-A2690FBC1DFA}.Debug DLL|Win32.ActiveCfg = Debug DLL|Win32
		{A227AA12-51AE-F012-A334-A2690FBC1DFA}.Debug DLL|Win32.Build.0 = Debug DLL|Win32
		{A227AA12-51AE-F012-A334-A2690FBC1DFA}.Debug DLL|Xbox 360.ActiveCfg = Debug DLL|Win32
		{A227AA12-51AE-F012-A334-A2690FBC1DFA}.Debug static|Win32.ActiveCfg = Debug DLL|Win32
		{A227AA12-51AE-F012-A334-A2690FBC1DFA}.Debug static|Xbox 360.ActiveCfg = Debug DLL|Win32
		{A227AA12-51AE-F012-A334-A2690FBC1DFA}.Debug with Release DLL|Win32.ActiveCfg = Release DLL|Win32
		{A227AA12-51AE-F012-A334-A2690FBC1DFA}.Debug with Release DLL|Win32.Build.0 = Release DLL|Win32
		{A227AA12-51AE-F012-A334-A2690FBC1DFA}.Debug with Release DLL|Xbox 360.ActiveCfg = Release DLL|Win32
		{A227AA12-51AE-F012-A334-A2690FBC1DFA}.GL Debug|Win32.ActiveCfg = Release DLL|Win32
		{A227AA12-51AE-F012-A334-A2690FBC1DFA}.GL Debug|Win32.Build.0 = Release DLL|Win32
		{A227AA12-51AE-F012-A334-A2690FBC1DFA}.GL Debug|Xbox 360.ActiveCfg = Release DLL|Win32
		{A227AA12-51AE-F012-A334-A2690FBC1DFA}.Release DLL|Win32.ActiveCfg = Release DLL|Win32
		{A227AA12-51AE-F012-A334-A2690FBC1DFA}.Release DLL|Win32.Build.0 = Release DLL|Win32
		{A227AA12-51AE-F012-A334-A2690FBC1DFA}.Release DLL|Xbox 360.ActiveCfg = Release DLL|Win32
		{A227AA12-51AE-F012-A334-A2690FBC1DFA}.Release static|Win32.ActiveCfg = Release DLL|Win32
		{A227AA12-51AE-F012-A334-A2690FBC1DFA}.Release static|Win32.Build.0 = Release DLL|Win32
		{A227AA12-51AE-F012-A334-A2690FBC1DFA}.Release static|Xbox 360.ActiveCfg = Release DLL|Win32
		{3ABC0316-2C40-4CCA-8A70-C7D22CDA33FF}.Debug DLL|Win32.ActiveCfg = Debug static|Win32
		{3ABC0316-2C40-4CCA-8A70-C7D22CDA33FF}.Debug DLL|Win32.Build.0 = Debug static|Win32
		{3ABC0316-2C40-4CCA-8A70-C7D22CDA33FF}.Debug DLL|Xbox 360.ActiveCfg = Debug static|Win32
		{3ABC0316-2C40-4CCA-8A70-C7D22CDA33FF}.Debug static|Win32.ActiveCfg = Debug static|Win32
		{3ABC0316-2C40-4CCA-8A70-C7D22CDA33FF}.Debug static|Win32.Build.0 = Debug static|Win32
		{3ABC0316-2C40-4CCA-8A70-C7D22CDA33FF}.Debug static|Xbox 360.ActiveCfg = Debug static|Win32
		{3ABC0316-2C40-4CCA-8A70-C7D22CDA33FF}.Debug with Release DLL|Win32.ActiveCfg = Debug static|Win32
		{3ABC0316-2C40-4CCA-8A70-C7D22CDA33FF}.Debug with Release DLL|Win32.Build.0 = Debug static|Win32
		{3ABC0316-2C40-4CCA-8A70-C7D22CDA33FF}.Debug with Release DLL|Xbox 360.ActiveCfg = Debug static|Win32
		{3ABC0316-2C40-4CCA-8A70-C7D22CDA33FF}.GL Debug|Win32.ActiveCfg = Release static|Win32
		{3ABC0316-2C40-4CCA-8A70-C7D22CDA33FF}.GL Debug|Win32.Build.0 = Release static|Win32
		{3ABC0316-2C40-4CCA-8A70-C7D22CDA33FF}.GL Debug|Xbox 360.ActiveCfg = Release static|Win32
		{3ABC0316-2C40-4CCA-8A70-C7D22CDA33FF}.Release DLL|Win32.ActiveCfg = Debug static|Win32
		{3ABC0316-2C40-4CCA-8A70-C7D22CDA33FF}.Release DLL|Win32.Build.0 = Debug static|Win32
		{3ABC0316-2C40-4CCA-8A70-C7D22CDA33FF}.Release DLL|Xbox 360.ActiveCfg = Release static|Win32
		{3ABC0316-2C40-4CCA-8A70-C7D22CDA33FF}.Release static|Win32.ActiveCfg = Release static|Win32
		{3ABC0316-2C40-4CCA-8A70-C7D22CDA33FF}.Release static|Win32.Build.0 = Release static|Win32
		{3ABC0316-2C40-4CCA-8A70-C7D22CDA33FF}.Release static|Xbox 360.ActiveCfg = Release static|Win32
		{2B5DC58A-8E74-4868-B66F-D7A4CC8C72CE}.Debug DLL|Win32.ActiveCfg = Release static
		{2B5DC58A-8E74-4868-B66F-D7A4CC8C72CE}.Debug DLL|Win32.Build.0 = Release static
		{2B5DC58A-8E74-4868-B66F-D7A4CC8C72CE}.Debug DLL|Xbox 360.ActiveCfg = Release static
		{2B5DC58A-8E74-4868-B66F-D7A4CC8C72CE}.Debug DLL|Xbox 360.Build.0 = Release static
		{2B5DC58A-8E74-4868-B66F-D7A4CC8C72CE}.Debug static|Win32.ActiveCfg = Release static
		{2B5DC58A-8E74-4868-B66F-D7A4CC8C72CE}.Debug static|Win32.Build.0 = Release static
		{2B5DC58A-8E74-4868-B66F-D7A4CC8C72CE}.Debug static|Xbox 360.ActiveCfg = Release static
		{2B5DC58A-8E74-4868-B66F-D7A4CC8C72CE}.Debug static|Xbox 360.Build.0 = Release static
		{2B5DC58A-8E74-4868-B66F-D7A4CC8C72CE}.Debug with Release DLL|Win32.ActiveCfg = Release static
		{2B5DC58A-8E74-4868-B66F-D7A4CC8C72CE}.Debug with Release DLL|Win32.Build.0 = Release static
		{2B5DC58A-8E74-4868-B66F-D7A4CC8C72CE}.Debug with Release DLL|Xbox 360.ActiveCfg = Release static
		{2B5DC58A-8E74-4868-B66F-D7A4CC8C72CE}.Debug with Release DLL|Xbox 360.Build.0 = Release static
		{2B5DC58A-8E74-4868-B66F-D7A4CC8C72CE}.GL Debug|Win32.ActiveCfg = Release static
		{2B5DC58A-8E74-4868-B66F-D7A4CC8C72CE}.GL Debug|Win32.Build.0 = Release static
		{2B5DC58A-8E74-4868-B66F-D7A4CC8C72CE}.GL Debug|Xbox 360.ActiveCfg = Release static
		{2B5DC58A-8E74-4868-B66F-D7A4CC8C72CE}.GL Debug|Xbox 360.Build.0 = Release static
		{2B5DC58A-8E74-4868-B66F-D7A4CC8C72CE}.Release DLL|Win32.ActiveCfg = Release static
		{2B5DC58A-8E74-4868-B66F-D7A4CC8C72CE}.Release DLL|Xbox 360.ActiveCfg = Release static
		{2B5DC58A-8E74-4868-B66F-D7A4CC8C72CE}.Release DLL|Xbox 360.Build.0 = Release static
		{2B5DC58A-8E74-4868-B66F-D7A4CC8C72CE}.Release static|Win32.ActiveCfg = Release static
		{2B5DC58A-8E74-4868-B66F-D7A4CC8C72CE}.Release static|Win32.Build.0 = Release static
		{2B5DC58A-8E74-4868-B66F-D7A4CC8C72CE}.Release static|Xbox 360.ActiveCfg = Release static
		{2B5DC58A-8E74-4868-B66F-D7A4CC8C72CE}.Release static|Xbox 360.Build.0 = Release static
	EndGlobalSection
	GlobalSection(SolutionProperties) = preSolution
		HideSolutionNode = FALSE
	EndGlobalSection
	GlobalSection(NestedProjects) = preSolution
		{A57BDEBD-5E2A-41DF-B204-357C62E18B09} = {6D3AC815-5EAE-4547-BF40-D8EF926EFB0D}
		{AC8C9321-346C-42BB-4B36-D93E7C8D3A4A} = {6D3AC815-5EAE-4547-BF40-D8EF926EFB0D}
		{9B667646-EFF4-42C2-94DA-8F8388A03C47} = {6D3AC815-5EAE-4547-BF40-D8EF926EFB0D}
		{24A70CDD-FF75-4686-B09E-F939F744F94B} = {6D3AC815-5EAE-4547-BF40-D8EF926EFB0D}
		{4B85364D-0156-4489-B606-55894A1B1813} = {6D3AC815-5EAE-4547-BF40-D8EF926EFB0D}
		{A66C8AE0-F669-45B0-BEC4-0C7B9C0B1EF2} = {EC64F9B1-68EC-40FB-AE66-CB39A0955585}
		{C61A01E3-A561-65A1-EE22-2C3B4CAB2EFA} = {EC64F9B1-68EC-40FB-AE66-CB39A0955585}
		{39E5E68E-2A16-AC52-1AA2-9B1C32E9A022} = {EC64F9B1-68EC-40FB-AE66-CB39A0955585}
		{161A11E3-A161-61A1-EE12-2C3B1CAB2E1A} = {EC64F9B1-68EC-40FB-AE66-CB39A0955585}
		{E86C82E4-AF66-BC30-0AC4-8B3CB1E9C0F3} = {EC64F9B1-68EC-40FB-AE66-CB39A0955585}
		{C97F516C-5EFA-479A-A42A-B0AFEAF1E236} = {0835826C-4BA7-43CD-8525-A2553DE5D2C3}
		{2E053151-D333-4091-9D6D-54408A6610DD} = {0835826C-4BA7-43CD-8525-A2553DE5D2C3}
		{3E151752-D431-5192-2E7D-4742826B1CDE} = {0835826C-4BA7-43CD-8525-A2553DE5D2C3}
		{E2577A53-4812-1091-E37F-794832BA1DFE} = {0835826C-4BA7-43CD-8525-A2553DE5D2C3}
		{A227AA12-51AE-F012-A334-A2690FBC1DFA} = {0835826C-4BA7-43CD-8525-A2553DE5D2C3}
		{396A4522-9173-ABCD-23AA-91827364ABEE} = {0835826C-4BA7-43CD-8525-A2553DE5D2C3}
	EndGlobalSection
EndGlobal
