Microsoft Visual Studio Solution File, Format Version 8.00
Project("{8BC9CEB8-8B4A-11D0-8D11-00A0C91BC942}") = "RR", "RR.vcproj", "{4B85364D-0156-4489-B606-55894A1B1813}"
	ProjectSection(ProjectDependencies) = postProject
		{A93C8C21-6C34-4BB2-46B3-7C8D93ED3A4A} = {A93C8C21-6C34-4BB2-46B3-7C8D93ED3A4A}
		{D93C8C28-6C33-4BB7-96B3-0C8D93ED3A49} = {D93C8C28-6C33-4BB7-96B3-0C8D93ED3A49}
	EndProjectSection
EndProject
Project("{8BC9CEB8-8B4A-11D0-8D11-00A0C91BC942}") = "cnv2bsp", "..\..\cnv2bsp\vs\cnv2bsp.vcproj", "{A57BDEBD-5E2A-41DF-B204-357C62E18B09}"
	ProjectSection(ProjectDependencies) = postProject
		{D93A8C38-6C13-B2B7-9B43-0C8D3EAD3A49} = {D93A8C38-6C13-B2B7-9B43-0C8D3EAD3A49}
		{D9A8C338-C136-2B7B-B439-C8D3EAD3A409} = {D9A8C338-C136-2B7B-B439-C8D3EAD3A409}
	EndProjectSection
EndProject
Project("{8BC9CEB8-8B4A-11D0-8D11-00A0C91BC942}") = "RRIntersect", "..\..\RRIntersect\vs\RRIntersect.vcproj", "{D93C8C28-6C33-4BB7-96B3-0C8D93ED3A49}"
	ProjectSection(ProjectDependencies) = postProject
	EndProjectSection
EndProject
Project("{8BC9CEB8-8B4A-11D0-8D11-00A0C91BC942}") = "RREngine", "..\..\RREngine\vs\RREngine.vcproj", "{A93C8C21-6C34-4BB2-46B3-7C8D93ED3A4A}"
	ProjectSection(ProjectDependencies) = postProject
		{D93C8C28-6C33-4BB7-96B3-0C8D93ED3A49} = {D93C8C28-6C33-4BB7-96B3-0C8D93ED3A49}
	EndProjectSection
EndProject
Project("{8BC9CEB8-8B4A-11D0-8D11-00A0C91BC942}") = "Triangulate", "..\..\..\3rd\triangul\vs\Triangulate.vcproj", "{D93A8C38-6C13-B2B7-9B43-0C8D3EAD3A49}"
	ProjectSection(ProjectDependencies) = postProject
	EndProjectSection
EndProject
Project("{8BC9CEB8-8B4A-11D0-8D11-00A0C91BC942}") = "Triangle", "..\..\..\3rd\triangle\vs\Triangle.vcproj", "{D9A8C338-C136-2B7B-B439-C8D3EAD3A409}"
	ProjectSection(ProjectDependencies) = postProject
	EndProjectSection
EndProject
Global
	GlobalSection(SolutionConfiguration) = preSolution
		Debug = Debug
		Release = Release
	EndGlobalSection
	GlobalSection(ProjectConfiguration) = postSolution
		{4B85364D-0156-4489-B606-55894A1B1813}.Debug.ActiveCfg = Debug|Win32
		{4B85364D-0156-4489-B606-55894A1B1813}.Debug.Build.0 = Debug|Win32
		{4B85364D-0156-4489-B606-55894A1B1813}.Release.ActiveCfg = Release|Win32
		{4B85364D-0156-4489-B606-55894A1B1813}.Release.Build.0 = Release|Win32
		{A57BDEBD-5E2A-41DF-B204-357C62E18B09}.Debug.ActiveCfg = Debug|Win32
		{A57BDEBD-5E2A-41DF-B204-357C62E18B09}.Debug.Build.0 = Debug|Win32
		{A57BDEBD-5E2A-41DF-B204-357C62E18B09}.Release.ActiveCfg = Release|Win32
		{A57BDEBD-5E2A-41DF-B204-357C62E18B09}.Release.Build.0 = Release|Win32
		{D93C8C28-6C33-4BB7-96B3-0C8D93ED3A49}.Debug.ActiveCfg = Debug|Win32
		{D93C8C28-6C33-4BB7-96B3-0C8D93ED3A49}.Debug.Build.0 = Debug|Win32
		{D93C8C28-6C33-4BB7-96B3-0C8D93ED3A49}.Release.ActiveCfg = Release|Win32
		{D93C8C28-6C33-4BB7-96B3-0C8D93ED3A49}.Release.Build.0 = Release|Win32
		{A93C8C21-6C34-4BB2-46B3-7C8D93ED3A4A}.Debug.ActiveCfg = Debug|Win32
		{A93C8C21-6C34-4BB2-46B3-7C8D93ED3A4A}.Debug.Build.0 = Debug|Win32
		{A93C8C21-6C34-4BB2-46B3-7C8D93ED3A4A}.Release.ActiveCfg = Release|Win32
		{A93C8C21-6C34-4BB2-46B3-7C8D93ED3A4A}.Release.Build.0 = Release|Win32
		{D93A8C38-6C13-B2B7-9B43-0C8D3EAD3A49}.Debug.ActiveCfg = Debug|Win32
		{D93A8C38-6C13-B2B7-9B43-0C8D3EAD3A49}.Debug.Build.0 = Debug|Win32
		{D93A8C38-6C13-B2B7-9B43-0C8D3EAD3A49}.Release.ActiveCfg = Release|Win32
		{D93A8C38-6C13-B2B7-9B43-0C8D3EAD3A49}.Release.Build.0 = Release|Win32
		{D9A8C338-C136-2B7B-B439-C8D3EAD3A409}.Debug.ActiveCfg = Debug|Win32
		{D9A8C338-C136-2B7B-B439-C8D3EAD3A409}.Debug.Build.0 = Debug|Win32
		{D9A8C338-C136-2B7B-B439-C8D3EAD3A409}.Release.ActiveCfg = Release|Win32
		{D9A8C338-C136-2B7B-B439-C8D3EAD3A409}.Release.Build.0 = Release|Win32
	EndGlobalSection
	GlobalSection(ExtensibilityGlobals) = postSolution
	EndGlobalSection
	GlobalSection(ExtensibilityAddIns) = postSolution
	EndGlobalSection
EndGlobal
