Microsoft Visual Studio Solution File, Format Version 9.00
# Visual Studio 2005
Project("{8BC9CEB8-8B4A-11D0-8D11-00A0C91BC942}") = "RR", "RR8.vcproj", "{4B85364D-0156-4489-B606-55894A1B1813}"
	ProjectSection(ProjectDependencies) = postProject
		{24A70CDD-FF75-4686-B09E-F939F744F94B} = {24A70CDD-FF75-4686-B09E-F939F744F94B}
		{AC8C9321-346C-42BB-4B36-D93E7C8D3A4A} = {AC8C9321-346C-42BB-4B36-D93E7C8D3A4A}
		{A93C8C21-6C34-4BB2-46B3-7C8D93ED3A4A} = {A93C8C21-6C34-4BB2-46B3-7C8D93ED3A4A}
	EndProjectSection
EndProject
Project("{8BC9CEB8-8B4A-11D0-8D11-00A0C91BC942}") = "cnv2bsp", "..\..\cnv2bsp\vs\cnv2bsp8.vcproj", "{A57BDEBD-5E2A-41DF-B204-357C62E18B09}"
	ProjectSection(ProjectDependencies) = postProject
		{24A70CDD-FF75-4686-B09E-F939F744F94B} = {24A70CDD-FF75-4686-B09E-F939F744F94B}
	EndProjectSection
EndProject
Project("{8BC9CEB8-8B4A-11D0-8D11-00A0C91BC942}") = "RRCollider", "..\..\RRCollider\RRCollider8.vcproj", "{D93C8C28-6C33-4BB7-96B3-0C8D93ED3A49}"
	ProjectSection(ProjectDependencies) = postProject
		{3D9C18C8-C363-B4B7-9B63-830D1C3AEA49} = {3D9C18C8-C363-B4B7-9B63-830D1C3AEA49}
	EndProjectSection
EndProject
Project("{8BC9CEB8-8B4A-11D0-8D11-00A0C91BC942}") = "RRVision", "..\..\RRVision\RRVision8.vcproj", "{A93C8C21-6C34-4BB2-46B3-7C8D93ED3A4A}"
	ProjectSection(ProjectDependencies) = postProject
		{9AD0AFDC-4269-48F8-A8B1-F5A025FE3226} = {9AD0AFDC-4269-48F8-A8B1-F5A025FE3226}
		{D93C8C28-6C33-4BB7-96B3-0C8D93ED3A49} = {D93C8C28-6C33-4BB7-96B3-0C8D93ED3A49}
	EndProjectSection
EndProject
Project("{8BC9CEB8-8B4A-11D0-8D11-00A0C91BC942}") = "World", "..\..\World\vs\World8.vcproj", "{AC8C9321-346C-42BB-4B36-D93E7C8D3A4A}"
EndProject
Project("{8BC9CEB8-8B4A-11D0-8D11-00A0C91BC942}") = "LicGen", "..\..\LicGen\vs\LicGen8.vcproj", "{CC592789-E5B9-4302-943E-E11BA53E0C5F}"
	ProjectSection(ProjectDependencies) = postProject
		{9AD0AFDC-4269-48F8-A8B1-F5A025FE3226} = {9AD0AFDC-4269-48F8-A8B1-F5A025FE3226}
	EndProjectSection
EndProject
Project("{8BC9CEB8-8B4A-11D0-8D11-00A0C91BC942}") = "RSA", "..\..\..\3rd\RSA\RSA8.vcproj", "{9AD0AFDC-4269-48F8-A8B1-F5A025FE3226}"
EndProject
Project("{8BC9CEB8-8B4A-11D0-8D11-00A0C91BC942}") = "bench", "..\..\bench\bench8.vcproj", "{9B667646-EFF4-42C2-94DA-8F8388A03C47}"
EndProject
Project("{8BC9CEB8-8B4A-11D0-8D11-00A0C91BC942}") = "FCSS", "..\..\FCSS\FCSS8.vcproj", "{5A0A9769-EA99-4A20-BC0D-74F39FDCCA88}"
	ProjectSection(ProjectDependencies) = postProject
		{24A70CDD-FF75-4686-B09E-F939F744F94B} = {24A70CDD-FF75-4686-B09E-F939F744F94B}
		{C221978C-C364-A24B-136B-1237C8D93341} = {C221978C-C364-A24B-136B-1237C8D93341}
	EndProjectSection
EndProject
Project("{8BC9CEB8-8B4A-11D0-8D11-00A0C91BC942}") = "mgflib", "..\..\..\3rd\mgflib\vs\mgflib8.vcproj", "{24A70CDD-FF75-4686-B09E-F939F744F94B}"
EndProject
Project("{8BC9CEB8-8B4A-11D0-8D11-00A0C91BC942}") = "HelloVision", "..\..\..\samples\HelloVision\HelloVision.vcproj", "{2E053151-D333-4091-9D6D-54408A6610DD}"
	ProjectSection(ProjectDependencies) = postProject
		{A93C8C21-6C34-4BB2-46B3-7C8D93ED3A4A} = {A93C8C21-6C34-4BB2-46B3-7C8D93ED3A4A}
	EndProjectSection
EndProject
Project("{8BC9CEB8-8B4A-11D0-8D11-00A0C91BC942}") = "RRIllumCalculator", "..\..\RRIllumCalculator\RRIllumCalculator.vcproj", "{C221978C-C364-A24B-136B-1237C8D93341}"
	ProjectSection(ProjectDependencies) = postProject
		{A93C8C21-6C34-4BB2-46B3-7C8D93ED3A4A} = {A93C8C21-6C34-4BB2-46B3-7C8D93ED3A4A}
	EndProjectSection
EndProject
Project("{8BC9CEB8-8B4A-11D0-8D11-00A0C91BC942}") = "RRMesh", "..\..\RRMesh\RRMesh8.vcproj", "{3D9C18C8-C363-B4B7-9B63-830D1C3AEA49}"
EndProject
Project("{8BC9CEB8-8B4A-11D0-8D11-00A0C91BC942}") = "HelloMesh", "..\..\..\samples\HelloMesh\HelloMesh.vcproj", "{3E151752-D431-5192-2E7D-4742826B1CDE}"
	ProjectSection(ProjectDependencies) = postProject
		{3D9C18C8-C363-B4B7-9B63-830D1C3AEA49} = {3D9C18C8-C363-B4B7-9B63-830D1C3AEA49}
	EndProjectSection
EndProject
Project("{8BC9CEB8-8B4A-11D0-8D11-00A0C91BC942}") = "HelloCollider", "..\..\..\samples\HelloCollider\HelloCollider.vcproj", "{E2577A53-4812-1091-E37F-794832BA1DFE}"
	ProjectSection(ProjectDependencies) = postProject
		{D93C8C28-6C33-4BB7-96B3-0C8D93ED3A49} = {D93C8C28-6C33-4BB7-96B3-0C8D93ED3A49}
	EndProjectSection
EndProject
Project("{8BC9CEB8-8B4A-11D0-8D11-00A0C91BC942}") = "BunnyBenchmark", "..\..\..\samples\BunnyBenchmark\BunnyBenchmark.vcproj", "{C97F516C-5EFA-479A-A42A-B0AFEAF1E236}"
	ProjectSection(ProjectDependencies) = postProject
		{D93C8C28-6C33-4BB7-96B3-0C8D93ED3A49} = {D93C8C28-6C33-4BB7-96B3-0C8D93ED3A49}
	EndProjectSection
EndProject
Global
	GlobalSection(SolutionConfigurationPlatforms) = preSolution
		Debug|Win32 = Debug|Win32
		GL Debug|Win32 = GL Debug|Win32
		Release DLL|Win32 = Release DLL|Win32
		Release|Win32 = Release|Win32
	EndGlobalSection
	GlobalSection(ProjectConfigurationPlatforms) = postSolution
		{4B85364D-0156-4489-B606-55894A1B1813}.Debug|Win32.ActiveCfg = Debug|Win32
		{4B85364D-0156-4489-B606-55894A1B1813}.Debug|Win32.Build.0 = Debug|Win32
		{4B85364D-0156-4489-B606-55894A1B1813}.GL Debug|Win32.ActiveCfg = GL Debug|Win32
		{4B85364D-0156-4489-B606-55894A1B1813}.GL Debug|Win32.Build.0 = GL Debug|Win32
		{4B85364D-0156-4489-B606-55894A1B1813}.Release DLL|Win32.ActiveCfg = Release|Win32
		{4B85364D-0156-4489-B606-55894A1B1813}.Release|Win32.ActiveCfg = Release|Win32
		{4B85364D-0156-4489-B606-55894A1B1813}.Release|Win32.Build.0 = Release|Win32
		{A57BDEBD-5E2A-41DF-B204-357C62E18B09}.Debug|Win32.ActiveCfg = Debug|Win32
		{A57BDEBD-5E2A-41DF-B204-357C62E18B09}.Debug|Win32.Build.0 = Debug|Win32
		{A57BDEBD-5E2A-41DF-B204-357C62E18B09}.GL Debug|Win32.ActiveCfg = Debug|Win32
		{A57BDEBD-5E2A-41DF-B204-357C62E18B09}.GL Debug|Win32.Build.0 = Debug|Win32
		{A57BDEBD-5E2A-41DF-B204-357C62E18B09}.Release DLL|Win32.ActiveCfg = Release|Win32
		{A57BDEBD-5E2A-41DF-B204-357C62E18B09}.Release DLL|Win32.Build.0 = Release|Win32
		{A57BDEBD-5E2A-41DF-B204-357C62E18B09}.Release|Win32.ActiveCfg = Release|Win32
		{A57BDEBD-5E2A-41DF-B204-357C62E18B09}.Release|Win32.Build.0 = Release|Win32
		{D93C8C28-6C33-4BB7-96B3-0C8D93ED3A49}.Debug|Win32.ActiveCfg = Debug|Win32
		{D93C8C28-6C33-4BB7-96B3-0C8D93ED3A49}.Debug|Win32.Build.0 = Debug|Win32
		{D93C8C28-6C33-4BB7-96B3-0C8D93ED3A49}.GL Debug|Win32.ActiveCfg = Debug|Win32
		{D93C8C28-6C33-4BB7-96B3-0C8D93ED3A49}.GL Debug|Win32.Build.0 = Debug|Win32
		{D93C8C28-6C33-4BB7-96B3-0C8D93ED3A49}.Release DLL|Win32.ActiveCfg = Release DLL|Win32
		{D93C8C28-6C33-4BB7-96B3-0C8D93ED3A49}.Release DLL|Win32.Build.0 = Release DLL|Win32
		{D93C8C28-6C33-4BB7-96B3-0C8D93ED3A49}.Release|Win32.ActiveCfg = Release|Win32
		{D93C8C28-6C33-4BB7-96B3-0C8D93ED3A49}.Release|Win32.Build.0 = Release|Win32
		{A93C8C21-6C34-4BB2-46B3-7C8D93ED3A4A}.Debug|Win32.ActiveCfg = Debug|Win32
		{A93C8C21-6C34-4BB2-46B3-7C8D93ED3A4A}.Debug|Win32.Build.0 = Debug|Win32
		{A93C8C21-6C34-4BB2-46B3-7C8D93ED3A4A}.GL Debug|Win32.ActiveCfg = Debug|Win32
		{A93C8C21-6C34-4BB2-46B3-7C8D93ED3A4A}.GL Debug|Win32.Build.0 = Debug|Win32
		{A93C8C21-6C34-4BB2-46B3-7C8D93ED3A4A}.Release DLL|Win32.ActiveCfg = Release DLL|Win32
		{A93C8C21-6C34-4BB2-46B3-7C8D93ED3A4A}.Release DLL|Win32.Build.0 = Release DLL|Win32
		{A93C8C21-6C34-4BB2-46B3-7C8D93ED3A4A}.Release|Win32.ActiveCfg = Release|Win32
		{A93C8C21-6C34-4BB2-46B3-7C8D93ED3A4A}.Release|Win32.Build.0 = Release|Win32
		{AC8C9321-346C-42BB-4B36-D93E7C8D3A4A}.Debug|Win32.ActiveCfg = Debug|Win32
		{AC8C9321-346C-42BB-4B36-D93E7C8D3A4A}.Debug|Win32.Build.0 = Debug|Win32
		{AC8C9321-346C-42BB-4B36-D93E7C8D3A4A}.GL Debug|Win32.ActiveCfg = Debug|Win32
		{AC8C9321-346C-42BB-4B36-D93E7C8D3A4A}.GL Debug|Win32.Build.0 = Debug|Win32
		{AC8C9321-346C-42BB-4B36-D93E7C8D3A4A}.Release DLL|Win32.ActiveCfg = Release|Win32
		{AC8C9321-346C-42BB-4B36-D93E7C8D3A4A}.Release DLL|Win32.Build.0 = Release|Win32
		{AC8C9321-346C-42BB-4B36-D93E7C8D3A4A}.Release|Win32.ActiveCfg = Release|Win32
		{AC8C9321-346C-42BB-4B36-D93E7C8D3A4A}.Release|Win32.Build.0 = Release|Win32
		{CC592789-E5B9-4302-943E-E11BA53E0C5F}.Debug|Win32.ActiveCfg = Debug|Win32
		{CC592789-E5B9-4302-943E-E11BA53E0C5F}.Debug|Win32.Build.0 = Debug|Win32
		{CC592789-E5B9-4302-943E-E11BA53E0C5F}.GL Debug|Win32.ActiveCfg = Debug|Win32
		{CC592789-E5B9-4302-943E-E11BA53E0C5F}.GL Debug|Win32.Build.0 = Debug|Win32
		{CC592789-E5B9-4302-943E-E11BA53E0C5F}.Release DLL|Win32.ActiveCfg = Release|Win32
		{CC592789-E5B9-4302-943E-E11BA53E0C5F}.Release DLL|Win32.Build.0 = Release|Win32
		{CC592789-E5B9-4302-943E-E11BA53E0C5F}.Release|Win32.ActiveCfg = Release|Win32
		{CC592789-E5B9-4302-943E-E11BA53E0C5F}.Release|Win32.Build.0 = Release|Win32
		{9AD0AFDC-4269-48F8-A8B1-F5A025FE3226}.Debug|Win32.ActiveCfg = Debug|Win32
		{9AD0AFDC-4269-48F8-A8B1-F5A025FE3226}.Debug|Win32.Build.0 = Debug|Win32
		{9AD0AFDC-4269-48F8-A8B1-F5A025FE3226}.GL Debug|Win32.ActiveCfg = Debug|Win32
		{9AD0AFDC-4269-48F8-A8B1-F5A025FE3226}.Release DLL|Win32.ActiveCfg = Release|Win32
		{9AD0AFDC-4269-48F8-A8B1-F5A025FE3226}.Release DLL|Win32.Build.0 = Release|Win32
		{9AD0AFDC-4269-48F8-A8B1-F5A025FE3226}.Release|Win32.ActiveCfg = Release|Win32
		{9AD0AFDC-4269-48F8-A8B1-F5A025FE3226}.Release|Win32.Build.0 = Release|Win32
		{9B667646-EFF4-42C2-94DA-8F8388A03C47}.Debug|Win32.ActiveCfg = Debug|Win32
		{9B667646-EFF4-42C2-94DA-8F8388A03C47}.Debug|Win32.Build.0 = Debug|Win32
		{9B667646-EFF4-42C2-94DA-8F8388A03C47}.GL Debug|Win32.ActiveCfg = Debug|Win32
		{9B667646-EFF4-42C2-94DA-8F8388A03C47}.GL Debug|Win32.Build.0 = Debug|Win32
		{9B667646-EFF4-42C2-94DA-8F8388A03C47}.Release DLL|Win32.ActiveCfg = Release|Win32
		{9B667646-EFF4-42C2-94DA-8F8388A03C47}.Release DLL|Win32.Build.0 = Release|Win32
		{9B667646-EFF4-42C2-94DA-8F8388A03C47}.Release|Win32.ActiveCfg = Release|Win32
		{9B667646-EFF4-42C2-94DA-8F8388A03C47}.Release|Win32.Build.0 = Release|Win32
		{5A0A9769-EA99-4A20-BC0D-74F39FDCCA88}.Debug|Win32.ActiveCfg = Debug|Win32
		{5A0A9769-EA99-4A20-BC0D-74F39FDCCA88}.Debug|Win32.Build.0 = Debug|Win32
		{5A0A9769-EA99-4A20-BC0D-74F39FDCCA88}.GL Debug|Win32.ActiveCfg = Debug|Win32
		{5A0A9769-EA99-4A20-BC0D-74F39FDCCA88}.GL Debug|Win32.Build.0 = Debug|Win32
		{5A0A9769-EA99-4A20-BC0D-74F39FDCCA88}.Release DLL|Win32.ActiveCfg = Release|Win32
		{5A0A9769-EA99-4A20-BC0D-74F39FDCCA88}.Release|Win32.ActiveCfg = Release|Win32
		{5A0A9769-EA99-4A20-BC0D-74F39FDCCA88}.Release|Win32.Build.0 = Release|Win32
		{24A70CDD-FF75-4686-B09E-F939F744F94B}.Debug|Win32.ActiveCfg = Debug|Win32
		{24A70CDD-FF75-4686-B09E-F939F744F94B}.Debug|Win32.Build.0 = Debug|Win32
		{24A70CDD-FF75-4686-B09E-F939F744F94B}.GL Debug|Win32.ActiveCfg = Debug|Win32
		{24A70CDD-FF75-4686-B09E-F939F744F94B}.GL Debug|Win32.Build.0 = Debug|Win32
		{24A70CDD-FF75-4686-B09E-F939F744F94B}.Release DLL|Win32.ActiveCfg = Release|Win32
		{24A70CDD-FF75-4686-B09E-F939F744F94B}.Release DLL|Win32.Build.0 = Release|Win32
		{24A70CDD-FF75-4686-B09E-F939F744F94B}.Release|Win32.ActiveCfg = Release|Win32
		{24A70CDD-FF75-4686-B09E-F939F744F94B}.Release|Win32.Build.0 = Release|Win32
		{2E053151-D333-4091-9D6D-54408A6610DD}.Debug|Win32.ActiveCfg = Debug|Win32
		{2E053151-D333-4091-9D6D-54408A6610DD}.GL Debug|Win32.ActiveCfg = Debug|Win32
		{2E053151-D333-4091-9D6D-54408A6610DD}.Release DLL|Win32.ActiveCfg = Release|Win32
		{2E053151-D333-4091-9D6D-54408A6610DD}.Release DLL|Win32.Build.0 = Release|Win32
		{2E053151-D333-4091-9D6D-54408A6610DD}.Release|Win32.ActiveCfg = Release|Win32
		{C221978C-C364-A24B-136B-1237C8D93341}.Debug|Win32.ActiveCfg = Debug|Win32
		{C221978C-C364-A24B-136B-1237C8D93341}.Debug|Win32.Build.0 = Debug|Win32
		{C221978C-C364-A24B-136B-1237C8D93341}.GL Debug|Win32.ActiveCfg = Debug|Win32
		{C221978C-C364-A24B-136B-1237C8D93341}.GL Debug|Win32.Build.0 = Debug|Win32
		{C221978C-C364-A24B-136B-1237C8D93341}.Release DLL|Win32.ActiveCfg = Release DLL|Win32
		{C221978C-C364-A24B-136B-1237C8D93341}.Release DLL|Win32.Build.0 = Release DLL|Win32
		{C221978C-C364-A24B-136B-1237C8D93341}.Release|Win32.ActiveCfg = Release|Win32
		{C221978C-C364-A24B-136B-1237C8D93341}.Release|Win32.Build.0 = Release|Win32
		{3D9C18C8-C363-B4B7-9B63-830D1C3AEA49}.Debug|Win32.ActiveCfg = Debug|Win32
		{3D9C18C8-C363-B4B7-9B63-830D1C3AEA49}.Debug|Win32.Build.0 = Debug|Win32
		{3D9C18C8-C363-B4B7-9B63-830D1C3AEA49}.GL Debug|Win32.ActiveCfg = Debug|Win32
		{3D9C18C8-C363-B4B7-9B63-830D1C3AEA49}.GL Debug|Win32.Build.0 = Debug|Win32
		{3D9C18C8-C363-B4B7-9B63-830D1C3AEA49}.Release DLL|Win32.ActiveCfg = Release DLL|Win32
		{3D9C18C8-C363-B4B7-9B63-830D1C3AEA49}.Release DLL|Win32.Build.0 = Release DLL|Win32
		{3D9C18C8-C363-B4B7-9B63-830D1C3AEA49}.Release|Win32.ActiveCfg = Release|Win32
		{3D9C18C8-C363-B4B7-9B63-830D1C3AEA49}.Release|Win32.Build.0 = Release|Win32
		{3E151752-D431-5192-2E7D-4742826B1CDE}.Debug|Win32.ActiveCfg = Debug|Win32
		{3E151752-D431-5192-2E7D-4742826B1CDE}.Debug|Win32.Build.0 = Debug|Win32
		{3E151752-D431-5192-2E7D-4742826B1CDE}.GL Debug|Win32.ActiveCfg = Debug|Win32
		{3E151752-D431-5192-2E7D-4742826B1CDE}.GL Debug|Win32.Build.0 = Debug|Win32
		{3E151752-D431-5192-2E7D-4742826B1CDE}.Release DLL|Win32.ActiveCfg = Release|Win32
		{3E151752-D431-5192-2E7D-4742826B1CDE}.Release DLL|Win32.Build.0 = Release|Win32
		{3E151752-D431-5192-2E7D-4742826B1CDE}.Release|Win32.ActiveCfg = Release|Win32
		{3E151752-D431-5192-2E7D-4742826B1CDE}.Release|Win32.Build.0 = Release|Win32
		{E2577A53-4812-1091-E37F-794832BA1DFE}.Debug|Win32.ActiveCfg = Debug|Win32
		{E2577A53-4812-1091-E37F-794832BA1DFE}.Debug|Win32.Build.0 = Debug|Win32
		{E2577A53-4812-1091-E37F-794832BA1DFE}.GL Debug|Win32.ActiveCfg = Debug|Win32
		{E2577A53-4812-1091-E37F-794832BA1DFE}.GL Debug|Win32.Build.0 = Debug|Win32
		{E2577A53-4812-1091-E37F-794832BA1DFE}.Release DLL|Win32.ActiveCfg = Release|Win32
		{E2577A53-4812-1091-E37F-794832BA1DFE}.Release DLL|Win32.Build.0 = Release|Win32
		{E2577A53-4812-1091-E37F-794832BA1DFE}.Release|Win32.ActiveCfg = Release|Win32
		{E2577A53-4812-1091-E37F-794832BA1DFE}.Release|Win32.Build.0 = Release|Win32
		{C97F516C-5EFA-479A-A42A-B0AFEAF1E236}.Debug|Win32.ActiveCfg = Debug|Win32
		{C97F516C-5EFA-479A-A42A-B0AFEAF1E236}.Debug|Win32.Build.0 = Debug|Win32
		{C97F516C-5EFA-479A-A42A-B0AFEAF1E236}.GL Debug|Win32.ActiveCfg = Debug|Win32
		{C97F516C-5EFA-479A-A42A-B0AFEAF1E236}.GL Debug|Win32.Build.0 = Debug|Win32
		{C97F516C-5EFA-479A-A42A-B0AFEAF1E236}.Release DLL|Win32.ActiveCfg = Release DLL|Win32
		{C97F516C-5EFA-479A-A42A-B0AFEAF1E236}.Release DLL|Win32.Build.0 = Release DLL|Win32
		{C97F516C-5EFA-479A-A42A-B0AFEAF1E236}.Release|Win32.ActiveCfg = Release|Win32
		{C97F516C-5EFA-479A-A42A-B0AFEAF1E236}.Release|Win32.Build.0 = Release|Win32
	EndGlobalSection
	GlobalSection(SolutionProperties) = preSolution
		HideSolutionNode = FALSE
	EndGlobalSection
EndGlobal
